PODS:
  - CCTextFieldEffects (0.1.3)
  - Down (0.5.2)
  - FLGame (0.1.0):
    - SKSwiftLib
  - FLScene (0.1.0):
    - FLGame
    - SKSwiftLib
  - FontAwesomeKit (2.2.1):
    - FontAwesomeKit/Core (= 2.2.1)
    - FontAwesomeKit/FontAwesome (= 2.2.1)
    - FontAwesomeKit/FoundationIcons (= 2.2.1)
    - FontAwesomeKit/IonIcons (= 2.2.1)
    - FontAwesomeKit/Material (= 2.2.1)
    - FontAwesomeKit/Octicons (= 2.2.1)
    - FontAwesomeKit/Zocial (= 2.2.1)
  - FontAwesomeKit/Core (2.2.1)
  - FontAwesomeKit/FontAwesome (2.2.1):
    - FontAwesomeKit/Core
  - FontAwesomeKit/FoundationIcons (2.2.1):
    - FontAwesomeKit/Core
  - FontAwesomeKit/IonIcons (2.2.1):
    - FontAwesomeKit/Core
  - FontAwesomeKit/Material (2.2.1):
    - FontAwesomeKit/Core
  - FontAwesomeKit/Octicons (2.2.1):
    - FontAwesomeKit/Core
  - FontAwesomeKit/Zocial (2.2.1):
    - FontAwesomeKit/Core
  - SKCollectionView (0.1.0)
  - SKComponents (0.1.0)
  - SKSwiftLib (1.0.0)
  - SnapKit (4.0.0)
  - SpriteKit-Spring (1.0.1)

DEPENDENCIES:
  - CCTextFieldEffects
  - Down
  - FLGame (from `~/dev/floats/FLGame`)
  - FLScene (from `~/dev/floats/FLScene`)
  - FontAwesomeKit (from `https://github.com/PrideChung/FontAwesomeKit`)
  - SKCollectionView (from `~/dev/ios/SKLibs/SKCollectionView`)
  - SKComponents (from `~/dev/ios/SKLibs/SKComponents`)
  - SKSwiftLib (from `~/dev/ios/SKLibs/SKSwiftLib`)
  - SnapKit
  - SpriteKit-Spring (from `https://github.com/ataugeron/SpriteKit-Spring/`)

SPEC REPOS:
  https://github.com/CocoaPods/Specs.git:
    - CCTextFieldEffects
    - Down
    - SnapKit

EXTERNAL SOURCES:
  FLGame:
    :path: "~/dev/floats/FLGame"
  FLScene:
    :path: "~/dev/floats/FLScene"
  FontAwesomeKit:
    :git: https://github.com/PrideChung/FontAwesomeKit
  SKCollectionView:
    :path: "~/dev/ios/SKLibs/SKCollectionView"
  SKComponents:
    :path: "~/dev/ios/SKLibs/SKComponents"
  SKSwiftLib:
    :path: "~/dev/ios/SKLibs/SKSwiftLib"
  SpriteKit-Spring:
    :git: https://github.com/ataugeron/SpriteKit-Spring/

CHECKOUT OPTIONS:
  FontAwesomeKit:
    :commit: ed5eb02f4bcf76e218bb1c966c551a7b5240b6b4
    :git: https://github.com/PrideChung/FontAwesomeKit
  SpriteKit-Spring:
    :commit: 56b4258c96fcddbd02c5995708594214641d3fb9
    :git: https://github.com/ataugeron/SpriteKit-Spring/

SPEC CHECKSUMS:
  CCTextFieldEffects: e4203c0518bb7156b9d0e64acccc7580d75b0cd4
  Down: 587371ad58002b06023d9c602519216862c3acbc
  FLGame: 51376ec9eedef4079ae6cabec4d8f33bf8846a60
  FLScene: cc1d3a0ecc0f64de763d5807cc6e828951f9646e
  FontAwesomeKit: 3614979b3dbb0ec3f7fac1bd760b91f66c31db67
  SKCollectionView: 11a22345ddb20efa172e61a1ba352c347b3a2035
  SKComponents: 6e9b9f396c378d8cdc9a8217bb2ac027979e0fce
  SKSwiftLib: f986f6eaac1d30faccc50509ec83d7358f4567e0
  SnapKit: a42d492c16e80209130a3379f73596c3454b7694
  SpriteKit-Spring: 3586bde2cf5d41f5a6af023c4b5bb240eaa3d7b0

PODFILE CHECKSUM: a14045ebb58b85590d83406629f689adf4813777

COCOAPODS: 1.5.0
