PODS:
  - CCTextFieldEffects (0.1.3)
  - FLScene (0.1.0):
    - SKSwiftLib
  - FontAwesomeKit (2.2.1):
    - FontAwesomeKit/Core (= 2.2.1)
    - FontAwesomeKit/FontAwesome (= 2.2.1)
    - FontAwesomeKit/FoundationIcons (= 2.2.1)
    - FontAwesomeKit/IonIcons (= 2.2.1)
    - FontAwesomeKit/Material (= 2.2.1)
    - FontAwesomeKit/Octicons (= 2.2.1)
    - FontAwesomeKit/Zocial (= 2.2.1)
  - FontAwesomeKit/Core (2.2.1)
  - FontAwesomeKit/FontAwesome (2.2.1):
    - FontAwesomeKit/Core
  - FontAwesomeKit/FoundationIcons (2.2.1):
    - FontAwesomeKit/Core
  - FontAwesomeKit/IonIcons (2.2.1):
    - FontAwesomeKit/Core
  - FontAwesomeKit/Material (2.2.1):
    - FontAwesomeKit/Core
  - FontAwesomeKit/Octicons (2.2.1):
    - FontAwesomeKit/Core
  - FontAwesomeKit/Zocial (2.2.1):
    - FontAwesomeKit/Core
  - SKCollectionView (0.1.0)
  - SKComponents (0.1.0)
  - SKSwiftLib (1.0.0)
  - SnapKit (4.0.0)

DEPENDENCIES:
  - CCTextFieldEffects
  - FLScene (from `~/dev/ios/FLScene`)
  - FontAwesomeKit (from `https://github.com/PrideChung/FontAwesomeKit`)
  - SKCollectionView (from `~/dev/ios/libs/ASCollectionView`)
  - SKComponents (from `~/dev/ios/libs/SKComponents`)
  - SKSwiftLib (from `~/dev/ios/libs/SKSwiftLib`)
  - SnapKit

SPEC REPOS:
  https://github.com/cocoapods/specs.git:
    - CCTextFieldEffects
    - SnapKit

EXTERNAL SOURCES:
  FLScene:
    :path: "~/dev/ios/FLScene"
  FontAwesomeKit:
    :git: https://github.com/PrideChung/FontAwesomeKit
  SKCollectionView:
    :path: "~/dev/ios/libs/ASCollectionView"
  SKComponents:
    :path: "~/dev/ios/libs/SKComponents"
  SKSwiftLib:
    :path: "~/dev/ios/libs/SKSwiftLib"

CHECKOUT OPTIONS:
  FontAwesomeKit:
    :commit: ed5eb02f4bcf76e218bb1c966c551a7b5240b6b4
    :git: https://github.com/PrideChung/FontAwesomeKit

SPEC CHECKSUMS:
  CCTextFieldEffects: e4203c0518bb7156b9d0e64acccc7580d75b0cd4
  FLScene: 13282a3001e2fd17882340a4b4a828daa4160b8c
  FontAwesomeKit: 3614979b3dbb0ec3f7fac1bd760b91f66c31db67
  SKCollectionView: 11a22345ddb20efa172e61a1ba352c347b3a2035
  SKComponents: 6e9b9f396c378d8cdc9a8217bb2ac027979e0fce
  SKSwiftLib: f986f6eaac1d30faccc50509ec83d7358f4567e0
  SnapKit: a42d492c16e80209130a3379f73596c3454b7694

PODFILE CHECKSUM: 569f7240d5fac1fd4c8372c490ed5bcfbe539ad2

COCOAPODS: 1.5.3
