// !$*UTF8*$!
{
	archiveVersion = 1;
	classes = {
	};
	objectVersion = 50;
	objects = {

/* Begin PBXBuildFile section */
		1F761CD80DC5A63267392F21 /* Pods_FLScene.framework in Frameworks */ = {isa = PBXBuildFile; fileRef = 54BE253D306BB6B2620AD05F /* Pods_FLScene.framework */; };
		93C000E06853CF176D6CCC95 /* Pods_floatios.framework in Frameworks */ = {isa = PBXBuildFile; fileRef = 23589CF1D59E460A2BC273F1 /* Pods_floatios.framework */; };
		D7ADF30D0522FA469DC67C80 /* Pods_floatiosTests.framework in Frameworks */ = {isa = PBXBuildFile; fileRef = 0E85B4751AB4B1861E3EEC2E /* Pods_floatiosTests.framework */; };
		F1FDFBCD8763C3017A102FE0 /* Pods_FLGame.framework in Frameworks */ = {isa = PBXBuildFile; fileRef = 660D92C5278324306E0365F9 /* Pods_FLGame.framework */; };
		FA10720220E725130046C756 /* CityViewController.swift in Sources */ = {isa = PBXBuildFile; fileRef = FA10720120E725130046C756 /* CityViewController.swift */; };
		FA10720420E7256B0046C756 /* CityDetailsCell.swift in Sources */ = {isa = PBXBuildFile; fileRef = FA10720320E7256B0046C756 /* CityDetailsCell.swift */; };
		FA10720E20E75A040046C756 /* CityLandController.swift in Sources */ = {isa = PBXBuildFile; fileRef = FA10720D20E75A040046C756 /* CityLandController.swift */; };
		FA10721D20E75CBB0046C756 /* PlayerViewController.swift in Sources */ = {isa = PBXBuildFile; fileRef = FA10721A20E75CBB0046C756 /* PlayerViewController.swift */; };
		FA10721E20E75CBB0046C756 /* ActionCell.swift in Sources */ = {isa = PBXBuildFile; fileRef = FA10721B20E75CBB0046C756 /* ActionCell.swift */; };
		FA10721F20E75CBB0046C756 /* PlayerDetailsCell.swift in Sources */ = {isa = PBXBuildFile; fileRef = FA10721C20E75CBB0046C756 /* PlayerDetailsCell.swift */; };
		FA10722120E75CC30046C756 /* ForwardNavigationCell.swift in Sources */ = {isa = PBXBuildFile; fileRef = FA10722020E75CC30046C756 /* ForwardNavigationCell.swift */; };
		FA10722320E764E10046C756 /* LandSquareCell.swift in Sources */ = {isa = PBXBuildFile; fileRef = FA10722220E764E10046C756 /* LandSquareCell.swift */; };
		FA10723120E88AF70046C756 /* SectionHeaderView.swift in Sources */ = {isa = PBXBuildFile; fileRef = FA10723020E88AF70046C756 /* SectionHeaderView.swift */; };
		FA10723420E8ACBE0046C756 /* InventoryViewController.swift in Sources */ = {isa = PBXBuildFile; fileRef = FA10723320E8ACBE0046C756 /* InventoryViewController.swift */; };
		FA3691F520EDFB7E003988D4 /* TextFieldCell.swift in Sources */ = {isa = PBXBuildFile; fileRef = FA3691F420EDFB7E003988D4 /* TextFieldCell.swift */; };
		FA3691F820EDFCEF003988D4 /* CreatePlayerViewController.swift in Sources */ = {isa = PBXBuildFile; fileRef = FA3691F720EDFCEF003988D4 /* CreatePlayerViewController.swift */; };
		FA3691FA20EEC1FE003988D4 /* CTAButtonCell.swift in Sources */ = {isa = PBXBuildFile; fileRef = FA3691F920EEC1FE003988D4 /* CTAButtonCell.swift */; };
		FA36928F20F083AB003988D4 /* FloatTheme.swift in Sources */ = {isa = PBXBuildFile; fileRef = FA36928E20F083AB003988D4 /* FloatTheme.swift */; };
		FA36929220F18A4B003988D4 /* MainViewController.swift in Sources */ = {isa = PBXBuildFile; fileRef = FA36929120F18A4B003988D4 /* MainViewController.swift */; };
		FA36929520F19D5E003988D4 /* JournalViewController.swift in Sources */ = {isa = PBXBuildFile; fileRef = FA36929420F19D5E003988D4 /* JournalViewController.swift */; };
		FA36929720F19E7D003988D4 /* StoryPieceViewController.swift in Sources */ = {isa = PBXBuildFile; fileRef = FA36929620F19E7D003988D4 /* StoryPieceViewController.swift */; };
		FA36929920F19ED2003988D4 /* StoryPieceCell.swift in Sources */ = {isa = PBXBuildFile; fileRef = FA36929820F19ED2003988D4 /* StoryPieceCell.swift */; };
		FA3AACA22112F82600955109 /* Map3DViewController.swift in Sources */ = {isa = PBXBuildFile; fileRef = FA3AACA12112F82600955109 /* Map3DViewController.swift */; };
		FA4A5DF1210C367A001EE222 /* DungeonBattleNode.swift in Sources */ = {isa = PBXBuildFile; fileRef = FA4A5DF0210C367A001EE222 /* DungeonBattleNode.swift */; };
		FA4A5DF3210C3702001EE222 /* BattleUIController.swift in Sources */ = {isa = PBXBuildFile; fileRef = FA4A5DF2210C3702001EE222 /* BattleUIController.swift */; };
		FA569C6F20E589C40094807F /* AppDelegate.swift in Sources */ = {isa = PBXBuildFile; fileRef = FA569C6E20E589C40094807F /* AppDelegate.swift */; };
		FA569C7920E589C70094807F /* LaunchScreen.storyboard in Resources */ = {isa = PBXBuildFile; fileRef = FA569C7720E589C70094807F /* LaunchScreen.storyboard */; };
		FA569C8420E589C70094807F /* floatiosTests.swift in Sources */ = {isa = PBXBuildFile; fileRef = FA569C8320E589C70094807F /* floatiosTests.swift */; };
		FA73C6FA20F35152006AEF0E /* AvatarSelectionViewController.swift in Sources */ = {isa = PBXBuildFile; fileRef = FA73C6F920F35152006AEF0E /* AvatarSelectionViewController.swift */; };
		FA73C6FE20F353E4006AEF0E /* AvatarEmojiCellCollectionViewCell.swift in Sources */ = {isa = PBXBuildFile; fileRef = FA73C6FD20F353E4006AEF0E /* AvatarEmojiCellCollectionViewCell.swift */; };
		FA73C70020F4027A006AEF0E /* AvatarImageView.swift in Sources */ = {isa = PBXBuildFile; fileRef = FA73C6FF20F40279006AEF0E /* AvatarImageView.swift */; };
		FA83446A2102F66E005BCF1A /* TileImageGenerator.swift in Sources */ = {isa = PBXBuildFile; fileRef = FA8344692102F66E005BCF1A /* TileImageGenerator.swift */; };
		FA83446C2102F67F005BCF1A /* TileGenContext.swift in Sources */ = {isa = PBXBuildFile; fileRef = FA83446B2102F67F005BCF1A /* TileGenContext.swift */; };
		FA8344712103150C005BCF1A /* SKTileMapNode+Additions.swift in Sources */ = {isa = PBXBuildFile; fileRef = FA8344702103150C005BCF1A /* SKTileMapNode+Additions.swift */; };
		FA83447621034B5D005BCF1A /* DungeonHeaderView.swift in Sources */ = {isa = PBXBuildFile; fileRef = FA83447521034B5D005BCF1A /* DungeonHeaderView.swift */; };
		FA83447821042BDA005BCF1A /* DungeonScene.swift in Sources */ = {isa = PBXBuildFile; fileRef = FA83447721042BDA005BCF1A /* DungeonScene.swift */; };
		FA9A5CCB20E97BE100C36110 /* ItemCell.swift in Sources */ = {isa = PBXBuildFile; fileRef = FA9A5CCA20E97BE100C36110 /* ItemCell.swift */; };
		FAACED73211566AA0013CBD3 /* FLGame.framework in Frameworks */ = {isa = PBXBuildFile; fileRef = FAACED6A211566AA0013CBD3 /* FLGame.framework */; };
		FAACED7A211566AA0013CBD3 /* FLGameTests.swift in Sources */ = {isa = PBXBuildFile; fileRef = FAACED79211566AA0013CBD3 /* FLGameTests.swift */; };
		FAACED7C211566AA0013CBD3 /* FLGame.h in Headers */ = {isa = PBXBuildFile; fileRef = FAACED6C211566AA0013CBD3 /* FLGame.h */; settings = {ATTRIBUTES = (Public, ); }; };
		FAACED7F211566AA0013CBD3 /* FLGame.framework in Frameworks */ = {isa = PBXBuildFile; fileRef = FAACED6A211566AA0013CBD3 /* FLGame.framework */; };
		FAACED80211566AA0013CBD3 /* FLGame.framework in Embed Frameworks */ = {isa = PBXBuildFile; fileRef = FAACED6A211566AA0013CBD3 /* FLGame.framework */; settings = {ATTRIBUTES = (CodeSignOnCopy, RemoveHeadersOnCopy, ); }; };
		FAACED8B211566E30013CBD3 /* HexGridMath.swift in Sources */ = {isa = PBXBuildFile; fileRef = FAACED89211566E30013CBD3 /* HexGridMath.swift */; };
		FAACED8C211566E30013CBD3 /* NameGenerator.swift in Sources */ = {isa = PBXBuildFile; fileRef = FAACED8A211566E30013CBD3 /* NameGenerator.swift */; };
		FAACEDB6211567330013CBD3 /* BattleController.swift in Sources */ = {isa = PBXBuildFile; fileRef = FAACED90211567330013CBD3 /* BattleController.swift */; };
		FAACEDB7211567330013CBD3 /* NPCController.swift in Sources */ = {isa = PBXBuildFile; fileRef = FAACED91211567330013CBD3 /* NPCController.swift */; };
		FAACEDB8211567330013CBD3 /* PlayerCharacterController.swift in Sources */ = {isa = PBXBuildFile; fileRef = FAACED92211567330013CBD3 /* PlayerCharacterController.swift */; };
		FAACEDB9211567330013CBD3 /* GameController.swift in Sources */ = {isa = PBXBuildFile; fileRef = FAACED93211567330013CBD3 /* GameController.swift */; };
		FAACEDBA211567330013CBD3 /* DungeonLogicController.swift in Sources */ = {isa = PBXBuildFile; fileRef = FAACED95211567330013CBD3 /* DungeonLogicController.swift */; };
		FAACEDBB211567330013CBD3 /* GKHexMapNode.swift in Sources */ = {isa = PBXBuildFile; fileRef = FAACED96211567330013CBD3 /* GKHexMapNode.swift */; };
		FAACEDBC211567330013CBD3 /* GridEntity.swift in Sources */ = {isa = PBXBuildFile; fileRef = FAACED97211567330013CBD3 /* GridEntity.swift */; };
		FAACEDBD211567330013CBD3 /* DungeonModel.swift in Sources */ = {isa = PBXBuildFile; fileRef = FAACED98211567330013CBD3 /* DungeonModel.swift */; };
		FAACEDBE211567330013CBD3 /* MajorStateController.swift in Sources */ = {isa = PBXBuildFile; fileRef = FAACED99211567330013CBD3 /* MajorStateController.swift */; };
		FAACEDBF211567330013CBD3 /* CityController.swift in Sources */ = {isa = PBXBuildFile; fileRef = FAACED9A211567330013CBD3 /* CityController.swift */; };
		FAACEDC0211567330013CBD3 /* ActionController.swift in Sources */ = {isa = PBXBuildFile; fileRef = FAACED9B211567330013CBD3 /* ActionController.swift */; };
		FAACEDC1211567330013CBD3 /* ReferenceController.swift in Sources */ = {isa = PBXBuildFile; fileRef = FAACED9D211567330013CBD3 /* ReferenceController.swift */; };
		FAACEDC2211567330013CBD3 /* MaxValueField.swift in Sources */ = {isa = PBXBuildFile; fileRef = FAACED9F211567330013CBD3 /* MaxValueField.swift */; };
		FAACEDC3211567330013CBD3 /* LandPlotModel.swift in Sources */ = {isa = PBXBuildFile; fileRef = FAACEDA0211567330013CBD3 /* LandPlotModel.swift */; };
		FAACEDC4211567330013CBD3 /* CityModel.swift in Sources */ = {isa = PBXBuildFile; fileRef = FAACEDA1211567330013CBD3 /* CityModel.swift */; };
		FAACEDC5211567330013CBD3 /* SearchResultModel.swift in Sources */ = {isa = PBXBuildFile; fileRef = FAACEDA2211567330013CBD3 /* SearchResultModel.swift */; };
		FAACEDC6211567330013CBD3 /* ActionResultModel.swift in Sources */ = {isa = PBXBuildFile; fileRef = FAACEDA3211567330013CBD3 /* ActionResultModel.swift */; };
		FAACEDC7211567330013CBD3 /* InventoryModel.swift in Sources */ = {isa = PBXBuildFile; fileRef = FAACEDA5211567330013CBD3 /* InventoryModel.swift */; };
		FAACEDC8211567330013CBD3 /* ItemModel.swift in Sources */ = {isa = PBXBuildFile; fileRef = FAACEDA6211567330013CBD3 /* ItemModel.swift */; };
		FAACEDC9211567330013CBD3 /* SkillModel.swift in Sources */ = {isa = PBXBuildFile; fileRef = FAACEDA8211567330013CBD3 /* SkillModel.swift */; };
		FAACEDCA211567330013CBD3 /* NonPlayerCharacterModel.swift in Sources */ = {isa = PBXBuildFile; fileRef = FAACEDA9211567330013CBD3 /* NonPlayerCharacterModel.swift */; };
		FAACEDCB211567330013CBD3 /* CharacterModel.swift in Sources */ = {isa = PBXBuildFile; fileRef = FAACEDAA211567330013CBD3 /* CharacterModel.swift */; };
		FAACEDCC211567330013CBD3 /* JournalEntry.swift in Sources */ = {isa = PBXBuildFile; fileRef = FAACEDAB211567330013CBD3 /* JournalEntry.swift */; };
		FAACEDCD211567330013CBD3 /* PlayerCharacterModel.swift in Sources */ = {isa = PBXBuildFile; fileRef = FAACEDAC211567330013CBD3 /* PlayerCharacterModel.swift */; };
		FAACEDCE211567330013CBD3 /* LoreModel.swift in Sources */ = {isa = PBXBuildFile; fileRef = FAACEDAD211567330013CBD3 /* LoreModel.swift */; };
		FAACEDCF211567330013CBD3 /* SkillReferenceModel.swift in Sources */ = {isa = PBXBuildFile; fileRef = FAACEDAF211567330013CBD3 /* SkillReferenceModel.swift */; };
		FAACEDD0211567330013CBD3 /* ActionReferenceModel.swift in Sources */ = {isa = PBXBuildFile; fileRef = FAACEDB0211567330013CBD3 /* ActionReferenceModel.swift */; };
		FAACEDD1211567330013CBD3 /* TerrainReferenceModel.swift in Sources */ = {isa = PBXBuildFile; fileRef = FAACEDB1211567330013CBD3 /* TerrainReferenceModel.swift */; };
		FAACEDD2211567330013CBD3 /* StoryReferenceModel.swift in Sources */ = {isa = PBXBuildFile; fileRef = FAACEDB2211567330013CBD3 /* StoryReferenceModel.swift */; };
		FAACEDD3211567330013CBD3 /* MonsterReferenceModel.swift in Sources */ = {isa = PBXBuildFile; fileRef = FAACEDB3211567330013CBD3 /* MonsterReferenceModel.swift */; };
		FAACEDD4211567330013CBD3 /* ItemReferenceModel.swift in Sources */ = {isa = PBXBuildFile; fileRef = FAACEDB4211567330013CBD3 /* ItemReferenceModel.swift */; };
		FAACEDD5211567330013CBD3 /* DungeonTileReferenceModel.swift in Sources */ = {isa = PBXBuildFile; fileRef = FAACEDB5211567330013CBD3 /* DungeonTileReferenceModel.swift */; };
		FAACEDD7211568170013CBD3 /* DungeonCharacterEntity.swift in Sources */ = {isa = PBXBuildFile; fileRef = FAACEDD6211568170013CBD3 /* DungeonCharacterEntity.swift */; };
		FAACEDD92115688D0013CBD3 /* MonsterEntity.swift in Sources */ = {isa = PBXBuildFile; fileRef = FAACEDD82115688D0013CBD3 /* MonsterEntity.swift */; };
		FAACEDE321157D080013CBD3 /* FLScene.h in Headers */ = {isa = PBXBuildFile; fileRef = FAACEDE121157D080013CBD3 /* FLScene.h */; settings = {ATTRIBUTES = (Public, ); }; };
		FAACEDE621157D080013CBD3 /* FLScene.framework in Frameworks */ = {isa = PBXBuildFile; fileRef = FAACEDDF21157D080013CBD3 /* FLScene.framework */; };
		FAACEDE721157D080013CBD3 /* FLScene.framework in Embed Frameworks */ = {isa = PBXBuildFile; fileRef = FAACEDDF21157D080013CBD3 /* FLScene.framework */; settings = {ATTRIBUTES = (CodeSignOnCopy, RemoveHeadersOnCopy, ); }; };
		FAACEE01211582FB0013CBD3 /* Map3DScene.swift in Sources */ = {isa = PBXBuildFile; fileRef = FAACEDFB211582FB0013CBD3 /* Map3DScene.swift */; };
		FAACEE02211582FB0013CBD3 /* HexGeometry.swift in Sources */ = {isa = PBXBuildFile; fileRef = FAACEDFC211582FB0013CBD3 /* HexGeometry.swift */; };
		FAACEE03211582FB0013CBD3 /* GeometryStore.swift in Sources */ = {isa = PBXBuildFile; fileRef = FAACEDFD211582FB0013CBD3 /* GeometryStore.swift */; };
		FAACEE04211582FB0013CBD3 /* Hex3DMath.swift in Sources */ = {isa = PBXBuildFile; fileRef = FAACEDFE211582FB0013CBD3 /* Hex3DMath.swift */; };
		FAACEE05211582FB0013CBD3 /* Hex3DMapNode.swift in Sources */ = {isa = PBXBuildFile; fileRef = FAACEDFF211582FB0013CBD3 /* Hex3DMapNode.swift */; };
		FAACEE06211582FB0013CBD3 /* HexTextureGenerator.swift in Sources */ = {isa = PBXBuildFile; fileRef = FAACEE00211582FB0013CBD3 /* HexTextureGenerator.swift */; };
		FAACEE0B211588450013CBD3 /* DungeonGenerator.swift in Sources */ = {isa = PBXBuildFile; fileRef = FAACEE0A211588450013CBD3 /* DungeonGenerator.swift */; };
		FAB4BD5120FF3D0C0081B5A6 /* Tiles.sks in Resources */ = {isa = PBXBuildFile; fileRef = FAB4BD4F20FF3D0C0081B5A6 /* Tiles.sks */; };
		FAB4BD5720FF4CB80081B5A6 /* DungeonViewController.swift in Sources */ = {isa = PBXBuildFile; fileRef = FAB4BD5620FF4CB80081B5A6 /* DungeonViewController.swift */; };
		FAB4BD5920FFE5BA0081B5A6 /* Assets.xcassets in Resources */ = {isa = PBXBuildFile; fileRef = FAB4BD5820FFE5BA0081B5A6 /* Assets.xcassets */; };
		FAB4BDF1210139360081B5A6 /* TilesGenerator.swift in Sources */ = {isa = PBXBuildFile; fileRef = FAB4BDF0210139360081B5A6 /* TilesGenerator.swift */; };
		FAB7B7F520EA0956002B2C0B /* PlayerStatsViewController.swift in Sources */ = {isa = PBXBuildFile; fileRef = FAB7B7F420EA0956002B2C0B /* PlayerStatsViewController.swift */; };
		FAB7B7F720EA09C4002B2C0B /* StatProgressCell.swift in Sources */ = {isa = PBXBuildFile; fileRef = FAB7B7F620EA09C4002B2C0B /* StatProgressCell.swift */; };
		FAD07A3D20FAD21F007C20D1 /* NPCViewController.swift in Sources */ = {isa = PBXBuildFile; fileRef = FAD07A3C20FAD21F007C20D1 /* NPCViewController.swift */; };
		FAD8518820F4985C00227AF2 /* SelectAvatarCell.swift in Sources */ = {isa = PBXBuildFile; fileRef = FAD8518720F4985C00227AF2 /* SelectAvatarCell.swift */; };
		FAE62910210859F00031FE10 /* monsters.json in Resources */ = {isa = PBXBuildFile; fileRef = FAE6290F210859F00031FE10 /* monsters.json */; };
		FAE62919210887D50031FE10 /* SpriteComponent.swift in Sources */ = {isa = PBXBuildFile; fileRef = FAE62918210887D50031FE10 /* SpriteComponent.swift */; };
		FAE6291B210889220031FE10 /* ASSpriteNode.swift in Sources */ = {isa = PBXBuildFile; fileRef = FAE6291A210889220031FE10 /* ASSpriteNode.swift */; };
		FAF5263A20FC7B550062BC7C /* ProgressBar.swift in Sources */ = {isa = PBXBuildFile; fileRef = FAF5263920FC7B550062BC7C /* ProgressBar.swift */; };
		FAF78EA020F73A59005F7E88 /* SkillListViewController.swift in Sources */ = {isa = PBXBuildFile; fileRef = FAF78E9F20F73A59005F7E88 /* SkillListViewController.swift */; };
		FAF78EA220F73A97005F7E88 /* SkillProgressCell.swift in Sources */ = {isa = PBXBuildFile; fileRef = FAF78EA120F73A97005F7E88 /* SkillProgressCell.swift */; };
		FAF986AF2105CFAB009C8F92 /* TypeConversions.swift in Sources */ = {isa = PBXBuildFile; fileRef = FAF986AE2105CFAB009C8F92 /* TypeConversions.swift */; };
/* End PBXBuildFile section */

/* Begin PBXContainerItemProxy section */
		FA569C8020E589C70094807F /* PBXContainerItemProxy */ = {
			isa = PBXContainerItemProxy;
			containerPortal = FA569C6320E589C40094807F /* Project object */;
			proxyType = 1;
			remoteGlobalIDString = FA569C6A20E589C40094807F;
			remoteInfo = floatios;
		};
		FAACED74211566AA0013CBD3 /* PBXContainerItemProxy */ = {
			isa = PBXContainerItemProxy;
			containerPortal = FA569C6320E589C40094807F /* Project object */;
			proxyType = 1;
			remoteGlobalIDString = FAACED69211566AA0013CBD3;
			remoteInfo = FLGame;
		};
		FAACED76211566AA0013CBD3 /* PBXContainerItemProxy */ = {
			isa = PBXContainerItemProxy;
			containerPortal = FA569C6320E589C40094807F /* Project object */;
			proxyType = 1;
			remoteGlobalIDString = FA569C6A20E589C40094807F;
			remoteInfo = floatios;
		};
		FAACED7D211566AA0013CBD3 /* PBXContainerItemProxy */ = {
			isa = PBXContainerItemProxy;
			containerPortal = FA569C6320E589C40094807F /* Project object */;
			proxyType = 1;
			remoteGlobalIDString = FAACED69211566AA0013CBD3;
			remoteInfo = FLGame;
		};
		FAACEDE421157D080013CBD3 /* PBXContainerItemProxy */ = {
			isa = PBXContainerItemProxy;
			containerPortal = FA569C6320E589C40094807F /* Project object */;
			proxyType = 1;
			remoteGlobalIDString = FAACEDDE21157D080013CBD3;
			remoteInfo = FLScene;
		};
/* End PBXContainerItemProxy section */

/* Begin PBXCopyFilesBuildPhase section */
		FAACED86211566AA0013CBD3 /* Embed Frameworks */ = {
			isa = PBXCopyFilesBuildPhase;
			buildActionMask = 2147483647;
			dstPath = "";
			dstSubfolderSpec = 10;
			files = (
				FAACED80211566AA0013CBD3 /* FLGame.framework in Embed Frameworks */,
				FAACEDE721157D080013CBD3 /* FLScene.framework in Embed Frameworks */,
			);
			name = "Embed Frameworks";
			runOnlyForDeploymentPostprocessing = 0;
		};
/* End PBXCopyFilesBuildPhase section */

/* Begin PBXFileReference section */
		0E85B4751AB4B1861E3EEC2E /* Pods_floatiosTests.framework */ = {isa = PBXFileReference; explicitFileType = wrapper.framework; includeInIndex = 0; path = Pods_floatiosTests.framework; sourceTree = BUILT_PRODUCTS_DIR; };
		1ED52F9FC4641FB6B680F73B /* Pods-floatios.release.xcconfig */ = {isa = PBXFileReference; includeInIndex = 1; lastKnownFileType = text.xcconfig; name = "Pods-floatios.release.xcconfig"; path = "Pods/Target Support Files/Pods-floatios/Pods-floatios.release.xcconfig"; sourceTree = "<group>"; };
		23589CF1D59E460A2BC273F1 /* Pods_floatios.framework */ = {isa = PBXFileReference; explicitFileType = wrapper.framework; includeInIndex = 0; path = Pods_floatios.framework; sourceTree = BUILT_PRODUCTS_DIR; };
		54BE253D306BB6B2620AD05F /* Pods_FLScene.framework */ = {isa = PBXFileReference; explicitFileType = wrapper.framework; includeInIndex = 0; path = Pods_FLScene.framework; sourceTree = BUILT_PRODUCTS_DIR; };
		660D92C5278324306E0365F9 /* Pods_FLGame.framework */ = {isa = PBXFileReference; explicitFileType = wrapper.framework; includeInIndex = 0; path = Pods_FLGame.framework; sourceTree = BUILT_PRODUCTS_DIR; };
		899EF92E83B1036F6764BD63 /* Pods-FLGame.release.xcconfig */ = {isa = PBXFileReference; includeInIndex = 1; lastKnownFileType = text.xcconfig; name = "Pods-FLGame.release.xcconfig"; path = "Pods/Target Support Files/Pods-FLGame/Pods-FLGame.release.xcconfig"; sourceTree = "<group>"; };
		8C837A241FAA34ADC1F030C8 /* Pods-floatiosTests.debug.xcconfig */ = {isa = PBXFileReference; includeInIndex = 1; lastKnownFileType = text.xcconfig; name = "Pods-floatiosTests.debug.xcconfig"; path = "Pods/Target Support Files/Pods-floatiosTests/Pods-floatiosTests.debug.xcconfig"; sourceTree = "<group>"; };
		A1975759B5BB5D8739295E8E /* Pods-FLScene.debug.xcconfig */ = {isa = PBXFileReference; includeInIndex = 1; lastKnownFileType = text.xcconfig; name = "Pods-FLScene.debug.xcconfig"; path = "Pods/Target Support Files/Pods-FLScene/Pods-FLScene.debug.xcconfig"; sourceTree = "<group>"; };
		A784F48876FFCE1D59AFE78C /* Pods-floatiosTests.release.xcconfig */ = {isa = PBXFileReference; includeInIndex = 1; lastKnownFileType = text.xcconfig; name = "Pods-floatiosTests.release.xcconfig"; path = "Pods/Target Support Files/Pods-floatiosTests/Pods-floatiosTests.release.xcconfig"; sourceTree = "<group>"; };
		A8C261F0D0E00D7A1479A134 /* Pods-floatios.debug.xcconfig */ = {isa = PBXFileReference; includeInIndex = 1; lastKnownFileType = text.xcconfig; name = "Pods-floatios.debug.xcconfig"; path = "Pods/Target Support Files/Pods-floatios/Pods-floatios.debug.xcconfig"; sourceTree = "<group>"; };
		C9E851A4171D10F8A333A909 /* Pods-FLGame.debug.xcconfig */ = {isa = PBXFileReference; includeInIndex = 1; lastKnownFileType = text.xcconfig; name = "Pods-FLGame.debug.xcconfig"; path = "Pods/Target Support Files/Pods-FLGame/Pods-FLGame.debug.xcconfig"; sourceTree = "<group>"; };
		D16F66FC0DBF2AB1FC13638F /* Pods-FLScene.release.xcconfig */ = {isa = PBXFileReference; includeInIndex = 1; lastKnownFileType = text.xcconfig; name = "Pods-FLScene.release.xcconfig"; path = "Pods/Target Support Files/Pods-FLScene/Pods-FLScene.release.xcconfig"; sourceTree = "<group>"; };
		FA10720120E725130046C756 /* CityViewController.swift */ = {isa = PBXFileReference; lastKnownFileType = sourcecode.swift; path = CityViewController.swift; sourceTree = "<group>"; };
		FA10720320E7256B0046C756 /* CityDetailsCell.swift */ = {isa = PBXFileReference; lastKnownFileType = sourcecode.swift; path = CityDetailsCell.swift; sourceTree = "<group>"; };
		FA10720D20E75A040046C756 /* CityLandController.swift */ = {isa = PBXFileReference; lastKnownFileType = sourcecode.swift; path = CityLandController.swift; sourceTree = "<group>"; };
		FA10721A20E75CBB0046C756 /* PlayerViewController.swift */ = {isa = PBXFileReference; fileEncoding = 4; lastKnownFileType = sourcecode.swift; path = PlayerViewController.swift; sourceTree = "<group>"; };
		FA10721B20E75CBB0046C756 /* ActionCell.swift */ = {isa = PBXFileReference; fileEncoding = 4; lastKnownFileType = sourcecode.swift; path = ActionCell.swift; sourceTree = "<group>"; };
		FA10721C20E75CBB0046C756 /* PlayerDetailsCell.swift */ = {isa = PBXFileReference; fileEncoding = 4; lastKnownFileType = sourcecode.swift; path = PlayerDetailsCell.swift; sourceTree = "<group>"; };
		FA10722020E75CC30046C756 /* ForwardNavigationCell.swift */ = {isa = PBXFileReference; fileEncoding = 4; lastKnownFileType = sourcecode.swift; path = ForwardNavigationCell.swift; sourceTree = "<group>"; };
		FA10722220E764E10046C756 /* LandSquareCell.swift */ = {isa = PBXFileReference; lastKnownFileType = sourcecode.swift; path = LandSquareCell.swift; sourceTree = "<group>"; };
		FA10723020E88AF70046C756 /* SectionHeaderView.swift */ = {isa = PBXFileReference; lastKnownFileType = sourcecode.swift; path = SectionHeaderView.swift; sourceTree = "<group>"; };
		FA10723320E8ACBE0046C756 /* InventoryViewController.swift */ = {isa = PBXFileReference; lastKnownFileType = sourcecode.swift; path = InventoryViewController.swift; sourceTree = "<group>"; };
		FA3691F420EDFB7E003988D4 /* TextFieldCell.swift */ = {isa = PBXFileReference; lastKnownFileType = sourcecode.swift; path = TextFieldCell.swift; sourceTree = "<group>"; };
		FA3691F720EDFCEF003988D4 /* CreatePlayerViewController.swift */ = {isa = PBXFileReference; lastKnownFileType = sourcecode.swift; path = CreatePlayerViewController.swift; sourceTree = "<group>"; };
		FA3691F920EEC1FE003988D4 /* CTAButtonCell.swift */ = {isa = PBXFileReference; lastKnownFileType = sourcecode.swift; path = CTAButtonCell.swift; sourceTree = "<group>"; };
		FA36928E20F083AB003988D4 /* FloatTheme.swift */ = {isa = PBXFileReference; lastKnownFileType = sourcecode.swift; path = FloatTheme.swift; sourceTree = "<group>"; };
		FA36929120F18A4B003988D4 /* MainViewController.swift */ = {isa = PBXFileReference; lastKnownFileType = sourcecode.swift; path = MainViewController.swift; sourceTree = "<group>"; };
		FA36929420F19D5E003988D4 /* JournalViewController.swift */ = {isa = PBXFileReference; lastKnownFileType = sourcecode.swift; path = JournalViewController.swift; sourceTree = "<group>"; };
		FA36929620F19E7D003988D4 /* StoryPieceViewController.swift */ = {isa = PBXFileReference; lastKnownFileType = sourcecode.swift; path = StoryPieceViewController.swift; sourceTree = "<group>"; };
		FA36929820F19ED2003988D4 /* StoryPieceCell.swift */ = {isa = PBXFileReference; lastKnownFileType = sourcecode.swift; path = StoryPieceCell.swift; sourceTree = "<group>"; };
		FA3AACA12112F82600955109 /* Map3DViewController.swift */ = {isa = PBXFileReference; fileEncoding = 4; lastKnownFileType = sourcecode.swift; path = Map3DViewController.swift; sourceTree = "<group>"; };
		FA4A5DF0210C367A001EE222 /* DungeonBattleNode.swift */ = {isa = PBXFileReference; fileEncoding = 4; lastKnownFileType = sourcecode.swift; path = DungeonBattleNode.swift; sourceTree = "<group>"; };
		FA4A5DF2210C3702001EE222 /* BattleUIController.swift */ = {isa = PBXFileReference; lastKnownFileType = sourcecode.swift; path = BattleUIController.swift; sourceTree = "<group>"; };
		FA569C6B20E589C40094807F /* floatios.app */ = {isa = PBXFileReference; explicitFileType = wrapper.application; includeInIndex = 0; path = floatios.app; sourceTree = BUILT_PRODUCTS_DIR; };
		FA569C6E20E589C40094807F /* AppDelegate.swift */ = {isa = PBXFileReference; lastKnownFileType = sourcecode.swift; path = AppDelegate.swift; sourceTree = "<group>"; };
		FA569C7820E589C70094807F /* Base */ = {isa = PBXFileReference; lastKnownFileType = file.storyboard; name = Base; path = Base.lproj/LaunchScreen.storyboard; sourceTree = "<group>"; };
		FA569C7A20E589C70094807F /* Info.plist */ = {isa = PBXFileReference; lastKnownFileType = text.plist.xml; path = Info.plist; sourceTree = "<group>"; };
		FA569C7F20E589C70094807F /* floatiosTests.xctest */ = {isa = PBXFileReference; explicitFileType = wrapper.cfbundle; includeInIndex = 0; path = floatiosTests.xctest; sourceTree = BUILT_PRODUCTS_DIR; };
		FA569C8320E589C70094807F /* floatiosTests.swift */ = {isa = PBXFileReference; lastKnownFileType = sourcecode.swift; path = floatiosTests.swift; sourceTree = "<group>"; };
		FA569C8520E589C70094807F /* Info.plist */ = {isa = PBXFileReference; lastKnownFileType = text.plist.xml; path = Info.plist; sourceTree = "<group>"; };
		FA73C6F920F35152006AEF0E /* AvatarSelectionViewController.swift */ = {isa = PBXFileReference; lastKnownFileType = sourcecode.swift; path = AvatarSelectionViewController.swift; sourceTree = "<group>"; };
		FA73C6FD20F353E4006AEF0E /* AvatarEmojiCellCollectionViewCell.swift */ = {isa = PBXFileReference; lastKnownFileType = sourcecode.swift; path = AvatarEmojiCellCollectionViewCell.swift; sourceTree = "<group>"; };
		FA73C6FF20F40279006AEF0E /* AvatarImageView.swift */ = {isa = PBXFileReference; lastKnownFileType = sourcecode.swift; path = AvatarImageView.swift; sourceTree = "<group>"; };
		FA8344692102F66E005BCF1A /* TileImageGenerator.swift */ = {isa = PBXFileReference; lastKnownFileType = sourcecode.swift; path = TileImageGenerator.swift; sourceTree = "<group>"; };
		FA83446B2102F67F005BCF1A /* TileGenContext.swift */ = {isa = PBXFileReference; lastKnownFileType = sourcecode.swift; path = TileGenContext.swift; sourceTree = "<group>"; };
		FA8344702103150C005BCF1A /* SKTileMapNode+Additions.swift */ = {isa = PBXFileReference; lastKnownFileType = sourcecode.swift; path = "SKTileMapNode+Additions.swift"; sourceTree = "<group>"; };
		FA83447521034B5D005BCF1A /* DungeonHeaderView.swift */ = {isa = PBXFileReference; lastKnownFileType = sourcecode.swift; path = DungeonHeaderView.swift; sourceTree = "<group>"; };
		FA83447721042BDA005BCF1A /* DungeonScene.swift */ = {isa = PBXFileReference; lastKnownFileType = sourcecode.swift; path = DungeonScene.swift; sourceTree = "<group>"; };
		FA9A5CCA20E97BE100C36110 /* ItemCell.swift */ = {isa = PBXFileReference; lastKnownFileType = sourcecode.swift; path = ItemCell.swift; sourceTree = "<group>"; };
		FAACED6A211566AA0013CBD3 /* FLGame.framework */ = {isa = PBXFileReference; explicitFileType = wrapper.framework; includeInIndex = 0; path = FLGame.framework; sourceTree = BUILT_PRODUCTS_DIR; };
		FAACED6C211566AA0013CBD3 /* FLGame.h */ = {isa = PBXFileReference; lastKnownFileType = sourcecode.c.h; path = FLGame.h; sourceTree = "<group>"; };
		FAACED6D211566AA0013CBD3 /* Info.plist */ = {isa = PBXFileReference; lastKnownFileType = text.plist.xml; path = Info.plist; sourceTree = "<group>"; };
		FAACED72211566AA0013CBD3 /* FLGameTests.xctest */ = {isa = PBXFileReference; explicitFileType = wrapper.cfbundle; includeInIndex = 0; path = FLGameTests.xctest; sourceTree = BUILT_PRODUCTS_DIR; };
		FAACED79211566AA0013CBD3 /* FLGameTests.swift */ = {isa = PBXFileReference; lastKnownFileType = sourcecode.swift; path = FLGameTests.swift; sourceTree = "<group>"; };
		FAACED7B211566AA0013CBD3 /* Info.plist */ = {isa = PBXFileReference; lastKnownFileType = text.plist.xml; path = Info.plist; sourceTree = "<group>"; };
		FAACED89211566E30013CBD3 /* HexGridMath.swift */ = {isa = PBXFileReference; fileEncoding = 4; lastKnownFileType = sourcecode.swift; path = HexGridMath.swift; sourceTree = "<group>"; };
		FAACED8A211566E30013CBD3 /* NameGenerator.swift */ = {isa = PBXFileReference; fileEncoding = 4; lastKnownFileType = sourcecode.swift; path = NameGenerator.swift; sourceTree = "<group>"; };
		FAACED90211567330013CBD3 /* BattleController.swift */ = {isa = PBXFileReference; fileEncoding = 4; lastKnownFileType = sourcecode.swift; path = BattleController.swift; sourceTree = "<group>"; };
		FAACED91211567330013CBD3 /* NPCController.swift */ = {isa = PBXFileReference; fileEncoding = 4; lastKnownFileType = sourcecode.swift; path = NPCController.swift; sourceTree = "<group>"; };
		FAACED92211567330013CBD3 /* PlayerCharacterController.swift */ = {isa = PBXFileReference; fileEncoding = 4; lastKnownFileType = sourcecode.swift; path = PlayerCharacterController.swift; sourceTree = "<group>"; };
		FAACED93211567330013CBD3 /* GameController.swift */ = {isa = PBXFileReference; fileEncoding = 4; lastKnownFileType = sourcecode.swift; path = GameController.swift; sourceTree = "<group>"; };
		FAACED95211567330013CBD3 /* DungeonLogicController.swift */ = {isa = PBXFileReference; fileEncoding = 4; lastKnownFileType = sourcecode.swift; path = DungeonLogicController.swift; sourceTree = "<group>"; };
		FAACED96211567330013CBD3 /* GKHexMapNode.swift */ = {isa = PBXFileReference; fileEncoding = 4; lastKnownFileType = sourcecode.swift; path = GKHexMapNode.swift; sourceTree = "<group>"; };
		FAACED97211567330013CBD3 /* GridEntity.swift */ = {isa = PBXFileReference; fileEncoding = 4; lastKnownFileType = sourcecode.swift; path = GridEntity.swift; sourceTree = "<group>"; };
		FAACED98211567330013CBD3 /* DungeonModel.swift */ = {isa = PBXFileReference; fileEncoding = 4; lastKnownFileType = sourcecode.swift; path = DungeonModel.swift; sourceTree = "<group>"; };
		FAACED99211567330013CBD3 /* MajorStateController.swift */ = {isa = PBXFileReference; fileEncoding = 4; lastKnownFileType = sourcecode.swift; path = MajorStateController.swift; sourceTree = "<group>"; };
		FAACED9A211567330013CBD3 /* CityController.swift */ = {isa = PBXFileReference; fileEncoding = 4; lastKnownFileType = sourcecode.swift; path = CityController.swift; sourceTree = "<group>"; };
		FAACED9B211567330013CBD3 /* ActionController.swift */ = {isa = PBXFileReference; fileEncoding = 4; lastKnownFileType = sourcecode.swift; path = ActionController.swift; sourceTree = "<group>"; };
		FAACED9D211567330013CBD3 /* ReferenceController.swift */ = {isa = PBXFileReference; fileEncoding = 4; lastKnownFileType = sourcecode.swift; path = ReferenceController.swift; sourceTree = "<group>"; };
		FAACED9F211567330013CBD3 /* MaxValueField.swift */ = {isa = PBXFileReference; fileEncoding = 4; lastKnownFileType = sourcecode.swift; path = MaxValueField.swift; sourceTree = "<group>"; };
		FAACEDA0211567330013CBD3 /* LandPlotModel.swift */ = {isa = PBXFileReference; fileEncoding = 4; lastKnownFileType = sourcecode.swift; path = LandPlotModel.swift; sourceTree = "<group>"; };
		FAACEDA1211567330013CBD3 /* CityModel.swift */ = {isa = PBXFileReference; fileEncoding = 4; lastKnownFileType = sourcecode.swift; path = CityModel.swift; sourceTree = "<group>"; };
		FAACEDA2211567330013CBD3 /* SearchResultModel.swift */ = {isa = PBXFileReference; fileEncoding = 4; lastKnownFileType = sourcecode.swift; path = SearchResultModel.swift; sourceTree = "<group>"; };
		FAACEDA3211567330013CBD3 /* ActionResultModel.swift */ = {isa = PBXFileReference; fileEncoding = 4; lastKnownFileType = sourcecode.swift; path = ActionResultModel.swift; sourceTree = "<group>"; };
		FAACEDA5211567330013CBD3 /* InventoryModel.swift */ = {isa = PBXFileReference; fileEncoding = 4; lastKnownFileType = sourcecode.swift; path = InventoryModel.swift; sourceTree = "<group>"; };
		FAACEDA6211567330013CBD3 /* ItemModel.swift */ = {isa = PBXFileReference; fileEncoding = 4; lastKnownFileType = sourcecode.swift; path = ItemModel.swift; sourceTree = "<group>"; };
		FAACEDA8211567330013CBD3 /* SkillModel.swift */ = {isa = PBXFileReference; fileEncoding = 4; lastKnownFileType = sourcecode.swift; path = SkillModel.swift; sourceTree = "<group>"; };
		FAACEDA9211567330013CBD3 /* NonPlayerCharacterModel.swift */ = {isa = PBXFileReference; fileEncoding = 4; lastKnownFileType = sourcecode.swift; path = NonPlayerCharacterModel.swift; sourceTree = "<group>"; };
		FAACEDAA211567330013CBD3 /* CharacterModel.swift */ = {isa = PBXFileReference; fileEncoding = 4; lastKnownFileType = sourcecode.swift; path = CharacterModel.swift; sourceTree = "<group>"; };
		FAACEDAB211567330013CBD3 /* JournalEntry.swift */ = {isa = PBXFileReference; fileEncoding = 4; lastKnownFileType = sourcecode.swift; path = JournalEntry.swift; sourceTree = "<group>"; };
		FAACEDAC211567330013CBD3 /* PlayerCharacterModel.swift */ = {isa = PBXFileReference; fileEncoding = 4; lastKnownFileType = sourcecode.swift; path = PlayerCharacterModel.swift; sourceTree = "<group>"; };
		FAACEDAD211567330013CBD3 /* LoreModel.swift */ = {isa = PBXFileReference; fileEncoding = 4; lastKnownFileType = sourcecode.swift; path = LoreModel.swift; sourceTree = "<group>"; };
		FAACEDAF211567330013CBD3 /* SkillReferenceModel.swift */ = {isa = PBXFileReference; fileEncoding = 4; lastKnownFileType = sourcecode.swift; path = SkillReferenceModel.swift; sourceTree = "<group>"; };
		FAACEDB0211567330013CBD3 /* ActionReferenceModel.swift */ = {isa = PBXFileReference; fileEncoding = 4; lastKnownFileType = sourcecode.swift; path = ActionReferenceModel.swift; sourceTree = "<group>"; };
		FAACEDB1211567330013CBD3 /* TerrainReferenceModel.swift */ = {isa = PBXFileReference; fileEncoding = 4; lastKnownFileType = sourcecode.swift; path = TerrainReferenceModel.swift; sourceTree = "<group>"; };
		FAACEDB2211567330013CBD3 /* StoryReferenceModel.swift */ = {isa = PBXFileReference; fileEncoding = 4; lastKnownFileType = sourcecode.swift; path = StoryReferenceModel.swift; sourceTree = "<group>"; };
		FAACEDB3211567330013CBD3 /* MonsterReferenceModel.swift */ = {isa = PBXFileReference; fileEncoding = 4; lastKnownFileType = sourcecode.swift; path = MonsterReferenceModel.swift; sourceTree = "<group>"; };
		FAACEDB4211567330013CBD3 /* ItemReferenceModel.swift */ = {isa = PBXFileReference; fileEncoding = 4; lastKnownFileType = sourcecode.swift; path = ItemReferenceModel.swift; sourceTree = "<group>"; };
		FAACEDB5211567330013CBD3 /* DungeonTileReferenceModel.swift */ = {isa = PBXFileReference; fileEncoding = 4; lastKnownFileType = sourcecode.swift; path = DungeonTileReferenceModel.swift; sourceTree = "<group>"; };
		FAACEDD6211568170013CBD3 /* DungeonCharacterEntity.swift */ = {isa = PBXFileReference; fileEncoding = 4; lastKnownFileType = sourcecode.swift; path = DungeonCharacterEntity.swift; sourceTree = "<group>"; };
		FAACEDD82115688D0013CBD3 /* MonsterEntity.swift */ = {isa = PBXFileReference; fileEncoding = 4; lastKnownFileType = sourcecode.swift; path = MonsterEntity.swift; sourceTree = "<group>"; };
		FAACEDDF21157D080013CBD3 /* FLScene.framework */ = {isa = PBXFileReference; explicitFileType = wrapper.framework; includeInIndex = 0; path = FLScene.framework; sourceTree = BUILT_PRODUCTS_DIR; };
		FAACEDE121157D080013CBD3 /* FLScene.h */ = {isa = PBXFileReference; lastKnownFileType = sourcecode.c.h; path = FLScene.h; sourceTree = "<group>"; };
		FAACEDE221157D080013CBD3 /* Info.plist */ = {isa = PBXFileReference; lastKnownFileType = text.plist.xml; path = Info.plist; sourceTree = "<group>"; };
		FAACEDFB211582FB0013CBD3 /* Map3DScene.swift */ = {isa = PBXFileReference; fileEncoding = 4; lastKnownFileType = sourcecode.swift; path = Map3DScene.swift; sourceTree = "<group>"; };
		FAACEDFC211582FB0013CBD3 /* HexGeometry.swift */ = {isa = PBXFileReference; fileEncoding = 4; lastKnownFileType = sourcecode.swift; path = HexGeometry.swift; sourceTree = "<group>"; };
		FAACEDFD211582FB0013CBD3 /* GeometryStore.swift */ = {isa = PBXFileReference; fileEncoding = 4; lastKnownFileType = sourcecode.swift; path = GeometryStore.swift; sourceTree = "<group>"; };
		FAACEDFE211582FB0013CBD3 /* Hex3DMath.swift */ = {isa = PBXFileReference; fileEncoding = 4; lastKnownFileType = sourcecode.swift; path = Hex3DMath.swift; sourceTree = "<group>"; };
		FAACEDFF211582FB0013CBD3 /* Hex3DMapNode.swift */ = {isa = PBXFileReference; fileEncoding = 4; lastKnownFileType = sourcecode.swift; path = Hex3DMapNode.swift; sourceTree = "<group>"; };
		FAACEE00211582FB0013CBD3 /* HexTextureGenerator.swift */ = {isa = PBXFileReference; fileEncoding = 4; lastKnownFileType = sourcecode.swift; path = HexTextureGenerator.swift; sourceTree = "<group>"; };
		FAACEE0A211588450013CBD3 /* DungeonGenerator.swift */ = {isa = PBXFileReference; fileEncoding = 4; lastKnownFileType = sourcecode.swift; path = DungeonGenerator.swift; sourceTree = "<group>"; };
		FAB4BD4F20FF3D0C0081B5A6 /* Tiles.sks */ = {isa = PBXFileReference; lastKnownFileType = file.sks; path = Tiles.sks; sourceTree = "<group>"; };
		FAB4BD5620FF4CB80081B5A6 /* DungeonViewController.swift */ = {isa = PBXFileReference; lastKnownFileType = sourcecode.swift; path = DungeonViewController.swift; sourceTree = "<group>"; };
		FAB4BD5820FFE5BA0081B5A6 /* Assets.xcassets */ = {isa = PBXFileReference; lastKnownFileType = folder.assetcatalog; path = Assets.xcassets; sourceTree = "<group>"; };
		FAB4BDF0210139360081B5A6 /* TilesGenerator.swift */ = {isa = PBXFileReference; lastKnownFileType = sourcecode.swift; path = TilesGenerator.swift; sourceTree = "<group>"; };
		FAB7B7F420EA0956002B2C0B /* PlayerStatsViewController.swift */ = {isa = PBXFileReference; lastKnownFileType = sourcecode.swift; path = PlayerStatsViewController.swift; sourceTree = "<group>"; };
		FAB7B7F620EA09C4002B2C0B /* StatProgressCell.swift */ = {isa = PBXFileReference; lastKnownFileType = sourcecode.swift; path = StatProgressCell.swift; sourceTree = "<group>"; };
		FAD07A3C20FAD21F007C20D1 /* NPCViewController.swift */ = {isa = PBXFileReference; lastKnownFileType = sourcecode.swift; path = NPCViewController.swift; sourceTree = "<group>"; };
		FAD8518720F4985C00227AF2 /* SelectAvatarCell.swift */ = {isa = PBXFileReference; lastKnownFileType = sourcecode.swift; path = SelectAvatarCell.swift; sourceTree = "<group>"; };
		FAE6290F210859F00031FE10 /* monsters.json */ = {isa = PBXFileReference; lastKnownFileType = text.json; path = monsters.json; sourceTree = "<group>"; };
		FAE62918210887D50031FE10 /* SpriteComponent.swift */ = {isa = PBXFileReference; lastKnownFileType = sourcecode.swift; path = SpriteComponent.swift; sourceTree = "<group>"; };
		FAE6291A210889220031FE10 /* ASSpriteNode.swift */ = {isa = PBXFileReference; lastKnownFileType = sourcecode.swift; path = ASSpriteNode.swift; sourceTree = "<group>"; };
		FAF5263920FC7B550062BC7C /* ProgressBar.swift */ = {isa = PBXFileReference; lastKnownFileType = sourcecode.swift; path = ProgressBar.swift; sourceTree = "<group>"; };
		FAF78E9F20F73A59005F7E88 /* SkillListViewController.swift */ = {isa = PBXFileReference; lastKnownFileType = sourcecode.swift; path = SkillListViewController.swift; sourceTree = "<group>"; };
		FAF78EA120F73A97005F7E88 /* SkillProgressCell.swift */ = {isa = PBXFileReference; lastKnownFileType = sourcecode.swift; path = SkillProgressCell.swift; sourceTree = "<group>"; };
		FAF986AE2105CFAB009C8F92 /* TypeConversions.swift */ = {isa = PBXFileReference; lastKnownFileType = sourcecode.swift; path = TypeConversions.swift; sourceTree = "<group>"; };
/* End PBXFileReference section */

/* Begin PBXFrameworksBuildPhase section */
		FA569C6820E589C40094807F /* Frameworks */ = {
			isa = PBXFrameworksBuildPhase;
			buildActionMask = 2147483647;
			files = (
				FAACEDE621157D080013CBD3 /* FLScene.framework in Frameworks */,
				FAACED7F211566AA0013CBD3 /* FLGame.framework in Frameworks */,
				93C000E06853CF176D6CCC95 /* Pods_floatios.framework in Frameworks */,
			);
			runOnlyForDeploymentPostprocessing = 0;
		};
		FA569C7C20E589C70094807F /* Frameworks */ = {
			isa = PBXFrameworksBuildPhase;
			buildActionMask = 2147483647;
			files = (
				D7ADF30D0522FA469DC67C80 /* Pods_floatiosTests.framework in Frameworks */,
			);
			runOnlyForDeploymentPostprocessing = 0;
		};
		FAACED66211566AA0013CBD3 /* Frameworks */ = {
			isa = PBXFrameworksBuildPhase;
			buildActionMask = 2147483647;
			files = (
				F1FDFBCD8763C3017A102FE0 /* Pods_FLGame.framework in Frameworks */,
			);
			runOnlyForDeploymentPostprocessing = 0;
		};
		FAACED6F211566AA0013CBD3 /* Frameworks */ = {
			isa = PBXFrameworksBuildPhase;
			buildActionMask = 2147483647;
			files = (
				FAACED73211566AA0013CBD3 /* FLGame.framework in Frameworks */,
			);
			runOnlyForDeploymentPostprocessing = 0;
		};
		FAACEDDB21157D080013CBD3 /* Frameworks */ = {
			isa = PBXFrameworksBuildPhase;
			buildActionMask = 2147483647;
			files = (
				1F761CD80DC5A63267392F21 /* Pods_FLScene.framework in Frameworks */,
			);
			runOnlyForDeploymentPostprocessing = 0;
		};
/* End PBXFrameworksBuildPhase section */

/* Begin PBXGroup section */
		5BB8B4F6722BDA80E6C7E168 /* Pods */ = {
			isa = PBXGroup;
			children = (
				A8C261F0D0E00D7A1479A134 /* Pods-floatios.debug.xcconfig */,
				1ED52F9FC4641FB6B680F73B /* Pods-floatios.release.xcconfig */,
				8C837A241FAA34ADC1F030C8 /* Pods-floatiosTests.debug.xcconfig */,
				A784F48876FFCE1D59AFE78C /* Pods-floatiosTests.release.xcconfig */,
				C9E851A4171D10F8A333A909 /* Pods-FLGame.debug.xcconfig */,
				899EF92E83B1036F6764BD63 /* Pods-FLGame.release.xcconfig */,
				A1975759B5BB5D8739295E8E /* Pods-FLScene.debug.xcconfig */,
				D16F66FC0DBF2AB1FC13638F /* Pods-FLScene.release.xcconfig */,
			);
			name = Pods;
			sourceTree = "<group>";
		};
		CE06FF227814ED8A8AFE7099 /* Frameworks */ = {
			isa = PBXGroup;
			children = (
				23589CF1D59E460A2BC273F1 /* Pods_floatios.framework */,
				0E85B4751AB4B1861E3EEC2E /* Pods_floatiosTests.framework */,
				660D92C5278324306E0365F9 /* Pods_FLGame.framework */,
				54BE253D306BB6B2620AD05F /* Pods_FLScene.framework */,
			);
			name = Frameworks;
			sourceTree = "<group>";
		};
		FA10720020E725030046C756 /* city */ = {
			isa = PBXGroup;
			children = (
				FA10720120E725130046C756 /* CityViewController.swift */,
				FA10720320E7256B0046C756 /* CityDetailsCell.swift */,
				FA10720D20E75A040046C756 /* CityLandController.swift */,
				FA10722220E764E10046C756 /* LandSquareCell.swift */,
			);
			path = city;
			sourceTree = "<group>";
		};
		FA10720720E727170046C756 /* base */ = {
			isa = PBXGroup;
			children = (
				FA10722020E75CC30046C756 /* ForwardNavigationCell.swift */,
				FA10723020E88AF70046C756 /* SectionHeaderView.swift */,
				FA3691F420EDFB7E003988D4 /* TextFieldCell.swift */,
				FA3691F920EEC1FE003988D4 /* CTAButtonCell.swift */,
				FA36928E20F083AB003988D4 /* FloatTheme.swift */,
				FAF5263920FC7B550062BC7C /* ProgressBar.swift */,
			);
			path = base;
			sourceTree = "<group>";
		};
		FA10721920E75CBB0046C756 /* player */ = {
			isa = PBXGroup;
			children = (
				FA10721A20E75CBB0046C756 /* PlayerViewController.swift */,
				FA10721B20E75CBB0046C756 /* ActionCell.swift */,
				FA10721C20E75CBB0046C756 /* PlayerDetailsCell.swift */,
				FAB7B7F420EA0956002B2C0B /* PlayerStatsViewController.swift */,
				FAB7B7F620EA09C4002B2C0B /* StatProgressCell.swift */,
			);
			path = player;
			sourceTree = "<group>";
		};
		FA10723220E8ACAB0046C756 /* item */ = {
			isa = PBXGroup;
			children = (
				FA10723320E8ACBE0046C756 /* InventoryViewController.swift */,
				FA9A5CCA20E97BE100C36110 /* ItemCell.swift */,
			);
			path = item;
			sourceTree = "<group>";
		};
		FA3691F620EDFC99003988D4 /* onboarding */ = {
			isa = PBXGroup;
			children = (
				FA3691F720EDFCEF003988D4 /* CreatePlayerViewController.swift */,
				FAD8518720F4985C00227AF2 /* SelectAvatarCell.swift */,
			);
			path = onboarding;
			sourceTree = "<group>";
		};
		FA36929020F18A3B003988D4 /* main */ = {
			isa = PBXGroup;
			children = (
				FA36929120F18A4B003988D4 /* MainViewController.swift */,
			);
			path = main;
			sourceTree = "<group>";
		};
		FA36929320F19D53003988D4 /* story */ = {
			isa = PBXGroup;
			children = (
				FA36929420F19D5E003988D4 /* JournalViewController.swift */,
				FA36929620F19E7D003988D4 /* StoryPieceViewController.swift */,
				FA36929820F19ED2003988D4 /* StoryPieceCell.swift */,
			);
			path = story;
			sourceTree = "<group>";
		};
		FA3AAC9E2112F03500955109 /* map */ = {
			isa = PBXGroup;
			children = (
				FA3AACA12112F82600955109 /* Map3DViewController.swift */,
			);
			path = map;
			sourceTree = "<group>";
		};
		FA4A5DEF210C367A001EE222 /* battle */ = {
			isa = PBXGroup;
			children = (
				FA4A5DF0210C367A001EE222 /* DungeonBattleNode.swift */,
				FA4A5DF2210C3702001EE222 /* BattleUIController.swift */,
			);
			path = battle;
			sourceTree = "<group>";
		};
		FA569C6220E589C40094807F = {
			isa = PBXGroup;
			children = (
				FA569C6D20E589C40094807F /* floatios */,
				FA569C8220E589C70094807F /* floatiosTests */,
				FAACED6B211566AA0013CBD3 /* FLGame */,
				FAACED78211566AA0013CBD3 /* FLGameTests */,
				FAACEDE021157D080013CBD3 /* FLScene */,
				FA569C6C20E589C40094807F /* Products */,
				5BB8B4F6722BDA80E6C7E168 /* Pods */,
				CE06FF227814ED8A8AFE7099 /* Frameworks */,
			);
			sourceTree = "<group>";
		};
		FA569C6C20E589C40094807F /* Products */ = {
			isa = PBXGroup;
			children = (
				FA569C6B20E589C40094807F /* floatios.app */,
				FA569C7F20E589C70094807F /* floatiosTests.xctest */,
				FAACED6A211566AA0013CBD3 /* FLGame.framework */,
				FAACED72211566AA0013CBD3 /* FLGameTests.xctest */,
				FAACEDDF21157D080013CBD3 /* FLScene.framework */,
			);
			name = Products;
			sourceTree = "<group>";
		};
		FA569C6D20E589C40094807F /* floatios */ = {
			isa = PBXGroup;
			children = (
				FAE62915210885140031FE10 /* component-entity */,
				FA83446F210314A9005BCF1A /* util */,
				FAB4BD4E20FF3CE00081B5A6 /* resources */,
				FAB4BDEF210139200081B5A6 /* tiles */,
				FAE12DFD20E6143A00F9FA77 /* view controllers */,
				FA569C9F20E58D960094807F /* logic */,
				FA569C6E20E589C40094807F /* AppDelegate.swift */,
				FA569C7720E589C70094807F /* LaunchScreen.storyboard */,
				FA569C7A20E589C70094807F /* Info.plist */,
			);
			path = floatios;
			sourceTree = "<group>";
		};
		FA569C8220E589C70094807F /* floatiosTests */ = {
			isa = PBXGroup;
			children = (
				FA569C8320E589C70094807F /* floatiosTests.swift */,
				FA569C8520E589C70094807F /* Info.plist */,
			);
			path = floatiosTests;
			sourceTree = "<group>";
		};
		FA569C9F20E58D960094807F /* logic */ = {
			isa = PBXGroup;
			children = (
			);
			path = logic;
			sourceTree = "<group>";
		};
		FA73C6F820F3513B006AEF0E /* avatar */ = {
			isa = PBXGroup;
			children = (
				FA73C6F920F35152006AEF0E /* AvatarSelectionViewController.swift */,
				FA73C6FD20F353E4006AEF0E /* AvatarEmojiCellCollectionViewCell.swift */,
				FA73C6FF20F40279006AEF0E /* AvatarImageView.swift */,
			);
			path = avatar;
			sourceTree = "<group>";
		};
		FA83446F210314A9005BCF1A /* util */ = {
			isa = PBXGroup;
			children = (
				FA8344702103150C005BCF1A /* SKTileMapNode+Additions.swift */,
				FAF986AE2105CFAB009C8F92 /* TypeConversions.swift */,
			);
			path = util;
			sourceTree = "<group>";
		};
		FAACED6B211566AA0013CBD3 /* FLGame */ = {
			isa = PBXGroup;
			children = (
				FAACEE09211588450013CBD3 /* Generators */,
				FAACED8D211567330013CBD3 /* Controllers */,
				FAACED9E211567330013CBD3 /* Models */,
				FAACED88211566E30013CBD3 /* Util */,
				FAACED6C211566AA0013CBD3 /* FLGame.h */,
				FAACED6D211566AA0013CBD3 /* Info.plist */,
			);
			path = FLGame;
			sourceTree = "<group>";
		};
		FAACED78211566AA0013CBD3 /* FLGameTests */ = {
			isa = PBXGroup;
			children = (
				FAACED79211566AA0013CBD3 /* FLGameTests.swift */,
				FAACED7B211566AA0013CBD3 /* Info.plist */,
			);
			path = FLGameTests;
			sourceTree = "<group>";
		};
		FAACED88211566E30013CBD3 /* Util */ = {
			isa = PBXGroup;
			children = (
				FAACED89211566E30013CBD3 /* HexGridMath.swift */,
				FAACED8A211566E30013CBD3 /* NameGenerator.swift */,
			);
			path = Util;
			sourceTree = "<group>";
		};
		FAACED8D211567330013CBD3 /* Controllers */ = {
			isa = PBXGroup;
			children = (
				FAACED8F211567330013CBD3 /* battle */,
				FAACED91211567330013CBD3 /* NPCController.swift */,
				FAACED92211567330013CBD3 /* PlayerCharacterController.swift */,
				FAACED93211567330013CBD3 /* GameController.swift */,
				FAACED94211567330013CBD3 /* dungeon */,
				FAACED99211567330013CBD3 /* MajorStateController.swift */,
				FAACED9A211567330013CBD3 /* CityController.swift */,
				FAACED9B211567330013CBD3 /* ActionController.swift */,
				FAACED9C211567330013CBD3 /* reference */,
			);
			path = Controllers;
			sourceTree = "<group>";
		};
		FAACED8F211567330013CBD3 /* battle */ = {
			isa = PBXGroup;
			children = (
				FAACED90211567330013CBD3 /* BattleController.swift */,
			);
			path = battle;
			sourceTree = "<group>";
		};
		FAACED94211567330013CBD3 /* dungeon */ = {
			isa = PBXGroup;
			children = (
				FAACEDD82115688D0013CBD3 /* MonsterEntity.swift */,
				FAACEDD6211568170013CBD3 /* DungeonCharacterEntity.swift */,
				FAACED95211567330013CBD3 /* DungeonLogicController.swift */,
				FAACED96211567330013CBD3 /* GKHexMapNode.swift */,
				FAACED97211567330013CBD3 /* GridEntity.swift */,
				FAACED98211567330013CBD3 /* DungeonModel.swift */,
			);
			path = dungeon;
			sourceTree = "<group>";
		};
		FAACED9C211567330013CBD3 /* reference */ = {
			isa = PBXGroup;
			children = (
				FAACED9D211567330013CBD3 /* ReferenceController.swift */,
			);
			path = reference;
			sourceTree = "<group>";
		};
		FAACED9E211567330013CBD3 /* Models */ = {
			isa = PBXGroup;
			children = (
				FAACED9F211567330013CBD3 /* MaxValueField.swift */,
				FAACEDA0211567330013CBD3 /* LandPlotModel.swift */,
				FAACEDA1211567330013CBD3 /* CityModel.swift */,
				FAACEDA2211567330013CBD3 /* SearchResultModel.swift */,
				FAACEDA3211567330013CBD3 /* ActionResultModel.swift */,
				FAACEDA4211567330013CBD3 /* items */,
				FAACEDA7211567330013CBD3 /* characters */,
				FAACEDAD211567330013CBD3 /* LoreModel.swift */,
				FAACEDAE211567330013CBD3 /* reference */,
			);
			path = Models;
			sourceTree = "<group>";
		};
		FAACEDA4211567330013CBD3 /* items */ = {
			isa = PBXGroup;
			children = (
				FAACEDA5211567330013CBD3 /* InventoryModel.swift */,
				FAACEDA6211567330013CBD3 /* ItemModel.swift */,
			);
			path = items;
			sourceTree = "<group>";
		};
		FAACEDA7211567330013CBD3 /* characters */ = {
			isa = PBXGroup;
			children = (
				FAACEDA8211567330013CBD3 /* SkillModel.swift */,
				FAACEDA9211567330013CBD3 /* NonPlayerCharacterModel.swift */,
				FAACEDAA211567330013CBD3 /* CharacterModel.swift */,
				FAACEDAB211567330013CBD3 /* JournalEntry.swift */,
				FAACEDAC211567330013CBD3 /* PlayerCharacterModel.swift */,
			);
			path = characters;
			sourceTree = "<group>";
		};
		FAACEDAE211567330013CBD3 /* reference */ = {
			isa = PBXGroup;
			children = (
				FAACEDAF211567330013CBD3 /* SkillReferenceModel.swift */,
				FAACEDB0211567330013CBD3 /* ActionReferenceModel.swift */,
				FAACEDB1211567330013CBD3 /* TerrainReferenceModel.swift */,
				FAACEDB2211567330013CBD3 /* StoryReferenceModel.swift */,
				FAACEDB3211567330013CBD3 /* MonsterReferenceModel.swift */,
				FAACEDB4211567330013CBD3 /* ItemReferenceModel.swift */,
				FAACEDB5211567330013CBD3 /* DungeonTileReferenceModel.swift */,
			);
			path = reference;
			sourceTree = "<group>";
		};
		FAACEDE021157D080013CBD3 /* FLScene */ = {
			isa = PBXGroup;
			children = (
				FAACEDFA211582FB0013CBD3 /* map */,
				FAACEDE121157D080013CBD3 /* FLScene.h */,
				FAACEDE221157D080013CBD3 /* Info.plist */,
			);
			path = FLScene;
			sourceTree = "<group>";
		};
		FAACEDFA211582FB0013CBD3 /* map */ = {
			isa = PBXGroup;
			children = (
				FAACEDFB211582FB0013CBD3 /* Map3DScene.swift */,
				FAACEDFC211582FB0013CBD3 /* HexGeometry.swift */,
				FAACEDFD211582FB0013CBD3 /* GeometryStore.swift */,
				FAACEDFE211582FB0013CBD3 /* Hex3DMath.swift */,
				FAACEDFF211582FB0013CBD3 /* Hex3DMapNode.swift */,
				FAACEE00211582FB0013CBD3 /* HexTextureGenerator.swift */,
			);
			path = map;
			sourceTree = "<group>";
		};
		FAACEE09211588450013CBD3 /* Generators */ = {
			isa = PBXGroup;
			children = (
				FAACEE0A211588450013CBD3 /* DungeonGenerator.swift */,
			);
			path = Generators;
			sourceTree = "<group>";
		};
		FAB4BD4E20FF3CE00081B5A6 /* resources */ = {
			isa = PBXGroup;
			children = (
				FAB4BD5820FFE5BA0081B5A6 /* Assets.xcassets */,
				FAB4BD4F20FF3D0C0081B5A6 /* Tiles.sks */,
				FAE6290F210859F00031FE10 /* monsters.json */,
			);
			path = resources;
			sourceTree = "<group>";
		};
		FAB4BD5520FF4CA90081B5A6 /* dungeon */ = {
			isa = PBXGroup;
			children = (
				FA4A5DEF210C367A001EE222 /* battle */,
				FAB4BD5620FF4CB80081B5A6 /* DungeonViewController.swift */,
				FA83447521034B5D005BCF1A /* DungeonHeaderView.swift */,
				FA83447721042BDA005BCF1A /* DungeonScene.swift */,
			);
			path = dungeon;
			sourceTree = "<group>";
		};
		FAB4BDEF210139200081B5A6 /* tiles */ = {
			isa = PBXGroup;
			children = (
				FAB4BDF0210139360081B5A6 /* TilesGenerator.swift */,
				FA8344692102F66E005BCF1A /* TileImageGenerator.swift */,
				FA83446B2102F67F005BCF1A /* TileGenContext.swift */,
			);
			path = tiles;
			sourceTree = "<group>";
		};
		FAD07A3B20FAD1F5007C20D1 /* npc */ = {
			isa = PBXGroup;
			children = (
				FAD07A3C20FAD21F007C20D1 /* NPCViewController.swift */,
			);
			path = npc;
			sourceTree = "<group>";
		};
		FAE12DFD20E6143A00F9FA77 /* view controllers */ = {
			isa = PBXGroup;
			children = (
				FA3AAC9E2112F03500955109 /* map */,
				FAB4BD5520FF4CA90081B5A6 /* dungeon */,
				FAD07A3B20FAD1F5007C20D1 /* npc */,
				FAF78E9E20F73A42005F7E88 /* skills */,
				FA73C6F820F3513B006AEF0E /* avatar */,
				FA36929320F19D53003988D4 /* story */,
				FA36929020F18A3B003988D4 /* main */,
				FA3691F620EDFC99003988D4 /* onboarding */,
				FA10723220E8ACAB0046C756 /* item */,
				FA10721920E75CBB0046C756 /* player */,
				FA10720720E727170046C756 /* base */,
				FA10720020E725030046C756 /* city */,
			);
			path = "view controllers";
			sourceTree = "<group>";
		};
		FAE62915210885140031FE10 /* component-entity */ = {
			isa = PBXGroup;
			children = (
				FAE62918210887D50031FE10 /* SpriteComponent.swift */,
				FAE6291A210889220031FE10 /* ASSpriteNode.swift */,
			);
			path = "component-entity";
			sourceTree = "<group>";
		};
		FAF78E9E20F73A42005F7E88 /* skills */ = {
			isa = PBXGroup;
			children = (
				FAF78E9F20F73A59005F7E88 /* SkillListViewController.swift */,
				FAF78EA120F73A97005F7E88 /* SkillProgressCell.swift */,
			);
			path = skills;
			sourceTree = "<group>";
		};
/* End PBXGroup section */

/* Begin PBXHeadersBuildPhase section */
		FAACED67211566AA0013CBD3 /* Headers */ = {
			isa = PBXHeadersBuildPhase;
			buildActionMask = 2147483647;
			files = (
				FAACED7C211566AA0013CBD3 /* FLGame.h in Headers */,
			);
			runOnlyForDeploymentPostprocessing = 0;
		};
		FAACEDDC21157D080013CBD3 /* Headers */ = {
			isa = PBXHeadersBuildPhase;
			buildActionMask = 2147483647;
			files = (
				FAACEDE321157D080013CBD3 /* FLScene.h in Headers */,
			);
			runOnlyForDeploymentPostprocessing = 0;
		};
/* End PBXHeadersBuildPhase section */

/* Begin PBXNativeTarget section */
		FA569C6A20E589C40094807F /* floatios */ = {
			isa = PBXNativeTarget;
			buildConfigurationList = FA569C8820E589C70094807F /* Build configuration list for PBXNativeTarget "floatios" */;
			buildPhases = (
				37BB444D6924FBF1C8A014D0 /* [CP] Check Pods Manifest.lock */,
				FA569C6720E589C40094807F /* Sources */,
				FA569C6820E589C40094807F /* Frameworks */,
				FA569C6920E589C40094807F /* Resources */,
				32B9BC3BB88AB367857A4BA0 /* [CP] Embed Pods Frameworks */,
				FAACED86211566AA0013CBD3 /* Embed Frameworks */,
			);
			buildRules = (
			);
			dependencies = (
				FAACED7E211566AA0013CBD3 /* PBXTargetDependency */,
				FAACEDE521157D080013CBD3 /* PBXTargetDependency */,
			);
			name = floatios;
			productName = floatios;
			productReference = FA569C6B20E589C40094807F /* floatios.app */;
			productType = "com.apple.product-type.application";
		};
		FA569C7E20E589C70094807F /* floatiosTests */ = {
			isa = PBXNativeTarget;
			buildConfigurationList = FA569C8B20E589C70094807F /* Build configuration list for PBXNativeTarget "floatiosTests" */;
			buildPhases = (
				01D0EC9C44B2FFE624A48F5D /* [CP] Check Pods Manifest.lock */,
				FA569C7B20E589C70094807F /* Sources */,
				FA569C7C20E589C70094807F /* Frameworks */,
				FA569C7D20E589C70094807F /* Resources */,
				271929A43AF42582BF895A3A /* [CP] Embed Pods Frameworks */,
			);
			buildRules = (
			);
			dependencies = (
				FA569C8120E589C70094807F /* PBXTargetDependency */,
			);
			name = floatiosTests;
			productName = floatiosTests;
			productReference = FA569C7F20E589C70094807F /* floatiosTests.xctest */;
			productType = "com.apple.product-type.bundle.unit-test";
		};
		FAACED69211566AA0013CBD3 /* FLGame */ = {
			isa = PBXNativeTarget;
			buildConfigurationList = FAACED85211566AA0013CBD3 /* Build configuration list for PBXNativeTarget "FLGame" */;
			buildPhases = (
				F97C23A55B4D6F937A84B406 /* [CP] Check Pods Manifest.lock */,
				FAACED65211566AA0013CBD3 /* Sources */,
				FAACED66211566AA0013CBD3 /* Frameworks */,
				FAACED67211566AA0013CBD3 /* Headers */,
				FAACED68211566AA0013CBD3 /* Resources */,
			);
			buildRules = (
			);
			dependencies = (
			);
			name = FLGame;
			productName = FLGame;
			productReference = FAACED6A211566AA0013CBD3 /* FLGame.framework */;
			productType = "com.apple.product-type.framework";
		};
		FAACED71211566AA0013CBD3 /* FLGameTests */ = {
			isa = PBXNativeTarget;
			buildConfigurationList = FAACED87211566AA0013CBD3 /* Build configuration list for PBXNativeTarget "FLGameTests" */;
			buildPhases = (
				FAACED6E211566AA0013CBD3 /* Sources */,
				FAACED6F211566AA0013CBD3 /* Frameworks */,
				FAACED70211566AA0013CBD3 /* Resources */,
			);
			buildRules = (
			);
			dependencies = (
				FAACED75211566AA0013CBD3 /* PBXTargetDependency */,
				FAACED77211566AA0013CBD3 /* PBXTargetDependency */,
			);
			name = FLGameTests;
			productName = FLGameTests;
			productReference = FAACED72211566AA0013CBD3 /* FLGameTests.xctest */;
			productType = "com.apple.product-type.bundle.unit-test";
		};
		FAACEDDE21157D080013CBD3 /* FLScene */ = {
			isa = PBXNativeTarget;
			buildConfigurationList = FAACEDE821157D080013CBD3 /* Build configuration list for PBXNativeTarget "FLScene" */;
			buildPhases = (
				550815DBD8C95C166E885FB8 /* [CP] Check Pods Manifest.lock */,
				FAACEDDA21157D080013CBD3 /* Sources */,
				FAACEDDB21157D080013CBD3 /* Frameworks */,
				FAACEDDC21157D080013CBD3 /* Headers */,
				FAACEDDD21157D080013CBD3 /* Resources */,
			);
			buildRules = (
			);
			dependencies = (
			);
			name = FLScene;
			productName = FLScene;
			productReference = FAACEDDF21157D080013CBD3 /* FLScene.framework */;
			productType = "com.apple.product-type.framework";
		};
/* End PBXNativeTarget section */

/* Begin PBXProject section */
		FA569C6320E589C40094807F /* Project object */ = {
			isa = PBXProject;
			attributes = {
				LastSwiftUpdateCheck = 0940;
				LastUpgradeCheck = 0940;
				ORGANIZATIONNAME = Skorulis;
				TargetAttributes = {
					FA569C6A20E589C40094807F = {
						CreatedOnToolsVersion = 9.4;
					};
					FA569C7E20E589C70094807F = {
						CreatedOnToolsVersion = 9.4;
						TestTargetID = FA569C6A20E589C40094807F;
					};
					FAACED69211566AA0013CBD3 = {
						CreatedOnToolsVersion = 9.4.1;
					};
					FAACED71211566AA0013CBD3 = {
						CreatedOnToolsVersion = 9.4.1;
						TestTargetID = FA569C6A20E589C40094807F;
					};
					FAACEDDE21157D080013CBD3 = {
						CreatedOnToolsVersion = 9.4.1;
					};
				};
			};
			buildConfigurationList = FA569C6620E589C40094807F /* Build configuration list for PBXProject "floatios" */;
			compatibilityVersion = "Xcode 9.3";
			developmentRegion = en;
			hasScannedForEncodings = 0;
			knownRegions = (
				en,
				Base,
			);
			mainGroup = FA569C6220E589C40094807F;
			productRefGroup = FA569C6C20E589C40094807F /* Products */;
			projectDirPath = "";
			projectRoot = "";
			targets = (
				FA569C6A20E589C40094807F /* floatios */,
				FA569C7E20E589C70094807F /* floatiosTests */,
				FAACED69211566AA0013CBD3 /* FLGame */,
				FAACED71211566AA0013CBD3 /* FLGameTests */,
				FAACEDDE21157D080013CBD3 /* FLScene */,
			);
		};
/* End PBXProject section */

/* Begin PBXResourcesBuildPhase section */
		FA569C6920E589C40094807F /* Resources */ = {
			isa = PBXResourcesBuildPhase;
			buildActionMask = 2147483647;
			files = (
				FAB4BD5120FF3D0C0081B5A6 /* Tiles.sks in Resources */,
				FA569C7920E589C70094807F /* LaunchScreen.storyboard in Resources */,
				FAB4BD5920FFE5BA0081B5A6 /* Assets.xcassets in Resources */,
				FAE62910210859F00031FE10 /* monsters.json in Resources */,
			);
			runOnlyForDeploymentPostprocessing = 0;
		};
		FA569C7D20E589C70094807F /* Resources */ = {
			isa = PBXResourcesBuildPhase;
			buildActionMask = 2147483647;
			files = (
			);
			runOnlyForDeploymentPostprocessing = 0;
		};
		FAACED68211566AA0013CBD3 /* Resources */ = {
			isa = PBXResourcesBuildPhase;
			buildActionMask = 2147483647;
			files = (
			);
			runOnlyForDeploymentPostprocessing = 0;
		};
		FAACED70211566AA0013CBD3 /* Resources */ = {
			isa = PBXResourcesBuildPhase;
			buildActionMask = 2147483647;
			files = (
			);
			runOnlyForDeploymentPostprocessing = 0;
		};
		FAACEDDD21157D080013CBD3 /* Resources */ = {
			isa = PBXResourcesBuildPhase;
			buildActionMask = 2147483647;
			files = (
			);
			runOnlyForDeploymentPostprocessing = 0;
		};
/* End PBXResourcesBuildPhase section */

/* Begin PBXShellScriptBuildPhase section */
		01D0EC9C44B2FFE624A48F5D /* [CP] Check Pods Manifest.lock */ = {
			isa = PBXShellScriptBuildPhase;
			buildActionMask = 2147483647;
			files = (
			);
			inputPaths = (
				"${PODS_PODFILE_DIR_PATH}/Podfile.lock",
				"${PODS_ROOT}/Manifest.lock",
			);
			name = "[CP] Check Pods Manifest.lock";
			outputPaths = (
				"$(DERIVED_FILE_DIR)/Pods-floatiosTests-checkManifestLockResult.txt",
			);
			runOnlyForDeploymentPostprocessing = 0;
			shellPath = /bin/sh;
			shellScript = "diff \"${PODS_PODFILE_DIR_PATH}/Podfile.lock\" \"${PODS_ROOT}/Manifest.lock\" > /dev/null\nif [ $? != 0 ] ; then\n    # print error to STDERR\n    echo \"error: The sandbox is not in sync with the Podfile.lock. Run 'pod install' or update your CocoaPods installation.\" >&2\n    exit 1\nfi\n# This output is used by Xcode 'outputs' to avoid re-running this script phase.\necho \"SUCCESS\" > \"${SCRIPT_OUTPUT_FILE_0}\"\n";
			showEnvVarsInLog = 0;
		};
		271929A43AF42582BF895A3A /* [CP] Embed Pods Frameworks */ = {
			isa = PBXShellScriptBuildPhase;
			buildActionMask = 2147483647;
			files = (
			);
			inputPaths = (
				"${SRCROOT}/Pods/Target Support Files/Pods-floatiosTests/Pods-floatiosTests-frameworks.sh",
				"${BUILT_PRODUCTS_DIR}/CCTextFieldEffects/CCTextFieldEffects.framework",
				"${BUILT_PRODUCTS_DIR}/DateToolsSwift/DateToolsSwift.framework",
				"${BUILT_PRODUCTS_DIR}/FontAwesomeKit/FontAwesomeKit.framework",
				"${BUILT_PRODUCTS_DIR}/PromiseKit/PromiseKit.framework",
				"${BUILT_PRODUCTS_DIR}/SCNMathExtensions/SCNMathExtensions.framework",
				"${BUILT_PRODUCTS_DIR}/SKCollectionView/SKCollectionView.framework",
				"${BUILT_PRODUCTS_DIR}/SKComponents/SKComponents.framework",
				"${BUILT_PRODUCTS_DIR}/SKSwiftLib/SKSwiftLib.framework",
				"${BUILT_PRODUCTS_DIR}/SnapKit/SnapKit.framework",
				"${BUILT_PRODUCTS_DIR}/SpriteKit-Spring/SpriteKit_Spring.framework",
				"${BUILT_PRODUCTS_DIR}/TextFieldEffects/TextFieldEffects.framework",
			);
			name = "[CP] Embed Pods Frameworks";
			outputPaths = (
				"${TARGET_BUILD_DIR}/${FRAMEWORKS_FOLDER_PATH}/CCTextFieldEffects.framework",
				"${TARGET_BUILD_DIR}/${FRAMEWORKS_FOLDER_PATH}/DateToolsSwift.framework",
				"${TARGET_BUILD_DIR}/${FRAMEWORKS_FOLDER_PATH}/FontAwesomeKit.framework",
				"${TARGET_BUILD_DIR}/${FRAMEWORKS_FOLDER_PATH}/PromiseKit.framework",
				"${TARGET_BUILD_DIR}/${FRAMEWORKS_FOLDER_PATH}/SCNMathExtensions.framework",
				"${TARGET_BUILD_DIR}/${FRAMEWORKS_FOLDER_PATH}/SKCollectionView.framework",
				"${TARGET_BUILD_DIR}/${FRAMEWORKS_FOLDER_PATH}/SKComponents.framework",
				"${TARGET_BUILD_DIR}/${FRAMEWORKS_FOLDER_PATH}/SKSwiftLib.framework",
				"${TARGET_BUILD_DIR}/${FRAMEWORKS_FOLDER_PATH}/SnapKit.framework",
				"${TARGET_BUILD_DIR}/${FRAMEWORKS_FOLDER_PATH}/SpriteKit_Spring.framework",
				"${TARGET_BUILD_DIR}/${FRAMEWORKS_FOLDER_PATH}/TextFieldEffects.framework",
			);
			runOnlyForDeploymentPostprocessing = 0;
			shellPath = /bin/sh;
			shellScript = "\"${SRCROOT}/Pods/Target Support Files/Pods-floatiosTests/Pods-floatiosTests-frameworks.sh\"\n";
			showEnvVarsInLog = 0;
		};
		32B9BC3BB88AB367857A4BA0 /* [CP] Embed Pods Frameworks */ = {
			isa = PBXShellScriptBuildPhase;
			buildActionMask = 2147483647;
			files = (
			);
			inputPaths = (
				"${SRCROOT}/Pods/Target Support Files/Pods-floatios/Pods-floatios-frameworks.sh",
				"${BUILT_PRODUCTS_DIR}/CCTextFieldEffects/CCTextFieldEffects.framework",
				"${BUILT_PRODUCTS_DIR}/DateToolsSwift/DateToolsSwift.framework",
				"${BUILT_PRODUCTS_DIR}/FontAwesomeKit/FontAwesomeKit.framework",
				"${BUILT_PRODUCTS_DIR}/PromiseKit/PromiseKit.framework",
				"${BUILT_PRODUCTS_DIR}/SCNMathExtensions/SCNMathExtensions.framework",
				"${BUILT_PRODUCTS_DIR}/SKCollectionView/SKCollectionView.framework",
				"${BUILT_PRODUCTS_DIR}/SKComponents/SKComponents.framework",
				"${BUILT_PRODUCTS_DIR}/SKSwiftLib/SKSwiftLib.framework",
				"${BUILT_PRODUCTS_DIR}/SnapKit/SnapKit.framework",
				"${BUILT_PRODUCTS_DIR}/SpriteKit-Spring/SpriteKit_Spring.framework",
				"${BUILT_PRODUCTS_DIR}/TextFieldEffects/TextFieldEffects.framework",
			);
			name = "[CP] Embed Pods Frameworks";
			outputPaths = (
				"${TARGET_BUILD_DIR}/${FRAMEWORKS_FOLDER_PATH}/CCTextFieldEffects.framework",
				"${TARGET_BUILD_DIR}/${FRAMEWORKS_FOLDER_PATH}/DateToolsSwift.framework",
				"${TARGET_BUILD_DIR}/${FRAMEWORKS_FOLDER_PATH}/FontAwesomeKit.framework",
				"${TARGET_BUILD_DIR}/${FRAMEWORKS_FOLDER_PATH}/PromiseKit.framework",
				"${TARGET_BUILD_DIR}/${FRAMEWORKS_FOLDER_PATH}/SCNMathExtensions.framework",
				"${TARGET_BUILD_DIR}/${FRAMEWORKS_FOLDER_PATH}/SKCollectionView.framework",
				"${TARGET_BUILD_DIR}/${FRAMEWORKS_FOLDER_PATH}/SKComponents.framework",
				"${TARGET_BUILD_DIR}/${FRAMEWORKS_FOLDER_PATH}/SKSwiftLib.framework",
				"${TARGET_BUILD_DIR}/${FRAMEWORKS_FOLDER_PATH}/SnapKit.framework",
				"${TARGET_BUILD_DIR}/${FRAMEWORKS_FOLDER_PATH}/SpriteKit_Spring.framework",
				"${TARGET_BUILD_DIR}/${FRAMEWORKS_FOLDER_PATH}/TextFieldEffects.framework",
			);
			runOnlyForDeploymentPostprocessing = 0;
			shellPath = /bin/sh;
			shellScript = "\"${SRCROOT}/Pods/Target Support Files/Pods-floatios/Pods-floatios-frameworks.sh\"\n";
			showEnvVarsInLog = 0;
		};
		37BB444D6924FBF1C8A014D0 /* [CP] Check Pods Manifest.lock */ = {
			isa = PBXShellScriptBuildPhase;
			buildActionMask = 2147483647;
			files = (
			);
			inputPaths = (
				"${PODS_PODFILE_DIR_PATH}/Podfile.lock",
				"${PODS_ROOT}/Manifest.lock",
			);
			name = "[CP] Check Pods Manifest.lock";
			outputPaths = (
				"$(DERIVED_FILE_DIR)/Pods-floatios-checkManifestLockResult.txt",
			);
			runOnlyForDeploymentPostprocessing = 0;
			shellPath = /bin/sh;
			shellScript = "diff \"${PODS_PODFILE_DIR_PATH}/Podfile.lock\" \"${PODS_ROOT}/Manifest.lock\" > /dev/null\nif [ $? != 0 ] ; then\n    # print error to STDERR\n    echo \"error: The sandbox is not in sync with the Podfile.lock. Run 'pod install' or update your CocoaPods installation.\" >&2\n    exit 1\nfi\n# This output is used by Xcode 'outputs' to avoid re-running this script phase.\necho \"SUCCESS\" > \"${SCRIPT_OUTPUT_FILE_0}\"\n";
			showEnvVarsInLog = 0;
		};
		550815DBD8C95C166E885FB8 /* [CP] Check Pods Manifest.lock */ = {
			isa = PBXShellScriptBuildPhase;
			buildActionMask = 2147483647;
			files = (
			);
			inputPaths = (
				"${PODS_PODFILE_DIR_PATH}/Podfile.lock",
				"${PODS_ROOT}/Manifest.lock",
			);
			name = "[CP] Check Pods Manifest.lock";
			outputPaths = (
				"$(DERIVED_FILE_DIR)/Pods-FLScene-checkManifestLockResult.txt",
			);
			runOnlyForDeploymentPostprocessing = 0;
			shellPath = /bin/sh;
			shellScript = "diff \"${PODS_PODFILE_DIR_PATH}/Podfile.lock\" \"${PODS_ROOT}/Manifest.lock\" > /dev/null\nif [ $? != 0 ] ; then\n    # print error to STDERR\n    echo \"error: The sandbox is not in sync with the Podfile.lock. Run 'pod install' or update your CocoaPods installation.\" >&2\n    exit 1\nfi\n# This output is used by Xcode 'outputs' to avoid re-running this script phase.\necho \"SUCCESS\" > \"${SCRIPT_OUTPUT_FILE_0}\"\n";
			showEnvVarsInLog = 0;
		};
		F97C23A55B4D6F937A84B406 /* [CP] Check Pods Manifest.lock */ = {
			isa = PBXShellScriptBuildPhase;
			buildActionMask = 2147483647;
			files = (
			);
			inputPaths = (
				"${PODS_PODFILE_DIR_PATH}/Podfile.lock",
				"${PODS_ROOT}/Manifest.lock",
			);
			name = "[CP] Check Pods Manifest.lock";
			outputPaths = (
				"$(DERIVED_FILE_DIR)/Pods-FLGame-checkManifestLockResult.txt",
			);
			runOnlyForDeploymentPostprocessing = 0;
			shellPath = /bin/sh;
			shellScript = "diff \"${PODS_PODFILE_DIR_PATH}/Podfile.lock\" \"${PODS_ROOT}/Manifest.lock\" > /dev/null\nif [ $? != 0 ] ; then\n    # print error to STDERR\n    echo \"error: The sandbox is not in sync with the Podfile.lock. Run 'pod install' or update your CocoaPods installation.\" >&2\n    exit 1\nfi\n# This output is used by Xcode 'outputs' to avoid re-running this script phase.\necho \"SUCCESS\" > \"${SCRIPT_OUTPUT_FILE_0}\"\n";
			showEnvVarsInLog = 0;
		};
/* End PBXShellScriptBuildPhase section */

/* Begin PBXSourcesBuildPhase section */
		FA569C6720E589C40094807F /* Sources */ = {
			isa = PBXSourcesBuildPhase;
			buildActionMask = 2147483647;
			files = (
				FAE62919210887D50031FE10 /* SpriteComponent.swift in Sources */,
				FAB7B7F720EA09C4002B2C0B /* StatProgressCell.swift in Sources */,
				FAD8518820F4985C00227AF2 /* SelectAvatarCell.swift in Sources */,
				FA83446A2102F66E005BCF1A /* TileImageGenerator.swift in Sources */,
				FA36929220F18A4B003988D4 /* MainViewController.swift in Sources */,
				FA4A5DF3210C3702001EE222 /* BattleUIController.swift in Sources */,
				FA3691FA20EEC1FE003988D4 /* CTAButtonCell.swift in Sources */,
				FA10721E20E75CBB0046C756 /* ActionCell.swift in Sources */,
				FA10723420E8ACBE0046C756 /* InventoryViewController.swift in Sources */,
				FAF986AF2105CFAB009C8F92 /* TypeConversions.swift in Sources */,
				FA36928F20F083AB003988D4 /* FloatTheme.swift in Sources */,
				FA83447821042BDA005BCF1A /* DungeonScene.swift in Sources */,
				FA36929720F19E7D003988D4 /* StoryPieceViewController.swift in Sources */,
				FA36929920F19ED2003988D4 /* StoryPieceCell.swift in Sources */,
				FAB4BDF1210139360081B5A6 /* TilesGenerator.swift in Sources */,
				FA3691F820EDFCEF003988D4 /* CreatePlayerViewController.swift in Sources */,
				FAF5263A20FC7B550062BC7C /* ProgressBar.swift in Sources */,
				FA10722120E75CC30046C756 /* ForwardNavigationCell.swift in Sources */,
				FA10722320E764E10046C756 /* LandSquareCell.swift in Sources */,
				FA10720220E725130046C756 /* CityViewController.swift in Sources */,
				FA10723120E88AF70046C756 /* SectionHeaderView.swift in Sources */,
				FAF78EA020F73A59005F7E88 /* SkillListViewController.swift in Sources */,
				FA83446C2102F67F005BCF1A /* TileGenContext.swift in Sources */,
				FAB7B7F520EA0956002B2C0B /* PlayerStatsViewController.swift in Sources */,
				FA73C6FE20F353E4006AEF0E /* AvatarEmojiCellCollectionViewCell.swift in Sources */,
				FAF78EA220F73A97005F7E88 /* SkillProgressCell.swift in Sources */,
				FAB4BD5720FF4CB80081B5A6 /* DungeonViewController.swift in Sources */,
				FA8344712103150C005BCF1A /* SKTileMapNode+Additions.swift in Sources */,
				FA4A5DF1210C367A001EE222 /* DungeonBattleNode.swift in Sources */,
				FA10720E20E75A040046C756 /* CityLandController.swift in Sources */,
				FA10720420E7256B0046C756 /* CityDetailsCell.swift in Sources */,
				FA9A5CCB20E97BE100C36110 /* ItemCell.swift in Sources */,
				FA10721D20E75CBB0046C756 /* PlayerViewController.swift in Sources */,
				FA36929520F19D5E003988D4 /* JournalViewController.swift in Sources */,
				FA3691F520EDFB7E003988D4 /* TextFieldCell.swift in Sources */,
				FA569C6F20E589C40094807F /* AppDelegate.swift in Sources */,
				FA10721F20E75CBB0046C756 /* PlayerDetailsCell.swift in Sources */,
				FA3AACA22112F82600955109 /* Map3DViewController.swift in Sources */,
				FAD07A3D20FAD21F007C20D1 /* NPCViewController.swift in Sources */,
				FA73C70020F4027A006AEF0E /* AvatarImageView.swift in Sources */,
				FA73C6FA20F35152006AEF0E /* AvatarSelectionViewController.swift in Sources */,
				FAE6291B210889220031FE10 /* ASSpriteNode.swift in Sources */,
				FA83447621034B5D005BCF1A /* DungeonHeaderView.swift in Sources */,
			);
			runOnlyForDeploymentPostprocessing = 0;
		};
		FA569C7B20E589C70094807F /* Sources */ = {
			isa = PBXSourcesBuildPhase;
			buildActionMask = 2147483647;
			files = (
				FA569C8420E589C70094807F /* floatiosTests.swift in Sources */,
			);
			runOnlyForDeploymentPostprocessing = 0;
		};
		FAACED65211566AA0013CBD3 /* Sources */ = {
			isa = PBXSourcesBuildPhase;
			buildActionMask = 2147483647;
			files = (
				FAACEDD7211568170013CBD3 /* DungeonCharacterEntity.swift in Sources */,
				FAACEDBF211567330013CBD3 /* CityController.swift in Sources */,
				FAACEDC9211567330013CBD3 /* SkillModel.swift in Sources */,
				FAACEDC4211567330013CBD3 /* CityModel.swift in Sources */,
				FAACEDC5211567330013CBD3 /* SearchResultModel.swift in Sources */,
				FAACEDBB211567330013CBD3 /* GKHexMapNode.swift in Sources */,
				FAACEDBA211567330013CBD3 /* DungeonLogicController.swift in Sources */,
				FAACEDC6211567330013CBD3 /* ActionResultModel.swift in Sources */,
				FAACEDD4211567330013CBD3 /* ItemReferenceModel.swift in Sources */,
				FAACEDC2211567330013CBD3 /* MaxValueField.swift in Sources */,
				FAACEDC0211567330013CBD3 /* ActionController.swift in Sources */,
				FAACEDD1211567330013CBD3 /* TerrainReferenceModel.swift in Sources */,
				FAACEDD0211567330013CBD3 /* ActionReferenceModel.swift in Sources */,
				FAACEDD5211567330013CBD3 /* DungeonTileReferenceModel.swift in Sources */,
				FAACED8C211566E30013CBD3 /* NameGenerator.swift in Sources */,
				FAACEDCA211567330013CBD3 /* NonPlayerCharacterModel.swift in Sources */,
				FAACEE0B211588450013CBD3 /* DungeonGenerator.swift in Sources */,
				FAACEDCF211567330013CBD3 /* SkillReferenceModel.swift in Sources */,
				FAACEDB9211567330013CBD3 /* GameController.swift in Sources */,
				FAACEDCD211567330013CBD3 /* PlayerCharacterModel.swift in Sources */,
				FAACEDCC211567330013CBD3 /* JournalEntry.swift in Sources */,
				FAACEDBE211567330013CBD3 /* MajorStateController.swift in Sources */,
				FAACEDBD211567330013CBD3 /* DungeonModel.swift in Sources */,
				FAACEDD2211567330013CBD3 /* StoryReferenceModel.swift in Sources */,
				FAACEDC8211567330013CBD3 /* ItemModel.swift in Sources */,
				FAACED8B211566E30013CBD3 /* HexGridMath.swift in Sources */,
				FAACEDCE211567330013CBD3 /* LoreModel.swift in Sources */,
				FAACEDC1211567330013CBD3 /* ReferenceController.swift in Sources */,
				FAACEDD92115688D0013CBD3 /* MonsterEntity.swift in Sources */,
				FAACEDB8211567330013CBD3 /* PlayerCharacterController.swift in Sources */,
				FAACEDBC211567330013CBD3 /* GridEntity.swift in Sources */,
				FAACEDC3211567330013CBD3 /* LandPlotModel.swift in Sources */,
				FAACEDB6211567330013CBD3 /* BattleController.swift in Sources */,
				FAACEDCB211567330013CBD3 /* CharacterModel.swift in Sources */,
				FAACEDC7211567330013CBD3 /* InventoryModel.swift in Sources */,
				FAACEDD3211567330013CBD3 /* MonsterReferenceModel.swift in Sources */,
				FAACEDB7211567330013CBD3 /* NPCController.swift in Sources */,
			);
			runOnlyForDeploymentPostprocessing = 0;
		};
		FAACED6E211566AA0013CBD3 /* Sources */ = {
			isa = PBXSourcesBuildPhase;
			buildActionMask = 2147483647;
			files = (
				FAACED7A211566AA0013CBD3 /* FLGameTests.swift in Sources */,
			);
			runOnlyForDeploymentPostprocessing = 0;
		};
		FAACEDDA21157D080013CBD3 /* Sources */ = {
			isa = PBXSourcesBuildPhase;
			buildActionMask = 2147483647;
			files = (
				FAACEE04211582FB0013CBD3 /* Hex3DMath.swift in Sources */,
				FAACEE01211582FB0013CBD3 /* Map3DScene.swift in Sources */,
				FAACEE02211582FB0013CBD3 /* HexGeometry.swift in Sources */,
				FAACEE03211582FB0013CBD3 /* GeometryStore.swift in Sources */,
				FAACEE05211582FB0013CBD3 /* Hex3DMapNode.swift in Sources */,
				FAACEE06211582FB0013CBD3 /* HexTextureGenerator.swift in Sources */,
			);
			runOnlyForDeploymentPostprocessing = 0;
		};
/* End PBXSourcesBuildPhase section */

/* Begin PBXTargetDependency section */
		FA569C8120E589C70094807F /* PBXTargetDependency */ = {
			isa = PBXTargetDependency;
			target = FA569C6A20E589C40094807F /* floatios */;
			targetProxy = FA569C8020E589C70094807F /* PBXContainerItemProxy */;
		};
		FAACED75211566AA0013CBD3 /* PBXTargetDependency */ = {
			isa = PBXTargetDependency;
			target = FAACED69211566AA0013CBD3 /* FLGame */;
			targetProxy = FAACED74211566AA0013CBD3 /* PBXContainerItemProxy */;
		};
		FAACED77211566AA0013CBD3 /* PBXTargetDependency */ = {
			isa = PBXTargetDependency;
			target = FA569C6A20E589C40094807F /* floatios */;
			targetProxy = FAACED76211566AA0013CBD3 /* PBXContainerItemProxy */;
		};
		FAACED7E211566AA0013CBD3 /* PBXTargetDependency */ = {
			isa = PBXTargetDependency;
			target = FAACED69211566AA0013CBD3 /* FLGame */;
			targetProxy = FAACED7D211566AA0013CBD3 /* PBXContainerItemProxy */;
		};
		FAACEDE521157D080013CBD3 /* PBXTargetDependency */ = {
			isa = PBXTargetDependency;
			target = FAACEDDE21157D080013CBD3 /* FLScene */;
			targetProxy = FAACEDE421157D080013CBD3 /* PBXContainerItemProxy */;
		};
/* End PBXTargetDependency section */

/* Begin PBXVariantGroup section */
		FA569C7720E589C70094807F /* LaunchScreen.storyboard */ = {
			isa = PBXVariantGroup;
			children = (
				FA569C7820E589C70094807F /* Base */,
			);
			name = LaunchScreen.storyboard;
			sourceTree = "<group>";
		};
/* End PBXVariantGroup section */

/* Begin XCBuildConfiguration section */
		FA569C8620E589C70094807F /* Debug */ = {
			isa = XCBuildConfiguration;
			buildSettings = {
				ALWAYS_SEARCH_USER_PATHS = NO;
				CLANG_ANALYZER_NONNULL = YES;
				CLANG_ANALYZER_NUMBER_OBJECT_CONVERSION = YES_AGGRESSIVE;
				CLANG_CXX_LANGUAGE_STANDARD = "gnu++14";
				CLANG_CXX_LIBRARY = "libc++";
				CLANG_ENABLE_MODULES = YES;
				CLANG_ENABLE_OBJC_ARC = YES;
				CLANG_ENABLE_OBJC_WEAK = YES;
				CLANG_WARN_BLOCK_CAPTURE_AUTORELEASING = YES;
				CLANG_WARN_BOOL_CONVERSION = YES;
				CLANG_WARN_COMMA = YES;
				CLANG_WARN_CONSTANT_CONVERSION = YES;
				CLANG_WARN_DEPRECATED_OBJC_IMPLEMENTATIONS = YES;
				CLANG_WARN_DIRECT_OBJC_ISA_USAGE = YES_ERROR;
				CLANG_WARN_DOCUMENTATION_COMMENTS = YES;
				CLANG_WARN_EMPTY_BODY = YES;
				CLANG_WARN_ENUM_CONVERSION = YES;
				CLANG_WARN_INFINITE_RECURSION = YES;
				CLANG_WARN_INT_CONVERSION = YES;
				CLANG_WARN_NON_LITERAL_NULL_CONVERSION = YES;
				CLANG_WARN_OBJC_IMPLICIT_RETAIN_SELF = YES;
				CLANG_WARN_OBJC_LITERAL_CONVERSION = YES;
				CLANG_WARN_OBJC_ROOT_CLASS = YES_ERROR;
				CLANG_WARN_RANGE_LOOP_ANALYSIS = YES;
				CLANG_WARN_STRICT_PROTOTYPES = YES;
				CLANG_WARN_SUSPICIOUS_MOVE = YES;
				CLANG_WARN_UNGUARDED_AVAILABILITY = YES_AGGRESSIVE;
				CLANG_WARN_UNREACHABLE_CODE = YES;
				CLANG_WARN__DUPLICATE_METHOD_MATCH = YES;
				CODE_SIGN_IDENTITY = "iPhone Developer";
				COPY_PHASE_STRIP = NO;
				DEBUG_INFORMATION_FORMAT = dwarf;
				ENABLE_STRICT_OBJC_MSGSEND = YES;
				ENABLE_TESTABILITY = YES;
				GCC_C_LANGUAGE_STANDARD = gnu11;
				GCC_DYNAMIC_NO_PIC = NO;
				GCC_NO_COMMON_BLOCKS = YES;
				GCC_OPTIMIZATION_LEVEL = 0;
				GCC_PREPROCESSOR_DEFINITIONS = (
					"DEBUG=1",
					"$(inherited)",
				);
				GCC_WARN_64_TO_32_BIT_CONVERSION = YES;
				GCC_WARN_ABOUT_RETURN_TYPE = YES_ERROR;
				GCC_WARN_UNDECLARED_SELECTOR = YES;
				GCC_WARN_UNINITIALIZED_AUTOS = YES_AGGRESSIVE;
				GCC_WARN_UNUSED_FUNCTION = YES;
				GCC_WARN_UNUSED_VARIABLE = YES;
				IPHONEOS_DEPLOYMENT_TARGET = 11.4;
				MTL_ENABLE_DEBUG_INFO = YES;
				ONLY_ACTIVE_ARCH = YES;
				SDKROOT = iphoneos;
				SWIFT_ACTIVE_COMPILATION_CONDITIONS = DEBUG;
				SWIFT_OPTIMIZATION_LEVEL = "-Onone";
			};
			name = Debug;
		};
		FA569C8720E589C70094807F /* Release */ = {
			isa = XCBuildConfiguration;
			buildSettings = {
				ALWAYS_SEARCH_USER_PATHS = NO;
				CLANG_ANALYZER_NONNULL = YES;
				CLANG_ANALYZER_NUMBER_OBJECT_CONVERSION = YES_AGGRESSIVE;
				CLANG_CXX_LANGUAGE_STANDARD = "gnu++14";
				CLANG_CXX_LIBRARY = "libc++";
				CLANG_ENABLE_MODULES = YES;
				CLANG_ENABLE_OBJC_ARC = YES;
				CLANG_ENABLE_OBJC_WEAK = YES;
				CLANG_WARN_BLOCK_CAPTURE_AUTORELEASING = YES;
				CLANG_WARN_BOOL_CONVERSION = YES;
				CLANG_WARN_COMMA = YES;
				CLANG_WARN_CONSTANT_CONVERSION = YES;
				CLANG_WARN_DEPRECATED_OBJC_IMPLEMENTATIONS = YES;
				CLANG_WARN_DIRECT_OBJC_ISA_USAGE = YES_ERROR;
				CLANG_WARN_DOCUMENTATION_COMMENTS = YES;
				CLANG_WARN_EMPTY_BODY = YES;
				CLANG_WARN_ENUM_CONVERSION = YES;
				CLANG_WARN_INFINITE_RECURSION = YES;
				CLANG_WARN_INT_CONVERSION = YES;
				CLANG_WARN_NON_LITERAL_NULL_CONVERSION = YES;
				CLANG_WARN_OBJC_IMPLICIT_RETAIN_SELF = YES;
				CLANG_WARN_OBJC_LITERAL_CONVERSION = YES;
				CLANG_WARN_OBJC_ROOT_CLASS = YES_ERROR;
				CLANG_WARN_RANGE_LOOP_ANALYSIS = YES;
				CLANG_WARN_STRICT_PROTOTYPES = YES;
				CLANG_WARN_SUSPICIOUS_MOVE = YES;
				CLANG_WARN_UNGUARDED_AVAILABILITY = YES_AGGRESSIVE;
				CLANG_WARN_UNREACHABLE_CODE = YES;
				CLANG_WARN__DUPLICATE_METHOD_MATCH = YES;
				CODE_SIGN_IDENTITY = "iPhone Developer";
				COPY_PHASE_STRIP = NO;
				DEBUG_INFORMATION_FORMAT = "dwarf-with-dsym";
				ENABLE_NS_ASSERTIONS = NO;
				ENABLE_STRICT_OBJC_MSGSEND = YES;
				GCC_C_LANGUAGE_STANDARD = gnu11;
				GCC_NO_COMMON_BLOCKS = YES;
				GCC_WARN_64_TO_32_BIT_CONVERSION = YES;
				GCC_WARN_ABOUT_RETURN_TYPE = YES_ERROR;
				GCC_WARN_UNDECLARED_SELECTOR = YES;
				GCC_WARN_UNINITIALIZED_AUTOS = YES_AGGRESSIVE;
				GCC_WARN_UNUSED_FUNCTION = YES;
				GCC_WARN_UNUSED_VARIABLE = YES;
				IPHONEOS_DEPLOYMENT_TARGET = 11.4;
				MTL_ENABLE_DEBUG_INFO = NO;
				SDKROOT = iphoneos;
				SWIFT_COMPILATION_MODE = wholemodule;
				SWIFT_OPTIMIZATION_LEVEL = "-O";
				VALIDATE_PRODUCT = YES;
			};
			name = Release;
		};
		FA569C8920E589C70094807F /* Debug */ = {
			isa = XCBuildConfiguration;
			baseConfigurationReference = A8C261F0D0E00D7A1479A134 /* Pods-floatios.debug.xcconfig */;
			buildSettings = {
				ALWAYS_EMBED_SWIFT_STANDARD_LIBRARIES = YES;
				ASSETCATALOG_COMPILER_APPICON_NAME = AppIcon;
				CODE_SIGN_STYLE = Automatic;
				DEVELOPMENT_TEAM = X4S6MUZL2D;
				INFOPLIST_FILE = floatios/Info.plist;
				LD_RUNPATH_SEARCH_PATHS = (
					"$(inherited)",
					"@executable_path/Frameworks",
				);
				PRODUCT_BUNDLE_IDENTIFIER = com.skorulis.floatios;
				PRODUCT_NAME = "$(TARGET_NAME)";
				SWIFT_VERSION = 4.0;
				TARGETED_DEVICE_FAMILY = "1,2";
			};
			name = Debug;
		};
		FA569C8A20E589C70094807F /* Release */ = {
			isa = XCBuildConfiguration;
			baseConfigurationReference = 1ED52F9FC4641FB6B680F73B /* Pods-floatios.release.xcconfig */;
			buildSettings = {
				ALWAYS_EMBED_SWIFT_STANDARD_LIBRARIES = YES;
				ASSETCATALOG_COMPILER_APPICON_NAME = AppIcon;
				CODE_SIGN_STYLE = Automatic;
				DEVELOPMENT_TEAM = X4S6MUZL2D;
				INFOPLIST_FILE = floatios/Info.plist;
				LD_RUNPATH_SEARCH_PATHS = (
					"$(inherited)",
					"@executable_path/Frameworks",
				);
				PRODUCT_BUNDLE_IDENTIFIER = com.skorulis.floatios;
				PRODUCT_NAME = "$(TARGET_NAME)";
				SWIFT_VERSION = 4.0;
				TARGETED_DEVICE_FAMILY = "1,2";
			};
			name = Release;
		};
		FA569C8C20E589C70094807F /* Debug */ = {
			isa = XCBuildConfiguration;
			baseConfigurationReference = 8C837A241FAA34ADC1F030C8 /* Pods-floatiosTests.debug.xcconfig */;
			buildSettings = {
				ALWAYS_EMBED_SWIFT_STANDARD_LIBRARIES = YES;
				BUNDLE_LOADER = "$(TEST_HOST)";
				CODE_SIGN_STYLE = Automatic;
				DEVELOPMENT_TEAM = X4S6MUZL2D;
				INFOPLIST_FILE = floatiosTests/Info.plist;
				LD_RUNPATH_SEARCH_PATHS = (
					"$(inherited)",
					"@executable_path/Frameworks",
					"@loader_path/Frameworks",
				);
				PRODUCT_BUNDLE_IDENTIFIER = com.skorulis.floatiosTests;
				PRODUCT_NAME = "$(TARGET_NAME)";
				SWIFT_VERSION = 4.0;
				TARGETED_DEVICE_FAMILY = "1,2";
				TEST_HOST = "$(BUILT_PRODUCTS_DIR)/floatios.app/floatios";
			};
			name = Debug;
		};
		FA569C8D20E589C70094807F /* Release */ = {
			isa = XCBuildConfiguration;
			baseConfigurationReference = A784F48876FFCE1D59AFE78C /* Pods-floatiosTests.release.xcconfig */;
			buildSettings = {
				ALWAYS_EMBED_SWIFT_STANDARD_LIBRARIES = YES;
				BUNDLE_LOADER = "$(TEST_HOST)";
				CODE_SIGN_STYLE = Automatic;
				DEVELOPMENT_TEAM = X4S6MUZL2D;
				INFOPLIST_FILE = floatiosTests/Info.plist;
				LD_RUNPATH_SEARCH_PATHS = (
					"$(inherited)",
					"@executable_path/Frameworks",
					"@loader_path/Frameworks",
				);
				PRODUCT_BUNDLE_IDENTIFIER = com.skorulis.floatiosTests;
				PRODUCT_NAME = "$(TARGET_NAME)";
				SWIFT_VERSION = 4.0;
				TARGETED_DEVICE_FAMILY = "1,2";
				TEST_HOST = "$(BUILT_PRODUCTS_DIR)/floatios.app/floatios";
			};
			name = Release;
		};
		FAACED81211566AA0013CBD3 /* Debug */ = {
			isa = XCBuildConfiguration;
			baseConfigurationReference = C9E851A4171D10F8A333A909 /* Pods-FLGame.debug.xcconfig */;
			buildSettings = {
				CODE_SIGN_IDENTITY = "";
				CODE_SIGN_STYLE = Automatic;
				CURRENT_PROJECT_VERSION = 1;
				DEFINES_MODULE = YES;
				DEVELOPMENT_TEAM = X4S6MUZL2D;
				DYLIB_COMPATIBILITY_VERSION = 1;
				DYLIB_CURRENT_VERSION = 1;
				DYLIB_INSTALL_NAME_BASE = "@rpath";
				INFOPLIST_FILE = FLGame/Info.plist;
				INSTALL_PATH = "$(LOCAL_LIBRARY_DIR)/Frameworks";
				LD_RUNPATH_SEARCH_PATHS = (
					"$(inherited)",
					"@executable_path/Frameworks",
					"@loader_path/Frameworks",
				);
				PRODUCT_BUNDLE_IDENTIFIER = com.skorulis.FLGame;
				PRODUCT_NAME = "$(TARGET_NAME:c99extidentifier)";
				SKIP_INSTALL = YES;
				SUPPORTED_PLATFORMS = "iphonesimulator iphoneos macosx";
				SWIFT_VERSION = 4.0;
				TARGETED_DEVICE_FAMILY = "1,2";
				VERSIONING_SYSTEM = "apple-generic";
				VERSION_INFO_PREFIX = "";
			};
			name = Debug;
		};
		FAACED82211566AA0013CBD3 /* Release */ = {
			isa = XCBuildConfiguration;
			baseConfigurationReference = 899EF92E83B1036F6764BD63 /* Pods-FLGame.release.xcconfig */;
			buildSettings = {
				CODE_SIGN_IDENTITY = "";
				CODE_SIGN_STYLE = Automatic;
				CURRENT_PROJECT_VERSION = 1;
				DEFINES_MODULE = YES;
				DEVELOPMENT_TEAM = X4S6MUZL2D;
				DYLIB_COMPATIBILITY_VERSION = 1;
				DYLIB_CURRENT_VERSION = 1;
				DYLIB_INSTALL_NAME_BASE = "@rpath";
				INFOPLIST_FILE = FLGame/Info.plist;
				INSTALL_PATH = "$(LOCAL_LIBRARY_DIR)/Frameworks";
				LD_RUNPATH_SEARCH_PATHS = (
					"$(inherited)",
					"@executable_path/Frameworks",
					"@loader_path/Frameworks",
				);
				PRODUCT_BUNDLE_IDENTIFIER = com.skorulis.FLGame;
				PRODUCT_NAME = "$(TARGET_NAME:c99extidentifier)";
				SKIP_INSTALL = YES;
				SUPPORTED_PLATFORMS = "iphonesimulator iphoneos macosx";
				SWIFT_VERSION = 4.0;
				TARGETED_DEVICE_FAMILY = "1,2";
				VERSIONING_SYSTEM = "apple-generic";
				VERSION_INFO_PREFIX = "";
			};
			name = Release;
		};
		FAACED83211566AA0013CBD3 /* Debug */ = {
			isa = XCBuildConfiguration;
			buildSettings = {
				ALWAYS_EMBED_SWIFT_STANDARD_LIBRARIES = YES;
				CODE_SIGN_STYLE = Automatic;
				DEVELOPMENT_TEAM = X4S6MUZL2D;
				INFOPLIST_FILE = FLGameTests/Info.plist;
				LD_RUNPATH_SEARCH_PATHS = (
					"$(inherited)",
					"@executable_path/Frameworks",
					"@loader_path/Frameworks",
				);
				PRODUCT_BUNDLE_IDENTIFIER = com.skorulis.FLGameTests;
				PRODUCT_NAME = "$(TARGET_NAME)";
				SWIFT_VERSION = 4.0;
				TARGETED_DEVICE_FAMILY = "1,2";
				TEST_HOST = "$(BUILT_PRODUCTS_DIR)/floatios.app/floatios";
			};
			name = Debug;
		};
		FAACED84211566AA0013CBD3 /* Release */ = {
			isa = XCBuildConfiguration;
			buildSettings = {
				ALWAYS_EMBED_SWIFT_STANDARD_LIBRARIES = YES;
				CODE_SIGN_STYLE = Automatic;
				DEVELOPMENT_TEAM = X4S6MUZL2D;
				INFOPLIST_FILE = FLGameTests/Info.plist;
				LD_RUNPATH_SEARCH_PATHS = (
					"$(inherited)",
					"@executable_path/Frameworks",
					"@loader_path/Frameworks",
				);
				PRODUCT_BUNDLE_IDENTIFIER = com.skorulis.FLGameTests;
				PRODUCT_NAME = "$(TARGET_NAME)";
				SWIFT_VERSION = 4.0;
				TARGETED_DEVICE_FAMILY = "1,2";
				TEST_HOST = "$(BUILT_PRODUCTS_DIR)/floatios.app/floatios";
			};
			name = Release;
		};
		FAACEDE921157D080013CBD3 /* Debug */ = {
			isa = XCBuildConfiguration;
			baseConfigurationReference = A1975759B5BB5D8739295E8E /* Pods-FLScene.debug.xcconfig */;
			buildSettings = {
				CODE_SIGN_IDENTITY = "";
				CODE_SIGN_STYLE = Automatic;
				CURRENT_PROJECT_VERSION = 1;
				DEFINES_MODULE = YES;
				DEVELOPMENT_TEAM = X4S6MUZL2D;
				DYLIB_COMPATIBILITY_VERSION = 1;
				DYLIB_CURRENT_VERSION = 1;
				DYLIB_INSTALL_NAME_BASE = "@rpath";
				INFOPLIST_FILE = FLScene/Info.plist;
				INSTALL_PATH = "$(LOCAL_LIBRARY_DIR)/Frameworks";
				LD_RUNPATH_SEARCH_PATHS = (
					"$(inherited)",
					"@executable_path/Frameworks",
					"@loader_path/Frameworks",
				);
				PRODUCT_BUNDLE_IDENTIFIER = com.skorulis.FLScene;
				PRODUCT_NAME = "$(TARGET_NAME:c99extidentifier)";
				SKIP_INSTALL = YES;
				SWIFT_VERSION = 4.0;
				TARGETED_DEVICE_FAMILY = "1,2";
				VERSIONING_SYSTEM = "apple-generic";
				VERSION_INFO_PREFIX = "";
			};
			name = Debug;
		};
		FAACEDEA21157D080013CBD3 /* Release */ = {
			isa = XCBuildConfiguration;
			baseConfigurationReference = D16F66FC0DBF2AB1FC13638F /* Pods-FLScene.release.xcconfig */;
			buildSettings = {
				CODE_SIGN_IDENTITY = "";
				CODE_SIGN_STYLE = Automatic;
				CURRENT_PROJECT_VERSION = 1;
				DEFINES_MODULE = YES;
				DEVELOPMENT_TEAM = X4S6MUZL2D;
				DYLIB_COMPATIBILITY_VERSION = 1;
				DYLIB_CURRENT_VERSION = 1;
				DYLIB_INSTALL_NAME_BASE = "@rpath";
				INFOPLIST_FILE = FLScene/Info.plist;
				INSTALL_PATH = "$(LOCAL_LIBRARY_DIR)/Frameworks";
				LD_RUNPATH_SEARCH_PATHS = (
					"$(inherited)",
					"@executable_path/Frameworks",
					"@loader_path/Frameworks",
				);
				PRODUCT_BUNDLE_IDENTIFIER = com.skorulis.FLScene;
				PRODUCT_NAME = "$(TARGET_NAME:c99extidentifier)";
				SKIP_INSTALL = YES;
				SWIFT_VERSION = 4.0;
				TARGETED_DEVICE_FAMILY = "1,2";
				VERSIONING_SYSTEM = "apple-generic";
				VERSION_INFO_PREFIX = "";
			};
			name = Release;
		};
/* End XCBuildConfiguration section */

/* Begin XCConfigurationList section */
		FA569C6620E589C40094807F /* Build configuration list for PBXProject "floatios" */ = {
			isa = XCConfigurationList;
			buildConfigurations = (
				FA569C8620E589C70094807F /* Debug */,
				FA569C8720E589C70094807F /* Release */,
			);
			defaultConfigurationIsVisible = 0;
			defaultConfigurationName = Release;
		};
		FA569C8820E589C70094807F /* Build configuration list for PBXNativeTarget "floatios" */ = {
			isa = XCConfigurationList;
			buildConfigurations = (
				FA569C8920E589C70094807F /* Debug */,
				FA569C8A20E589C70094807F /* Release */,
			);
			defaultConfigurationIsVisible = 0;
			defaultConfigurationName = Release;
		};
		FA569C8B20E589C70094807F /* Build configuration list for PBXNativeTarget "floatiosTests" */ = {
			isa = XCConfigurationList;
			buildConfigurations = (
				FA569C8C20E589C70094807F /* Debug */,
				FA569C8D20E589C70094807F /* Release */,
			);
			defaultConfigurationIsVisible = 0;
			defaultConfigurationName = Release;
		};
		FAACED85211566AA0013CBD3 /* Build configuration list for PBXNativeTarget "FLGame" */ = {
			isa = XCConfigurationList;
			buildConfigurations = (
				FAACED81211566AA0013CBD3 /* Debug */,
				FAACED82211566AA0013CBD3 /* Release */,
			);
			defaultConfigurationIsVisible = 0;
			defaultConfigurationName = Release;
		};
		FAACED87211566AA0013CBD3 /* Build configuration list for PBXNativeTarget "FLGameTests" */ = {
			isa = XCConfigurationList;
			buildConfigurations = (
				FAACED83211566AA0013CBD3 /* Debug */,
				FAACED84211566AA0013CBD3 /* Release */,
			);
			defaultConfigurationIsVisible = 0;
			defaultConfigurationName = Release;
		};
		FAACEDE821157D080013CBD3 /* Build configuration list for PBXNativeTarget "FLScene" */ = {
			isa = XCConfigurationList;
			buildConfigurations = (
				FAACEDE921157D080013CBD3 /* Debug */,
				FAACEDEA21157D080013CBD3 /* Release */,
			);
			defaultConfigurationIsVisible = 0;
			defaultConfigurationName = Release;
		};
/* End XCConfigurationList section */
	};
	rootObject = FA569C6320E589C40094807F /* Project object */;
}
