// !$*UTF8*$!
{
	archiveVersion = 1;
	classes = {
	};
	objectVersion = 50;
	objects = {

/* Begin PBXBuildFile section */
		63D75B383746D953BD853888 /* Pods_FloatMac.framework in Frameworks */ = {isa = PBXBuildFile; fileRef = FF54310057E0DF8242900A06 /* Pods_FloatMac.framework */; };
		93C000E06853CF176D6CCC95 /* Pods_floatios.framework in Frameworks */ = {isa = PBXBuildFile; fileRef = 23589CF1D59E460A2BC273F1 /* Pods_floatios.framework */; };
		D7ADF30D0522FA469DC67C80 /* Pods_floatiosTests.framework in Frameworks */ = {isa = PBXBuildFile; fileRef = 0E85B4751AB4B1861E3EEC2E /* Pods_floatiosTests.framework */; };
		FA10720220E725130046C756 /* CityViewController.swift in Sources */ = {isa = PBXBuildFile; fileRef = FA10720120E725130046C756 /* CityViewController.swift */; };
		FA10720420E7256B0046C756 /* CityDetailsCell.swift in Sources */ = {isa = PBXBuildFile; fileRef = FA10720320E7256B0046C756 /* CityDetailsCell.swift */; };
		FA10720E20E75A040046C756 /* CityLandController.swift in Sources */ = {isa = PBXBuildFile; fileRef = FA10720D20E75A040046C756 /* CityLandController.swift */; };
		FA10721D20E75CBB0046C756 /* PlayerViewController.swift in Sources */ = {isa = PBXBuildFile; fileRef = FA10721A20E75CBB0046C756 /* PlayerViewController.swift */; };
		FA10721E20E75CBB0046C756 /* ActionCell.swift in Sources */ = {isa = PBXBuildFile; fileRef = FA10721B20E75CBB0046C756 /* ActionCell.swift */; };
		FA10721F20E75CBB0046C756 /* PlayerDetailsCell.swift in Sources */ = {isa = PBXBuildFile; fileRef = FA10721C20E75CBB0046C756 /* PlayerDetailsCell.swift */; };
		FA10722120E75CC30046C756 /* ForwardNavigationCell.swift in Sources */ = {isa = PBXBuildFile; fileRef = FA10722020E75CC30046C756 /* ForwardNavigationCell.swift */; };
		FA10722320E764E10046C756 /* LandSquareCell.swift in Sources */ = {isa = PBXBuildFile; fileRef = FA10722220E764E10046C756 /* LandSquareCell.swift */; };
		FA10723120E88AF70046C756 /* SectionHeaderView.swift in Sources */ = {isa = PBXBuildFile; fileRef = FA10723020E88AF70046C756 /* SectionHeaderView.swift */; };
		FA10723420E8ACBE0046C756 /* InventoryViewController.swift in Sources */ = {isa = PBXBuildFile; fileRef = FA10723320E8ACBE0046C756 /* InventoryViewController.swift */; };
		FA1C3E5121170F5D0062FC05 /* LoreListViewController.swift in Sources */ = {isa = PBXBuildFile; fileRef = FA1C3E5021170F5D0062FC05 /* LoreListViewController.swift */; };
		FA1C3E5F2117D0CE0062FC05 /* AppDelegate.swift in Sources */ = {isa = PBXBuildFile; fileRef = FA1C3E5E2117D0CE0062FC05 /* AppDelegate.swift */; };
		FA1C3E612117D0CE0062FC05 /* GameViewController.swift in Sources */ = {isa = PBXBuildFile; fileRef = FA1C3E602117D0CE0062FC05 /* GameViewController.swift */; };
		FA1C3E632117D0CE0062FC05 /* art.scnassets in Resources */ = {isa = PBXBuildFile; fileRef = FA1C3E622117D0CE0062FC05 /* art.scnassets */; };
		FA1C3E652117D0D00062FC05 /* Assets.xcassets in Resources */ = {isa = PBXBuildFile; fileRef = FA1C3E642117D0D00062FC05 /* Assets.xcassets */; };
		FA1C3E682117D0D00062FC05 /* Main.storyboard in Resources */ = {isa = PBXBuildFile; fileRef = FA1C3E662117D0D00062FC05 /* Main.storyboard */; };
		FA3691F520EDFB7E003988D4 /* TextFieldCell.swift in Sources */ = {isa = PBXBuildFile; fileRef = FA3691F420EDFB7E003988D4 /* TextFieldCell.swift */; };
		FA3691F820EDFCEF003988D4 /* CreatePlayerViewController.swift in Sources */ = {isa = PBXBuildFile; fileRef = FA3691F720EDFCEF003988D4 /* CreatePlayerViewController.swift */; };
		FA3691FA20EEC1FE003988D4 /* CTAButtonCell.swift in Sources */ = {isa = PBXBuildFile; fileRef = FA3691F920EEC1FE003988D4 /* CTAButtonCell.swift */; };
		FA36928F20F083AB003988D4 /* FloatTheme.swift in Sources */ = {isa = PBXBuildFile; fileRef = FA36928E20F083AB003988D4 /* FloatTheme.swift */; };
		FA36929220F18A4B003988D4 /* MainViewController.swift in Sources */ = {isa = PBXBuildFile; fileRef = FA36929120F18A4B003988D4 /* MainViewController.swift */; };
		FA36929520F19D5E003988D4 /* JournalViewController.swift in Sources */ = {isa = PBXBuildFile; fileRef = FA36929420F19D5E003988D4 /* JournalViewController.swift */; };
		FA36929720F19E7D003988D4 /* StoryPieceViewController.swift in Sources */ = {isa = PBXBuildFile; fileRef = FA36929620F19E7D003988D4 /* StoryPieceViewController.swift */; };
		FA36929920F19ED2003988D4 /* StoryPieceCell.swift in Sources */ = {isa = PBXBuildFile; fileRef = FA36929820F19ED2003988D4 /* StoryPieceCell.swift */; };
		FA3AACA22112F82600955109 /* Map3DViewController.swift in Sources */ = {isa = PBXBuildFile; fileRef = FA3AACA12112F82600955109 /* Map3DViewController.swift */; };
		FA569C6F20E589C40094807F /* AppDelegate.swift in Sources */ = {isa = PBXBuildFile; fileRef = FA569C6E20E589C40094807F /* AppDelegate.swift */; };
		FA569C7920E589C70094807F /* LaunchScreen.storyboard in Resources */ = {isa = PBXBuildFile; fileRef = FA569C7720E589C70094807F /* LaunchScreen.storyboard */; };
		FA569C8420E589C70094807F /* floatiosTests.swift in Sources */ = {isa = PBXBuildFile; fileRef = FA569C8320E589C70094807F /* floatiosTests.swift */; };
		FA73C6FA20F35152006AEF0E /* AvatarSelectionViewController.swift in Sources */ = {isa = PBXBuildFile; fileRef = FA73C6F920F35152006AEF0E /* AvatarSelectionViewController.swift */; };
		FA73C6FE20F353E4006AEF0E /* AvatarEmojiCellCollectionViewCell.swift in Sources */ = {isa = PBXBuildFile; fileRef = FA73C6FD20F353E4006AEF0E /* AvatarEmojiCellCollectionViewCell.swift */; };
		FA73C70020F4027A006AEF0E /* AvatarImageView.swift in Sources */ = {isa = PBXBuildFile; fileRef = FA73C6FF20F40279006AEF0E /* AvatarImageView.swift */; };
		FA9A5CCB20E97BE100C36110 /* ItemCell.swift in Sources */ = {isa = PBXBuildFile; fileRef = FA9A5CCA20E97BE100C36110 /* ItemCell.swift */; };
		FAB7B7F520EA0956002B2C0B /* PlayerStatsViewController.swift in Sources */ = {isa = PBXBuildFile; fileRef = FAB7B7F420EA0956002B2C0B /* PlayerStatsViewController.swift */; };
		FAB7B7F720EA09C4002B2C0B /* StatProgressCell.swift in Sources */ = {isa = PBXBuildFile; fileRef = FAB7B7F620EA09C4002B2C0B /* StatProgressCell.swift */; };
		FAD07A3D20FAD21F007C20D1 /* NPCViewController.swift in Sources */ = {isa = PBXBuildFile; fileRef = FAD07A3C20FAD21F007C20D1 /* NPCViewController.swift */; };
		FAD3F28521201A8F00D64A10 /* scene1.scn in Resources */ = {isa = PBXBuildFile; fileRef = FAD3F28421201A8F00D64A10 /* scene1.scn */; };
		FAD3F28621201A8F00D64A10 /* scene1.scn in Resources */ = {isa = PBXBuildFile; fileRef = FAD3F28421201A8F00D64A10 /* scene1.scn */; };
		FAD8518820F4985C00227AF2 /* SelectAvatarCell.swift in Sources */ = {isa = PBXBuildFile; fileRef = FAD8518720F4985C00227AF2 /* SelectAvatarCell.swift */; };
		FAF5263A20FC7B550062BC7C /* ProgressBar.swift in Sources */ = {isa = PBXBuildFile; fileRef = FAF5263920FC7B550062BC7C /* ProgressBar.swift */; };
		FAF78EA020F73A59005F7E88 /* SkillListViewController.swift in Sources */ = {isa = PBXBuildFile; fileRef = FAF78E9F20F73A59005F7E88 /* SkillListViewController.swift */; };
		FAF78EA220F73A97005F7E88 /* SkillProgressCell.swift in Sources */ = {isa = PBXBuildFile; fileRef = FAF78EA120F73A97005F7E88 /* SkillProgressCell.swift */; };
		FAF986AF2105CFAB009C8F92 /* TypeConversions.swift in Sources */ = {isa = PBXBuildFile; fileRef = FAF986AE2105CFAB009C8F92 /* TypeConversions.swift */; };
/* End PBXBuildFile section */

/* Begin PBXContainerItemProxy section */
		FA569C8020E589C70094807F /* PBXContainerItemProxy */ = {
			isa = PBXContainerItemProxy;
			containerPortal = FA569C6320E589C40094807F /* Project object */;
			proxyType = 1;
			remoteGlobalIDString = FA569C6A20E589C40094807F;
			remoteInfo = floatios;
		};
/* End PBXContainerItemProxy section */

/* Begin PBXCopyFilesBuildPhase section */
		FAACED86211566AA0013CBD3 /* Embed Frameworks */ = {
			isa = PBXCopyFilesBuildPhase;
			buildActionMask = 2147483647;
			dstPath = "";
			dstSubfolderSpec = 10;
			files = (
			);
			name = "Embed Frameworks";
			runOnlyForDeploymentPostprocessing = 0;
		};
/* End PBXCopyFilesBuildPhase section */

/* Begin PBXFileReference section */
		0E85B4751AB4B1861E3EEC2E /* Pods_floatiosTests.framework */ = {isa = PBXFileReference; explicitFileType = wrapper.framework; includeInIndex = 0; path = Pods_floatiosTests.framework; sourceTree = BUILT_PRODUCTS_DIR; };
		1ED52F9FC4641FB6B680F73B /* Pods-floatios.release.xcconfig */ = {isa = PBXFileReference; includeInIndex = 1; lastKnownFileType = text.xcconfig; name = "Pods-floatios.release.xcconfig"; path = "Pods/Target Support Files/Pods-floatios/Pods-floatios.release.xcconfig"; sourceTree = "<group>"; };
		23589CF1D59E460A2BC273F1 /* Pods_floatios.framework */ = {isa = PBXFileReference; explicitFileType = wrapper.framework; includeInIndex = 0; path = Pods_floatios.framework; sourceTree = BUILT_PRODUCTS_DIR; };
		531ACCF547B6557E30D2B5ED /* Pods-FloatMac.release.xcconfig */ = {isa = PBXFileReference; includeInIndex = 1; lastKnownFileType = text.xcconfig; name = "Pods-FloatMac.release.xcconfig"; path = "Pods/Target Support Files/Pods-FloatMac/Pods-FloatMac.release.xcconfig"; sourceTree = "<group>"; };
		54BE253D306BB6B2620AD05F /* Pods_FLScene.framework */ = {isa = PBXFileReference; explicitFileType = wrapper.framework; includeInIndex = 0; path = Pods_FLScene.framework; sourceTree = BUILT_PRODUCTS_DIR; };
		660D92C5278324306E0365F9 /* Pods_FLGame.framework */ = {isa = PBXFileReference; explicitFileType = wrapper.framework; includeInIndex = 0; path = Pods_FLGame.framework; sourceTree = BUILT_PRODUCTS_DIR; };
		775A90B2DB8EA3D8196531FA /* Pods-FloatMac.debug.xcconfig */ = {isa = PBXFileReference; includeInIndex = 1; lastKnownFileType = text.xcconfig; name = "Pods-FloatMac.debug.xcconfig"; path = "Pods/Target Support Files/Pods-FloatMac/Pods-FloatMac.debug.xcconfig"; sourceTree = "<group>"; };
		899EF92E83B1036F6764BD63 /* Pods-FLGame.release.xcconfig */ = {isa = PBXFileReference; includeInIndex = 1; lastKnownFileType = text.xcconfig; name = "Pods-FLGame.release.xcconfig"; path = "Pods/Target Support Files/Pods-FLGame/Pods-FLGame.release.xcconfig"; sourceTree = "<group>"; };
		8C837A241FAA34ADC1F030C8 /* Pods-floatiosTests.debug.xcconfig */ = {isa = PBXFileReference; includeInIndex = 1; lastKnownFileType = text.xcconfig; name = "Pods-floatiosTests.debug.xcconfig"; path = "Pods/Target Support Files/Pods-floatiosTests/Pods-floatiosTests.debug.xcconfig"; sourceTree = "<group>"; };
		A1975759B5BB5D8739295E8E /* Pods-FLScene.debug.xcconfig */ = {isa = PBXFileReference; includeInIndex = 1; lastKnownFileType = text.xcconfig; name = "Pods-FLScene.debug.xcconfig"; path = "Pods/Target Support Files/Pods-FLScene/Pods-FLScene.debug.xcconfig"; sourceTree = "<group>"; };
		A784F48876FFCE1D59AFE78C /* Pods-floatiosTests.release.xcconfig */ = {isa = PBXFileReference; includeInIndex = 1; lastKnownFileType = text.xcconfig; name = "Pods-floatiosTests.release.xcconfig"; path = "Pods/Target Support Files/Pods-floatiosTests/Pods-floatiosTests.release.xcconfig"; sourceTree = "<group>"; };
		A8C261F0D0E00D7A1479A134 /* Pods-floatios.debug.xcconfig */ = {isa = PBXFileReference; includeInIndex = 1; lastKnownFileType = text.xcconfig; name = "Pods-floatios.debug.xcconfig"; path = "Pods/Target Support Files/Pods-floatios/Pods-floatios.debug.xcconfig"; sourceTree = "<group>"; };
		C9E851A4171D10F8A333A909 /* Pods-FLGame.debug.xcconfig */ = {isa = PBXFileReference; includeInIndex = 1; lastKnownFileType = text.xcconfig; name = "Pods-FLGame.debug.xcconfig"; path = "Pods/Target Support Files/Pods-FLGame/Pods-FLGame.debug.xcconfig"; sourceTree = "<group>"; };
		D16F66FC0DBF2AB1FC13638F /* Pods-FLScene.release.xcconfig */ = {isa = PBXFileReference; includeInIndex = 1; lastKnownFileType = text.xcconfig; name = "Pods-FLScene.release.xcconfig"; path = "Pods/Target Support Files/Pods-FLScene/Pods-FLScene.release.xcconfig"; sourceTree = "<group>"; };
		FA10720120E725130046C756 /* CityViewController.swift */ = {isa = PBXFileReference; lastKnownFileType = sourcecode.swift; path = CityViewController.swift; sourceTree = "<group>"; };
		FA10720320E7256B0046C756 /* CityDetailsCell.swift */ = {isa = PBXFileReference; lastKnownFileType = sourcecode.swift; path = CityDetailsCell.swift; sourceTree = "<group>"; };
		FA10720D20E75A040046C756 /* CityLandController.swift */ = {isa = PBXFileReference; lastKnownFileType = sourcecode.swift; path = CityLandController.swift; sourceTree = "<group>"; };
		FA10721A20E75CBB0046C756 /* PlayerViewController.swift */ = {isa = PBXFileReference; fileEncoding = 4; lastKnownFileType = sourcecode.swift; path = PlayerViewController.swift; sourceTree = "<group>"; };
		FA10721B20E75CBB0046C756 /* ActionCell.swift */ = {isa = PBXFileReference; fileEncoding = 4; lastKnownFileType = sourcecode.swift; path = ActionCell.swift; sourceTree = "<group>"; };
		FA10721C20E75CBB0046C756 /* PlayerDetailsCell.swift */ = {isa = PBXFileReference; fileEncoding = 4; lastKnownFileType = sourcecode.swift; path = PlayerDetailsCell.swift; sourceTree = "<group>"; };
		FA10722020E75CC30046C756 /* ForwardNavigationCell.swift */ = {isa = PBXFileReference; fileEncoding = 4; lastKnownFileType = sourcecode.swift; path = ForwardNavigationCell.swift; sourceTree = "<group>"; };
		FA10722220E764E10046C756 /* LandSquareCell.swift */ = {isa = PBXFileReference; lastKnownFileType = sourcecode.swift; path = LandSquareCell.swift; sourceTree = "<group>"; };
		FA10723020E88AF70046C756 /* SectionHeaderView.swift */ = {isa = PBXFileReference; lastKnownFileType = sourcecode.swift; path = SectionHeaderView.swift; sourceTree = "<group>"; };
		FA10723320E8ACBE0046C756 /* InventoryViewController.swift */ = {isa = PBXFileReference; lastKnownFileType = sourcecode.swift; path = InventoryViewController.swift; sourceTree = "<group>"; };
		FA1C3E5021170F5D0062FC05 /* LoreListViewController.swift */ = {isa = PBXFileReference; lastKnownFileType = sourcecode.swift; path = LoreListViewController.swift; sourceTree = "<group>"; };
		FA1C3E5C2117D0CE0062FC05 /* FloatMac.app */ = {isa = PBXFileReference; explicitFileType = wrapper.application; includeInIndex = 0; path = FloatMac.app; sourceTree = BUILT_PRODUCTS_DIR; };
		FA1C3E5E2117D0CE0062FC05 /* AppDelegate.swift */ = {isa = PBXFileReference; lastKnownFileType = sourcecode.swift; path = AppDelegate.swift; sourceTree = "<group>"; };
		FA1C3E602117D0CE0062FC05 /* GameViewController.swift */ = {isa = PBXFileReference; lastKnownFileType = sourcecode.swift; path = GameViewController.swift; sourceTree = "<group>"; };
		FA1C3E622117D0CE0062FC05 /* art.scnassets */ = {isa = PBXFileReference; lastKnownFileType = wrapper.scnassets; path = art.scnassets; sourceTree = "<group>"; };
		FA1C3E642117D0D00062FC05 /* Assets.xcassets */ = {isa = PBXFileReference; lastKnownFileType = folder.assetcatalog; path = Assets.xcassets; sourceTree = "<group>"; };
		FA1C3E672117D0D00062FC05 /* Base */ = {isa = PBXFileReference; lastKnownFileType = file.storyboard; name = Base; path = Base.lproj/Main.storyboard; sourceTree = "<group>"; };
		FA1C3E692117D0D00062FC05 /* Info.plist */ = {isa = PBXFileReference; lastKnownFileType = text.plist.xml; path = Info.plist; sourceTree = "<group>"; };
		FA1C3E6A2117D0D00062FC05 /* FloatMac.entitlements */ = {isa = PBXFileReference; lastKnownFileType = text.plist.entitlements; path = FloatMac.entitlements; sourceTree = "<group>"; };
		FA3691F420EDFB7E003988D4 /* TextFieldCell.swift */ = {isa = PBXFileReference; lastKnownFileType = sourcecode.swift; path = TextFieldCell.swift; sourceTree = "<group>"; };
		FA3691F720EDFCEF003988D4 /* CreatePlayerViewController.swift */ = {isa = PBXFileReference; lastKnownFileType = sourcecode.swift; path = CreatePlayerViewController.swift; sourceTree = "<group>"; };
		FA3691F920EEC1FE003988D4 /* CTAButtonCell.swift */ = {isa = PBXFileReference; lastKnownFileType = sourcecode.swift; path = CTAButtonCell.swift; sourceTree = "<group>"; };
		FA36928E20F083AB003988D4 /* FloatTheme.swift */ = {isa = PBXFileReference; lastKnownFileType = sourcecode.swift; path = FloatTheme.swift; sourceTree = "<group>"; };
		FA36929120F18A4B003988D4 /* MainViewController.swift */ = {isa = PBXFileReference; lastKnownFileType = sourcecode.swift; path = MainViewController.swift; sourceTree = "<group>"; };
		FA36929420F19D5E003988D4 /* JournalViewController.swift */ = {isa = PBXFileReference; lastKnownFileType = sourcecode.swift; path = JournalViewController.swift; sourceTree = "<group>"; };
		FA36929620F19E7D003988D4 /* StoryPieceViewController.swift */ = {isa = PBXFileReference; lastKnownFileType = sourcecode.swift; path = StoryPieceViewController.swift; sourceTree = "<group>"; };
		FA36929820F19ED2003988D4 /* StoryPieceCell.swift */ = {isa = PBXFileReference; lastKnownFileType = sourcecode.swift; path = StoryPieceCell.swift; sourceTree = "<group>"; };
		FA3AACA12112F82600955109 /* Map3DViewController.swift */ = {isa = PBXFileReference; fileEncoding = 4; lastKnownFileType = sourcecode.swift; path = Map3DViewController.swift; sourceTree = "<group>"; };
		FA569C6B20E589C40094807F /* floatios.app */ = {isa = PBXFileReference; explicitFileType = wrapper.application; includeInIndex = 0; path = floatios.app; sourceTree = BUILT_PRODUCTS_DIR; };
		FA569C6E20E589C40094807F /* AppDelegate.swift */ = {isa = PBXFileReference; lastKnownFileType = sourcecode.swift; path = AppDelegate.swift; sourceTree = "<group>"; };
		FA569C7820E589C70094807F /* Base */ = {isa = PBXFileReference; lastKnownFileType = file.storyboard; name = Base; path = Base.lproj/LaunchScreen.storyboard; sourceTree = "<group>"; };
		FA569C7A20E589C70094807F /* Info.plist */ = {isa = PBXFileReference; lastKnownFileType = text.plist.xml; path = Info.plist; sourceTree = "<group>"; };
		FA569C7F20E589C70094807F /* floatiosTests.xctest */ = {isa = PBXFileReference; explicitFileType = wrapper.cfbundle; includeInIndex = 0; path = floatiosTests.xctest; sourceTree = BUILT_PRODUCTS_DIR; };
		FA569C8320E589C70094807F /* floatiosTests.swift */ = {isa = PBXFileReference; lastKnownFileType = sourcecode.swift; path = floatiosTests.swift; sourceTree = "<group>"; };
		FA569C8520E589C70094807F /* Info.plist */ = {isa = PBXFileReference; lastKnownFileType = text.plist.xml; path = Info.plist; sourceTree = "<group>"; };
		FA73C6F920F35152006AEF0E /* AvatarSelectionViewController.swift */ = {isa = PBXFileReference; lastKnownFileType = sourcecode.swift; path = AvatarSelectionViewController.swift; sourceTree = "<group>"; };
		FA73C6FD20F353E4006AEF0E /* AvatarEmojiCellCollectionViewCell.swift */ = {isa = PBXFileReference; lastKnownFileType = sourcecode.swift; path = AvatarEmojiCellCollectionViewCell.swift; sourceTree = "<group>"; };
		FA73C6FF20F40279006AEF0E /* AvatarImageView.swift */ = {isa = PBXFileReference; lastKnownFileType = sourcecode.swift; path = AvatarImageView.swift; sourceTree = "<group>"; };
		FA9A5CCA20E97BE100C36110 /* ItemCell.swift */ = {isa = PBXFileReference; lastKnownFileType = sourcecode.swift; path = ItemCell.swift; sourceTree = "<group>"; };
		FAB7B7F420EA0956002B2C0B /* PlayerStatsViewController.swift */ = {isa = PBXFileReference; lastKnownFileType = sourcecode.swift; path = PlayerStatsViewController.swift; sourceTree = "<group>"; };
		FAB7B7F620EA09C4002B2C0B /* StatProgressCell.swift */ = {isa = PBXFileReference; lastKnownFileType = sourcecode.swift; path = StatProgressCell.swift; sourceTree = "<group>"; };
		FAD07A3C20FAD21F007C20D1 /* NPCViewController.swift */ = {isa = PBXFileReference; lastKnownFileType = sourcecode.swift; path = NPCViewController.swift; sourceTree = "<group>"; };
		FAD3F28421201A8F00D64A10 /* scene1.scn */ = {isa = PBXFileReference; lastKnownFileType = file.bplist; path = scene1.scn; sourceTree = "<group>"; };
		FAD8518720F4985C00227AF2 /* SelectAvatarCell.swift */ = {isa = PBXFileReference; lastKnownFileType = sourcecode.swift; path = SelectAvatarCell.swift; sourceTree = "<group>"; };
		FAF5263920FC7B550062BC7C /* ProgressBar.swift */ = {isa = PBXFileReference; lastKnownFileType = sourcecode.swift; path = ProgressBar.swift; sourceTree = "<group>"; };
		FAF78E9F20F73A59005F7E88 /* SkillListViewController.swift */ = {isa = PBXFileReference; lastKnownFileType = sourcecode.swift; path = SkillListViewController.swift; sourceTree = "<group>"; };
		FAF78EA120F73A97005F7E88 /* SkillProgressCell.swift */ = {isa = PBXFileReference; lastKnownFileType = sourcecode.swift; path = SkillProgressCell.swift; sourceTree = "<group>"; };
		FAF986AE2105CFAB009C8F92 /* TypeConversions.swift */ = {isa = PBXFileReference; lastKnownFileType = sourcecode.swift; path = TypeConversions.swift; sourceTree = "<group>"; };
		FF54310057E0DF8242900A06 /* Pods_FloatMac.framework */ = {isa = PBXFileReference; explicitFileType = wrapper.framework; includeInIndex = 0; path = Pods_FloatMac.framework; sourceTree = BUILT_PRODUCTS_DIR; };
/* End PBXFileReference section */

/* Begin PBXFrameworksBuildPhase section */
		FA1C3E592117D0CE0062FC05 /* Frameworks */ = {
			isa = PBXFrameworksBuildPhase;
			buildActionMask = 2147483647;
			files = (
				63D75B383746D953BD853888 /* Pods_FloatMac.framework in Frameworks */,
			);
			runOnlyForDeploymentPostprocessing = 0;
		};
		FA569C6820E589C40094807F /* Frameworks */ = {
			isa = PBXFrameworksBuildPhase;
			buildActionMask = 2147483647;
			files = (
				93C000E06853CF176D6CCC95 /* Pods_floatios.framework in Frameworks */,
			);
			runOnlyForDeploymentPostprocessing = 0;
		};
		FA569C7C20E589C70094807F /* Frameworks */ = {
			isa = PBXFrameworksBuildPhase;
			buildActionMask = 2147483647;
			files = (
				D7ADF30D0522FA469DC67C80 /* Pods_floatiosTests.framework in Frameworks */,
			);
			runOnlyForDeploymentPostprocessing = 0;
		};
/* End PBXFrameworksBuildPhase section */

/* Begin PBXGroup section */
		5BB8B4F6722BDA80E6C7E168 /* Pods */ = {
			isa = PBXGroup;
			children = (
				A8C261F0D0E00D7A1479A134 /* Pods-floatios.debug.xcconfig */,
				1ED52F9FC4641FB6B680F73B /* Pods-floatios.release.xcconfig */,
				8C837A241FAA34ADC1F030C8 /* Pods-floatiosTests.debug.xcconfig */,
				A784F48876FFCE1D59AFE78C /* Pods-floatiosTests.release.xcconfig */,
				C9E851A4171D10F8A333A909 /* Pods-FLGame.debug.xcconfig */,
				899EF92E83B1036F6764BD63 /* Pods-FLGame.release.xcconfig */,
				A1975759B5BB5D8739295E8E /* Pods-FLScene.debug.xcconfig */,
				D16F66FC0DBF2AB1FC13638F /* Pods-FLScene.release.xcconfig */,
				775A90B2DB8EA3D8196531FA /* Pods-FloatMac.debug.xcconfig */,
				531ACCF547B6557E30D2B5ED /* Pods-FloatMac.release.xcconfig */,
			);
			name = Pods;
			sourceTree = "<group>";
		};
		CE06FF227814ED8A8AFE7099 /* Frameworks */ = {
			isa = PBXGroup;
			children = (
				23589CF1D59E460A2BC273F1 /* Pods_floatios.framework */,
				0E85B4751AB4B1861E3EEC2E /* Pods_floatiosTests.framework */,
				660D92C5278324306E0365F9 /* Pods_FLGame.framework */,
				54BE253D306BB6B2620AD05F /* Pods_FLScene.framework */,
				FF54310057E0DF8242900A06 /* Pods_FloatMac.framework */,
			);
			name = Frameworks;
			sourceTree = "<group>";
		};
		FA10720020E725030046C756 /* city */ = {
			isa = PBXGroup;
			children = (
				FA10720120E725130046C756 /* CityViewController.swift */,
				FA10720320E7256B0046C756 /* CityDetailsCell.swift */,
				FA10720D20E75A040046C756 /* CityLandController.swift */,
				FA10722220E764E10046C756 /* LandSquareCell.swift */,
			);
			path = city;
			sourceTree = "<group>";
		};
		FA10720720E727170046C756 /* base */ = {
			isa = PBXGroup;
			children = (
				FA10722020E75CC30046C756 /* ForwardNavigationCell.swift */,
				FA10723020E88AF70046C756 /* SectionHeaderView.swift */,
				FA3691F420EDFB7E003988D4 /* TextFieldCell.swift */,
				FA3691F920EEC1FE003988D4 /* CTAButtonCell.swift */,
				FA36928E20F083AB003988D4 /* FloatTheme.swift */,
				FAF5263920FC7B550062BC7C /* ProgressBar.swift */,
			);
			path = base;
			sourceTree = "<group>";
		};
		FA10721920E75CBB0046C756 /* player */ = {
			isa = PBXGroup;
			children = (
				FA10721A20E75CBB0046C756 /* PlayerViewController.swift */,
				FA10721B20E75CBB0046C756 /* ActionCell.swift */,
				FA10721C20E75CBB0046C756 /* PlayerDetailsCell.swift */,
				FAB7B7F420EA0956002B2C0B /* PlayerStatsViewController.swift */,
				FAB7B7F620EA09C4002B2C0B /* StatProgressCell.swift */,
			);
			path = player;
			sourceTree = "<group>";
		};
		FA10723220E8ACAB0046C756 /* item */ = {
			isa = PBXGroup;
			children = (
				FA10723320E8ACBE0046C756 /* InventoryViewController.swift */,
				FA9A5CCA20E97BE100C36110 /* ItemCell.swift */,
			);
			path = item;
			sourceTree = "<group>";
		};
		FA1C3E4F21170E470062FC05 /* lore */ = {
			isa = PBXGroup;
			children = (
				FA1C3E5021170F5D0062FC05 /* LoreListViewController.swift */,
			);
			path = lore;
			sourceTree = "<group>";
		};
		FA1C3E5D2117D0CE0062FC05 /* FloatMac */ = {
			isa = PBXGroup;
			children = (
				FA1C3E5E2117D0CE0062FC05 /* AppDelegate.swift */,
				FA1C3E602117D0CE0062FC05 /* GameViewController.swift */,
				FA1C3E622117D0CE0062FC05 /* art.scnassets */,
				FA1C3E642117D0D00062FC05 /* Assets.xcassets */,
				FA1C3E662117D0D00062FC05 /* Main.storyboard */,
				FA1C3E692117D0D00062FC05 /* Info.plist */,
				FA1C3E6A2117D0D00062FC05 /* FloatMac.entitlements */,
			);
			path = FloatMac;
			sourceTree = "<group>";
		};
		FA3691F620EDFC99003988D4 /* onboarding */ = {
			isa = PBXGroup;
			children = (
				FA3691F720EDFCEF003988D4 /* CreatePlayerViewController.swift */,
				FAD8518720F4985C00227AF2 /* SelectAvatarCell.swift */,
			);
			path = onboarding;
			sourceTree = "<group>";
		};
		FA36929020F18A3B003988D4 /* main */ = {
			isa = PBXGroup;
			children = (
				FA36929120F18A4B003988D4 /* MainViewController.swift */,
			);
			path = main;
			sourceTree = "<group>";
		};
		FA36929320F19D53003988D4 /* story */ = {
			isa = PBXGroup;
			children = (
				FA36929420F19D5E003988D4 /* JournalViewController.swift */,
				FA36929620F19E7D003988D4 /* StoryPieceViewController.swift */,
				FA36929820F19ED2003988D4 /* StoryPieceCell.swift */,
			);
			path = story;
			sourceTree = "<group>";
		};
		FA3AAC9E2112F03500955109 /* map */ = {
			isa = PBXGroup;
			children = (
				FA3AACA12112F82600955109 /* Map3DViewController.swift */,
			);
			path = map;
			sourceTree = "<group>";
		};
		FA569C6220E589C40094807F = {
			isa = PBXGroup;
			children = (
				FA569C6D20E589C40094807F /* floatios */,
				FA569C8220E589C70094807F /* floatiosTests */,
				FA1C3E5D2117D0CE0062FC05 /* FloatMac */,
				FA569C6C20E589C40094807F /* Products */,
				5BB8B4F6722BDA80E6C7E168 /* Pods */,
				CE06FF227814ED8A8AFE7099 /* Frameworks */,
			);
			sourceTree = "<group>";
		};
		FA569C6C20E589C40094807F /* Products */ = {
			isa = PBXGroup;
			children = (
				FA569C6B20E589C40094807F /* floatios.app */,
				FA569C7F20E589C70094807F /* floatiosTests.xctest */,
				FA1C3E5C2117D0CE0062FC05 /* FloatMac.app */,
			);
			name = Products;
			sourceTree = "<group>";
		};
		FA569C6D20E589C40094807F /* floatios */ = {
			isa = PBXGroup;
			children = (
				FA1C3E4F21170E470062FC05 /* lore */,
				FA83446F210314A9005BCF1A /* util */,
				FAE12DFD20E6143A00F9FA77 /* view controllers */,
				FA569C6E20E589C40094807F /* AppDelegate.swift */,
				FA569C7720E589C70094807F /* LaunchScreen.storyboard */,
				FA569C7A20E589C70094807F /* Info.plist */,
				FAD3F28421201A8F00D64A10 /* scene1.scn */,
			);
			path = floatios;
			sourceTree = "<group>";
		};
		FA569C8220E589C70094807F /* floatiosTests */ = {
			isa = PBXGroup;
			children = (
				FA569C8320E589C70094807F /* floatiosTests.swift */,
				FA569C8520E589C70094807F /* Info.plist */,
			);
			path = floatiosTests;
			sourceTree = "<group>";
		};
		FA73C6F820F3513B006AEF0E /* avatar */ = {
			isa = PBXGroup;
			children = (
				FA73C6F920F35152006AEF0E /* AvatarSelectionViewController.swift */,
				FA73C6FD20F353E4006AEF0E /* AvatarEmojiCellCollectionViewCell.swift */,
				FA73C6FF20F40279006AEF0E /* AvatarImageView.swift */,
			);
			path = avatar;
			sourceTree = "<group>";
		};
		FA83446F210314A9005BCF1A /* util */ = {
			isa = PBXGroup;
			children = (
				FAF986AE2105CFAB009C8F92 /* TypeConversions.swift */,
			);
			path = util;
			sourceTree = "<group>";
		};
		FAD07A3B20FAD1F5007C20D1 /* npc */ = {
			isa = PBXGroup;
			children = (
				FAD07A3C20FAD21F007C20D1 /* NPCViewController.swift */,
			);
			path = npc;
			sourceTree = "<group>";
		};
		FAE12DFD20E6143A00F9FA77 /* view controllers */ = {
			isa = PBXGroup;
			children = (
				FA3AAC9E2112F03500955109 /* map */,
				FAD07A3B20FAD1F5007C20D1 /* npc */,
				FAF78E9E20F73A42005F7E88 /* skills */,
				FA73C6F820F3513B006AEF0E /* avatar */,
				FA36929320F19D53003988D4 /* story */,
				FA36929020F18A3B003988D4 /* main */,
				FA3691F620EDFC99003988D4 /* onboarding */,
				FA10723220E8ACAB0046C756 /* item */,
				FA10721920E75CBB0046C756 /* player */,
				FA10720720E727170046C756 /* base */,
				FA10720020E725030046C756 /* city */,
			);
			path = "view controllers";
			sourceTree = "<group>";
		};
		FAF78E9E20F73A42005F7E88 /* skills */ = {
			isa = PBXGroup;
			children = (
				FAF78E9F20F73A59005F7E88 /* SkillListViewController.swift */,
				FAF78EA120F73A97005F7E88 /* SkillProgressCell.swift */,
			);
			path = skills;
			sourceTree = "<group>";
		};
/* End PBXGroup section */

/* Begin PBXNativeTarget section */
		FA1C3E5B2117D0CE0062FC05 /* FloatMac */ = {
			isa = PBXNativeTarget;
			buildConfigurationList = FA1C3E6D2117D0D10062FC05 /* Build configuration list for PBXNativeTarget "FloatMac" */;
			buildPhases = (
				DD8A02552DD90CDF97887962 /* [CP] Check Pods Manifest.lock */,
				FA1C3E582117D0CE0062FC05 /* Sources */,
				FA1C3E592117D0CE0062FC05 /* Frameworks */,
				FA1C3E5A2117D0CE0062FC05 /* Resources */,
				0DBE681297C68B8EE0E97E73 /* [CP] Embed Pods Frameworks */,
			);
			buildRules = (
			);
			dependencies = (
			);
			name = FloatMac;
			productName = FloatMac;
			productReference = FA1C3E5C2117D0CE0062FC05 /* FloatMac.app */;
			productType = "com.apple.product-type.application";
		};
		FA569C6A20E589C40094807F /* floatios */ = {
			isa = PBXNativeTarget;
			buildConfigurationList = FA569C8820E589C70094807F /* Build configuration list for PBXNativeTarget "floatios" */;
			buildPhases = (
				37BB444D6924FBF1C8A014D0 /* [CP] Check Pods Manifest.lock */,
				FA569C6720E589C40094807F /* Sources */,
				FA569C6820E589C40094807F /* Frameworks */,
				FA569C6920E589C40094807F /* Resources */,
				32B9BC3BB88AB367857A4BA0 /* [CP] Embed Pods Frameworks */,
				FAACED86211566AA0013CBD3 /* Embed Frameworks */,
			);
			buildRules = (
			);
			dependencies = (
			);
			name = floatios;
			productName = floatios;
			productReference = FA569C6B20E589C40094807F /* floatios.app */;
			productType = "com.apple.product-type.application";
		};
		FA569C7E20E589C70094807F /* floatiosTests */ = {
			isa = PBXNativeTarget;
			buildConfigurationList = FA569C8B20E589C70094807F /* Build configuration list for PBXNativeTarget "floatiosTests" */;
			buildPhases = (
				01D0EC9C44B2FFE624A48F5D /* [CP] Check Pods Manifest.lock */,
				FA569C7B20E589C70094807F /* Sources */,
				FA569C7C20E589C70094807F /* Frameworks */,
				FA569C7D20E589C70094807F /* Resources */,
				271929A43AF42582BF895A3A /* [CP] Embed Pods Frameworks */,
			);
			buildRules = (
			);
			dependencies = (
				FA569C8120E589C70094807F /* PBXTargetDependency */,
			);
			name = floatiosTests;
			productName = floatiosTests;
			productReference = FA569C7F20E589C70094807F /* floatiosTests.xctest */;
			productType = "com.apple.product-type.bundle.unit-test";
		};
/* End PBXNativeTarget section */

/* Begin PBXProject section */
		FA569C6320E589C40094807F /* Project object */ = {
			isa = PBXProject;
			attributes = {
				LastSwiftUpdateCheck = 0940;
				LastUpgradeCheck = 0940;
				ORGANIZATIONNAME = Skorulis;
				TargetAttributes = {
					FA1C3E5B2117D0CE0062FC05 = {
						CreatedOnToolsVersion = 9.4.1;
					};
					FA569C6A20E589C40094807F = {
						CreatedOnToolsVersion = 9.4;
					};
					FA569C7E20E589C70094807F = {
						CreatedOnToolsVersion = 9.4;
						TestTargetID = FA569C6A20E589C40094807F;
					};
				};
			};
			buildConfigurationList = FA569C6620E589C40094807F /* Build configuration list for PBXProject "floatios" */;
			compatibilityVersion = "Xcode 9.3";
			developmentRegion = en;
			hasScannedForEncodings = 0;
			knownRegions = (
				en,
				Base,
			);
			mainGroup = FA569C6220E589C40094807F;
			productRefGroup = FA569C6C20E589C40094807F /* Products */;
			projectDirPath = "";
			projectRoot = "";
			targets = (
				FA569C6A20E589C40094807F /* floatios */,
				FA569C7E20E589C70094807F /* floatiosTests */,
				FA1C3E5B2117D0CE0062FC05 /* FloatMac */,
			);
		};
/* End PBXProject section */

/* Begin PBXResourcesBuildPhase section */
		FA1C3E5A2117D0CE0062FC05 /* Resources */ = {
			isa = PBXResourcesBuildPhase;
			buildActionMask = 2147483647;
			files = (
				FA1C3E682117D0D00062FC05 /* Main.storyboard in Resources */,
				FA1C3E652117D0D00062FC05 /* Assets.xcassets in Resources */,
				FA1C3E632117D0CE0062FC05 /* art.scnassets in Resources */,
				FAD3F28621201A8F00D64A10 /* scene1.scn in Resources */,
			);
			runOnlyForDeploymentPostprocessing = 0;
		};
		FA569C6920E589C40094807F /* Resources */ = {
			isa = PBXResourcesBuildPhase;
			buildActionMask = 2147483647;
			files = (
				FA569C7920E589C70094807F /* LaunchScreen.storyboard in Resources */,
				FAD3F28521201A8F00D64A10 /* scene1.scn in Resources */,
			);
			runOnlyForDeploymentPostprocessing = 0;
		};
		FA569C7D20E589C70094807F /* Resources */ = {
			isa = PBXResourcesBuildPhase;
			buildActionMask = 2147483647;
			files = (
			);
			runOnlyForDeploymentPostprocessing = 0;
		};
/* End PBXResourcesBuildPhase section */

/* Begin PBXShellScriptBuildPhase section */
		01D0EC9C44B2FFE624A48F5D /* [CP] Check Pods Manifest.lock */ = {
			isa = PBXShellScriptBuildPhase;
			buildActionMask = 2147483647;
			files = (
			);
			inputPaths = (
				"${PODS_PODFILE_DIR_PATH}/Podfile.lock",
				"${PODS_ROOT}/Manifest.lock",
			);
			name = "[CP] Check Pods Manifest.lock";
			outputPaths = (
				"$(DERIVED_FILE_DIR)/Pods-floatiosTests-checkManifestLockResult.txt",
			);
			runOnlyForDeploymentPostprocessing = 0;
			shellPath = /bin/sh;
			shellScript = "diff \"${PODS_PODFILE_DIR_PATH}/Podfile.lock\" \"${PODS_ROOT}/Manifest.lock\" > /dev/null\nif [ $? != 0 ] ; then\n    # print error to STDERR\n    echo \"error: The sandbox is not in sync with the Podfile.lock. Run 'pod install' or update your CocoaPods installation.\" >&2\n    exit 1\nfi\n# This output is used by Xcode 'outputs' to avoid re-running this script phase.\necho \"SUCCESS\" > \"${SCRIPT_OUTPUT_FILE_0}\"\n";
			showEnvVarsInLog = 0;
		};
		0DBE681297C68B8EE0E97E73 /* [CP] Embed Pods Frameworks */ = {
			isa = PBXShellScriptBuildPhase;
			buildActionMask = 2147483647;
			files = (
			);
			inputPaths = (
				"${SRCROOT}/Pods/Target Support Files/Pods-FloatMac/Pods-FloatMac-frameworks.sh",
				"${BUILT_PRODUCTS_DIR}/FLScene-macOS/FLScene.framework",
				"${BUILT_PRODUCTS_DIR}/SKSwiftLib-macOS/SKSwiftLib.framework",
				"${BUILT_PRODUCTS_DIR}/SnapKit-macOS/SnapKit.framework",
			);
			name = "[CP] Embed Pods Frameworks";
			outputPaths = (
				"${TARGET_BUILD_DIR}/${FRAMEWORKS_FOLDER_PATH}/FLScene.framework",
				"${TARGET_BUILD_DIR}/${FRAMEWORKS_FOLDER_PATH}/SKSwiftLib.framework",
				"${TARGET_BUILD_DIR}/${FRAMEWORKS_FOLDER_PATH}/SnapKit.framework",
			);
			runOnlyForDeploymentPostprocessing = 0;
			shellPath = /bin/sh;
			shellScript = "\"${SRCROOT}/Pods/Target Support Files/Pods-FloatMac/Pods-FloatMac-frameworks.sh\"\n";
			showEnvVarsInLog = 0;
		};
		271929A43AF42582BF895A3A /* [CP] Embed Pods Frameworks */ = {
			isa = PBXShellScriptBuildPhase;
			buildActionMask = 2147483647;
			files = (
			);
			inputPaths = (
				"${SRCROOT}/Pods/Target Support Files/Pods-floatiosTests/Pods-floatiosTests-frameworks.sh",
				"${BUILT_PRODUCTS_DIR}/CCTextFieldEffects/CCTextFieldEffects.framework",
				"${BUILT_PRODUCTS_DIR}/FLScene-iOS/FLScene.framework",
				"${BUILT_PRODUCTS_DIR}/FontAwesomeKit/FontAwesomeKit.framework",
				"${BUILT_PRODUCTS_DIR}/SKCollectionView/SKCollectionView.framework",
				"${BUILT_PRODUCTS_DIR}/SKComponents/SKComponents.framework",
				"${BUILT_PRODUCTS_DIR}/SKSwiftLib-iOS/SKSwiftLib.framework",
				"${BUILT_PRODUCTS_DIR}/SnapKit-iOS/SnapKit.framework",
			);
			name = "[CP] Embed Pods Frameworks";
			outputPaths = (
				"${TARGET_BUILD_DIR}/${FRAMEWORKS_FOLDER_PATH}/CCTextFieldEffects.framework",
				"${TARGET_BUILD_DIR}/${FRAMEWORKS_FOLDER_PATH}/FLScene.framework",
				"${TARGET_BUILD_DIR}/${FRAMEWORKS_FOLDER_PATH}/FontAwesomeKit.framework",
				"${TARGET_BUILD_DIR}/${FRAMEWORKS_FOLDER_PATH}/SKCollectionView.framework",
				"${TARGET_BUILD_DIR}/${FRAMEWORKS_FOLDER_PATH}/SKComponents.framework",
				"${TARGET_BUILD_DIR}/${FRAMEWORKS_FOLDER_PATH}/SKSwiftLib.framework",
				"${TARGET_BUILD_DIR}/${FRAMEWORKS_FOLDER_PATH}/SnapKit.framework",
			);
			runOnlyForDeploymentPostprocessing = 0;
			shellPath = /bin/sh;
			shellScript = "\"${SRCROOT}/Pods/Target Support Files/Pods-floatiosTests/Pods-floatiosTests-frameworks.sh\"\n";
			showEnvVarsInLog = 0;
		};
		32B9BC3BB88AB367857A4BA0 /* [CP] Embed Pods Frameworks */ = {
			isa = PBXShellScriptBuildPhase;
			buildActionMask = 2147483647;
			files = (
			);
			inputPaths = (
				"${SRCROOT}/Pods/Target Support Files/Pods-floatios/Pods-floatios-frameworks.sh",
				"${BUILT_PRODUCTS_DIR}/CCTextFieldEffects/CCTextFieldEffects.framework",
				"${BUILT_PRODUCTS_DIR}/FLScene-iOS/FLScene.framework",
				"${BUILT_PRODUCTS_DIR}/FontAwesomeKit/FontAwesomeKit.framework",
				"${BUILT_PRODUCTS_DIR}/SKCollectionView/SKCollectionView.framework",
				"${BUILT_PRODUCTS_DIR}/SKComponents/SKComponents.framework",
				"${BUILT_PRODUCTS_DIR}/SKSwiftLib-iOS/SKSwiftLib.framework",
				"${BUILT_PRODUCTS_DIR}/SnapKit-iOS/SnapKit.framework",
			);
			name = "[CP] Embed Pods Frameworks";
			outputPaths = (
				"${TARGET_BUILD_DIR}/${FRAMEWORKS_FOLDER_PATH}/CCTextFieldEffects.framework",
				"${TARGET_BUILD_DIR}/${FRAMEWORKS_FOLDER_PATH}/FLScene.framework",
				"${TARGET_BUILD_DIR}/${FRAMEWORKS_FOLDER_PATH}/FontAwesomeKit.framework",
				"${TARGET_BUILD_DIR}/${FRAMEWORKS_FOLDER_PATH}/SKCollectionView.framework",
				"${TARGET_BUILD_DIR}/${FRAMEWORKS_FOLDER_PATH}/SKComponents.framework",
				"${TARGET_BUILD_DIR}/${FRAMEWORKS_FOLDER_PATH}/SKSwiftLib.framework",
				"${TARGET_BUILD_DIR}/${FRAMEWORKS_FOLDER_PATH}/SnapKit.framework",
			);
			runOnlyForDeploymentPostprocessing = 0;
			shellPath = /bin/sh;
			shellScript = "\"${SRCROOT}/Pods/Target Support Files/Pods-floatios/Pods-floatios-frameworks.sh\"\n";
			showEnvVarsInLog = 0;
		};
		37BB444D6924FBF1C8A014D0 /* [CP] Check Pods Manifest.lock */ = {
			isa = PBXShellScriptBuildPhase;
			buildActionMask = 2147483647;
			files = (
			);
			inputPaths = (
				"${PODS_PODFILE_DIR_PATH}/Podfile.lock",
				"${PODS_ROOT}/Manifest.lock",
			);
			name = "[CP] Check Pods Manifest.lock";
			outputPaths = (
				"$(DERIVED_FILE_DIR)/Pods-floatios-checkManifestLockResult.txt",
			);
			runOnlyForDeploymentPostprocessing = 0;
			shellPath = /bin/sh;
			shellScript = "diff \"${PODS_PODFILE_DIR_PATH}/Podfile.lock\" \"${PODS_ROOT}/Manifest.lock\" > /dev/null\nif [ $? != 0 ] ; then\n    # print error to STDERR\n    echo \"error: The sandbox is not in sync with the Podfile.lock. Run 'pod install' or update your CocoaPods installation.\" >&2\n    exit 1\nfi\n# This output is used by Xcode 'outputs' to avoid re-running this script phase.\necho \"SUCCESS\" > \"${SCRIPT_OUTPUT_FILE_0}\"\n";
			showEnvVarsInLog = 0;
		};
		DD8A02552DD90CDF97887962 /* [CP] Check Pods Manifest.lock */ = {
			isa = PBXShellScriptBuildPhase;
			buildActionMask = 2147483647;
			files = (
			);
			inputPaths = (
				"${PODS_PODFILE_DIR_PATH}/Podfile.lock",
				"${PODS_ROOT}/Manifest.lock",
			);
			name = "[CP] Check Pods Manifest.lock";
			outputPaths = (
				"$(DERIVED_FILE_DIR)/Pods-FloatMac-checkManifestLockResult.txt",
			);
			runOnlyForDeploymentPostprocessing = 0;
			shellPath = /bin/sh;
			shellScript = "diff \"${PODS_PODFILE_DIR_PATH}/Podfile.lock\" \"${PODS_ROOT}/Manifest.lock\" > /dev/null\nif [ $? != 0 ] ; then\n    # print error to STDERR\n    echo \"error: The sandbox is not in sync with the Podfile.lock. Run 'pod install' or update your CocoaPods installation.\" >&2\n    exit 1\nfi\n# This output is used by Xcode 'outputs' to avoid re-running this script phase.\necho \"SUCCESS\" > \"${SCRIPT_OUTPUT_FILE_0}\"\n";
			showEnvVarsInLog = 0;
		};
/* End PBXShellScriptBuildPhase section */

/* Begin PBXSourcesBuildPhase section */
		FA1C3E582117D0CE0062FC05 /* Sources */ = {
			isa = PBXSourcesBuildPhase;
			buildActionMask = 2147483647;
			files = (
				FA1C3E612117D0CE0062FC05 /* GameViewController.swift in Sources */,
				FA1C3E5F2117D0CE0062FC05 /* AppDelegate.swift in Sources */,
			);
			runOnlyForDeploymentPostprocessing = 0;
		};
		FA569C6720E589C40094807F /* Sources */ = {
			isa = PBXSourcesBuildPhase;
			buildActionMask = 2147483647;
			files = (
				FAB7B7F720EA09C4002B2C0B /* StatProgressCell.swift in Sources */,
				FAD8518820F4985C00227AF2 /* SelectAvatarCell.swift in Sources */,
				FA36929220F18A4B003988D4 /* MainViewController.swift in Sources */,
				FA3691FA20EEC1FE003988D4 /* CTAButtonCell.swift in Sources */,
				FA10721E20E75CBB0046C756 /* ActionCell.swift in Sources */,
				FA10723420E8ACBE0046C756 /* InventoryViewController.swift in Sources */,
				FAF986AF2105CFAB009C8F92 /* TypeConversions.swift in Sources */,
				FA36928F20F083AB003988D4 /* FloatTheme.swift in Sources */,
				FA36929720F19E7D003988D4 /* StoryPieceViewController.swift in Sources */,
				FA36929920F19ED2003988D4 /* StoryPieceCell.swift in Sources */,
				FA3691F820EDFCEF003988D4 /* CreatePlayerViewController.swift in Sources */,
				FAF5263A20FC7B550062BC7C /* ProgressBar.swift in Sources */,
				FA10722120E75CC30046C756 /* ForwardNavigationCell.swift in Sources */,
				FA10722320E764E10046C756 /* LandSquareCell.swift in Sources */,
				FA10720220E725130046C756 /* CityViewController.swift in Sources */,
				FA10723120E88AF70046C756 /* SectionHeaderView.swift in Sources */,
				FAF78EA020F73A59005F7E88 /* SkillListViewController.swift in Sources */,
				FAB7B7F520EA0956002B2C0B /* PlayerStatsViewController.swift in Sources */,
				FA1C3E5121170F5D0062FC05 /* LoreListViewController.swift in Sources */,
				FA73C6FE20F353E4006AEF0E /* AvatarEmojiCellCollectionViewCell.swift in Sources */,
				FAF78EA220F73A97005F7E88 /* SkillProgressCell.swift in Sources */,
				FA10720E20E75A040046C756 /* CityLandController.swift in Sources */,
				FA10720420E7256B0046C756 /* CityDetailsCell.swift in Sources */,
				FA9A5CCB20E97BE100C36110 /* ItemCell.swift in Sources */,
				FA10721D20E75CBB0046C756 /* PlayerViewController.swift in Sources */,
				FA36929520F19D5E003988D4 /* JournalViewController.swift in Sources */,
				FA3691F520EDFB7E003988D4 /* TextFieldCell.swift in Sources */,
				FA569C6F20E589C40094807F /* AppDelegate.swift in Sources */,
				FA10721F20E75CBB0046C756 /* PlayerDetailsCell.swift in Sources */,
				FA3AACA22112F82600955109 /* Map3DViewController.swift in Sources */,
				FAD07A3D20FAD21F007C20D1 /* NPCViewController.swift in Sources */,
				FA73C70020F4027A006AEF0E /* AvatarImageView.swift in Sources */,
				FA73C6FA20F35152006AEF0E /* AvatarSelectionViewController.swift in Sources */,
			);
			runOnlyForDeploymentPostprocessing = 0;
		};
		FA569C7B20E589C70094807F /* Sources */ = {
			isa = PBXSourcesBuildPhase;
			buildActionMask = 2147483647;
			files = (
				FA569C8420E589C70094807F /* floatiosTests.swift in Sources */,
			);
			runOnlyForDeploymentPostprocessing = 0;
		};
/* End PBXSourcesBuildPhase section */

/* Begin PBXTargetDependency section */
		FA569C8120E589C70094807F /* PBXTargetDependency */ = {
			isa = PBXTargetDependency;
			target = FA569C6A20E589C40094807F /* floatios */;
			targetProxy = FA569C8020E589C70094807F /* PBXContainerItemProxy */;
		};
/* End PBXTargetDependency section */

/* Begin PBXVariantGroup section */
		FA1C3E662117D0D00062FC05 /* Main.storyboard */ = {
			isa = PBXVariantGroup;
			children = (
				FA1C3E672117D0D00062FC05 /* Base */,
			);
			name = Main.storyboard;
			sourceTree = "<group>";
		};
		FA569C7720E589C70094807F /* LaunchScreen.storyboard */ = {
			isa = PBXVariantGroup;
			children = (
				FA569C7820E589C70094807F /* Base */,
			);
			name = LaunchScreen.storyboard;
			sourceTree = "<group>";
		};
/* End PBXVariantGroup section */

/* Begin XCBuildConfiguration section */
		FA1C3E6B2117D0D10062FC05 /* Debug */ = {
			isa = XCBuildConfiguration;
			baseConfigurationReference = 775A90B2DB8EA3D8196531FA /* Pods-FloatMac.debug.xcconfig */;
			buildSettings = {
				ASSETCATALOG_COMPILER_APPICON_NAME = AppIcon;
				CODE_SIGN_ENTITLEMENTS = FloatMac/FloatMac.entitlements;
				CODE_SIGN_IDENTITY = "Mac Developer";
				CODE_SIGN_STYLE = Automatic;
				COMBINE_HIDPI_IMAGES = YES;
				DEVELOPMENT_TEAM = X4S6MUZL2D;
				INFOPLIST_FILE = FloatMac/Info.plist;
				LD_RUNPATH_SEARCH_PATHS = (
					"$(inherited)",
					"@executable_path/../Frameworks",
				);
				MACOSX_DEPLOYMENT_TARGET = 10.13;
				PRODUCT_BUNDLE_IDENTIFIER = com.skorulis.FloatMac;
				PRODUCT_NAME = "$(TARGET_NAME)";
				SDKROOT = macosx;
				SWIFT_VERSION = 4.0;
			};
			name = Debug;
		};
		FA1C3E6C2117D0D10062FC05 /* Release */ = {
			isa = XCBuildConfiguration;
			baseConfigurationReference = 531ACCF547B6557E30D2B5ED /* Pods-FloatMac.release.xcconfig */;
			buildSettings = {
				ASSETCATALOG_COMPILER_APPICON_NAME = AppIcon;
				CODE_SIGN_ENTITLEMENTS = FloatMac/FloatMac.entitlements;
				CODE_SIGN_IDENTITY = "Mac Developer";
				CODE_SIGN_STYLE = Automatic;
				COMBINE_HIDPI_IMAGES = YES;
				DEVELOPMENT_TEAM = X4S6MUZL2D;
				INFOPLIST_FILE = FloatMac/Info.plist;
				LD_RUNPATH_SEARCH_PATHS = (
					"$(inherited)",
					"@executable_path/../Frameworks",
				);
				MACOSX_DEPLOYMENT_TARGET = 10.13;
				PRODUCT_BUNDLE_IDENTIFIER = com.skorulis.FloatMac;
				PRODUCT_NAME = "$(TARGET_NAME)";
				SDKROOT = macosx;
				SWIFT_VERSION = 4.0;
			};
			name = Release;
		};
		FA569C8620E589C70094807F /* Debug */ = {
			isa = XCBuildConfiguration;
			buildSettings = {
				ALWAYS_SEARCH_USER_PATHS = NO;
				CLANG_ANALYZER_NONNULL = YES;
				CLANG_ANALYZER_NUMBER_OBJECT_CONVERSION = YES_AGGRESSIVE;
				CLANG_CXX_LANGUAGE_STANDARD = "gnu++14";
				CLANG_CXX_LIBRARY = "libc++";
				CLANG_ENABLE_MODULES = YES;
				CLANG_ENABLE_OBJC_ARC = YES;
				CLANG_ENABLE_OBJC_WEAK = YES;
				CLANG_WARN_BLOCK_CAPTURE_AUTORELEASING = YES;
				CLANG_WARN_BOOL_CONVERSION = YES;
				CLANG_WARN_COMMA = YES;
				CLANG_WARN_CONSTANT_CONVERSION = YES;
				CLANG_WARN_DEPRECATED_OBJC_IMPLEMENTATIONS = YES;
				CLANG_WARN_DIRECT_OBJC_ISA_USAGE = YES_ERROR;
				CLANG_WARN_DOCUMENTATION_COMMENTS = YES;
				CLANG_WARN_EMPTY_BODY = YES;
				CLANG_WARN_ENUM_CONVERSION = YES;
				CLANG_WARN_INFINITE_RECURSION = YES;
				CLANG_WARN_INT_CONVERSION = YES;
				CLANG_WARN_NON_LITERAL_NULL_CONVERSION = YES;
				CLANG_WARN_OBJC_IMPLICIT_RETAIN_SELF = YES;
				CLANG_WARN_OBJC_LITERAL_CONVERSION = YES;
				CLANG_WARN_OBJC_ROOT_CLASS = YES_ERROR;
				CLANG_WARN_RANGE_LOOP_ANALYSIS = YES;
				CLANG_WARN_STRICT_PROTOTYPES = YES;
				CLANG_WARN_SUSPICIOUS_MOVE = YES;
				CLANG_WARN_UNGUARDED_AVAILABILITY = YES_AGGRESSIVE;
				CLANG_WARN_UNREACHABLE_CODE = YES;
				CLANG_WARN__DUPLICATE_METHOD_MATCH = YES;
				CODE_SIGN_IDENTITY = "iPhone Developer";
				COPY_PHASE_STRIP = NO;
				DEBUG_INFORMATION_FORMAT = dwarf;
				ENABLE_STRICT_OBJC_MSGSEND = YES;
				ENABLE_TESTABILITY = YES;
				GCC_C_LANGUAGE_STANDARD = gnu11;
				GCC_DYNAMIC_NO_PIC = NO;
				GCC_NO_COMMON_BLOCKS = YES;
				GCC_OPTIMIZATION_LEVEL = 0;
				GCC_PREPROCESSOR_DEFINITIONS = (
					"DEBUG=1",
					"$(inherited)",
				);
				GCC_WARN_64_TO_32_BIT_CONVERSION = YES;
				GCC_WARN_ABOUT_RETURN_TYPE = YES_ERROR;
				GCC_WARN_UNDECLARED_SELECTOR = YES;
				GCC_WARN_UNINITIALIZED_AUTOS = YES_AGGRESSIVE;
				GCC_WARN_UNUSED_FUNCTION = YES;
				GCC_WARN_UNUSED_VARIABLE = YES;
				IPHONEOS_DEPLOYMENT_TARGET = 11.4;
				MTL_ENABLE_DEBUG_INFO = YES;
				ONLY_ACTIVE_ARCH = YES;
				SDKROOT = iphoneos;
				SWIFT_ACTIVE_COMPILATION_CONDITIONS = DEBUG;
				SWIFT_OPTIMIZATION_LEVEL = "-Onone";
			};
			name = Debug;
		};
		FA569C8720E589C70094807F /* Release */ = {
			isa = XCBuildConfiguration;
			buildSettings = {
				ALWAYS_SEARCH_USER_PATHS = NO;
				CLANG_ANALYZER_NONNULL = YES;
				CLANG_ANALYZER_NUMBER_OBJECT_CONVERSION = YES_AGGRESSIVE;
				CLANG_CXX_LANGUAGE_STANDARD = "gnu++14";
				CLANG_CXX_LIBRARY = "libc++";
				CLANG_ENABLE_MODULES = YES;
				CLANG_ENABLE_OBJC_ARC = YES;
				CLANG_ENABLE_OBJC_WEAK = YES;
				CLANG_WARN_BLOCK_CAPTURE_AUTORELEASING = YES;
				CLANG_WARN_BOOL_CONVERSION = YES;
				CLANG_WARN_COMMA = YES;
				CLANG_WARN_CONSTANT_CONVERSION = YES;
				CLANG_WARN_DEPRECATED_OBJC_IMPLEMENTATIONS = YES;
				CLANG_WARN_DIRECT_OBJC_ISA_USAGE = YES_ERROR;
				CLANG_WARN_DOCUMENTATION_COMMENTS = YES;
				CLANG_WARN_EMPTY_BODY = YES;
				CLANG_WARN_ENUM_CONVERSION = YES;
				CLANG_WARN_INFINITE_RECURSION = YES;
				CLANG_WARN_INT_CONVERSION = YES;
				CLANG_WARN_NON_LITERAL_NULL_CONVERSION = YES;
				CLANG_WARN_OBJC_IMPLICIT_RETAIN_SELF = YES;
				CLANG_WARN_OBJC_LITERAL_CONVERSION = YES;
				CLANG_WARN_OBJC_ROOT_CLASS = YES_ERROR;
				CLANG_WARN_RANGE_LOOP_ANALYSIS = YES;
				CLANG_WARN_STRICT_PROTOTYPES = YES;
				CLANG_WARN_SUSPICIOUS_MOVE = YES;
				CLANG_WARN_UNGUARDED_AVAILABILITY = YES_AGGRESSIVE;
				CLANG_WARN_UNREACHABLE_CODE = YES;
				CLANG_WARN__DUPLICATE_METHOD_MATCH = YES;
				CODE_SIGN_IDENTITY = "iPhone Developer";
				COPY_PHASE_STRIP = NO;
				DEBUG_INFORMATION_FORMAT = "dwarf-with-dsym";
				ENABLE_NS_ASSERTIONS = NO;
				ENABLE_STRICT_OBJC_MSGSEND = YES;
				GCC_C_LANGUAGE_STANDARD = gnu11;
				GCC_NO_COMMON_BLOCKS = YES;
				GCC_WARN_64_TO_32_BIT_CONVERSION = YES;
				GCC_WARN_ABOUT_RETURN_TYPE = YES_ERROR;
				GCC_WARN_UNDECLARED_SELECTOR = YES;
				GCC_WARN_UNINITIALIZED_AUTOS = YES_AGGRESSIVE;
				GCC_WARN_UNUSED_FUNCTION = YES;
				GCC_WARN_UNUSED_VARIABLE = YES;
				IPHONEOS_DEPLOYMENT_TARGET = 11.4;
				MTL_ENABLE_DEBUG_INFO = NO;
				SDKROOT = iphoneos;
				SWIFT_COMPILATION_MODE = wholemodule;
				SWIFT_OPTIMIZATION_LEVEL = "-O";
				VALIDATE_PRODUCT = YES;
			};
			name = Release;
		};
		FA569C8920E589C70094807F /* Debug */ = {
			isa = XCBuildConfiguration;
			baseConfigurationReference = A8C261F0D0E00D7A1479A134 /* Pods-floatios.debug.xcconfig */;
			buildSettings = {
				ASSETCATALOG_COMPILER_APPICON_NAME = AppIcon;
				CODE_SIGN_STYLE = Automatic;
				DEVELOPMENT_TEAM = X4S6MUZL2D;
				INFOPLIST_FILE = floatios/Info.plist;
				LD_RUNPATH_SEARCH_PATHS = (
					"$(inherited)",
					"@executable_path/Frameworks",
				);
				PRODUCT_BUNDLE_IDENTIFIER = com.skorulis.floatios;
				PRODUCT_NAME = "$(TARGET_NAME)";
				SWIFT_VERSION = 4.0;
				TARGETED_DEVICE_FAMILY = "1,2";
			};
			name = Debug;
		};
		FA569C8A20E589C70094807F /* Release */ = {
			isa = XCBuildConfiguration;
			baseConfigurationReference = 1ED52F9FC4641FB6B680F73B /* Pods-floatios.release.xcconfig */;
			buildSettings = {
				ASSETCATALOG_COMPILER_APPICON_NAME = AppIcon;
				CODE_SIGN_STYLE = Automatic;
				DEVELOPMENT_TEAM = X4S6MUZL2D;
				INFOPLIST_FILE = floatios/Info.plist;
				LD_RUNPATH_SEARCH_PATHS = (
					"$(inherited)",
					"@executable_path/Frameworks",
				);
				PRODUCT_BUNDLE_IDENTIFIER = com.skorulis.floatios;
				PRODUCT_NAME = "$(TARGET_NAME)";
				SWIFT_VERSION = 4.0;
				TARGETED_DEVICE_FAMILY = "1,2";
			};
			name = Release;
		};
		FA569C8C20E589C70094807F /* Debug */ = {
			isa = XCBuildConfiguration;
			baseConfigurationReference = 8C837A241FAA34ADC1F030C8 /* Pods-floatiosTests.debug.xcconfig */;
			buildSettings = {
				ALWAYS_EMBED_SWIFT_STANDARD_LIBRARIES = YES;
				BUNDLE_LOADER = "$(TEST_HOST)";
				CODE_SIGN_STYLE = Automatic;
				DEVELOPMENT_TEAM = X4S6MUZL2D;
				INFOPLIST_FILE = floatiosTests/Info.plist;
				LD_RUNPATH_SEARCH_PATHS = (
					"$(inherited)",
					"@executable_path/Frameworks",
					"@loader_path/Frameworks",
				);
				PRODUCT_BUNDLE_IDENTIFIER = com.skorulis.floatiosTests;
				PRODUCT_NAME = "$(TARGET_NAME)";
				SWIFT_VERSION = 4.0;
				TARGETED_DEVICE_FAMILY = "1,2";
				TEST_HOST = "$(BUILT_PRODUCTS_DIR)/floatios.app/floatios";
			};
			name = Debug;
		};
		FA569C8D20E589C70094807F /* Release */ = {
			isa = XCBuildConfiguration;
			baseConfigurationReference = A784F48876FFCE1D59AFE78C /* Pods-floatiosTests.release.xcconfig */;
			buildSettings = {
				ALWAYS_EMBED_SWIFT_STANDARD_LIBRARIES = YES;
				BUNDLE_LOADER = "$(TEST_HOST)";
				CODE_SIGN_STYLE = Automatic;
				DEVELOPMENT_TEAM = X4S6MUZL2D;
				INFOPLIST_FILE = floatiosTests/Info.plist;
				LD_RUNPATH_SEARCH_PATHS = (
					"$(inherited)",
					"@executable_path/Frameworks",
					"@loader_path/Frameworks",
				);
				PRODUCT_BUNDLE_IDENTIFIER = com.skorulis.floatiosTests;
				PRODUCT_NAME = "$(TARGET_NAME)";
				SWIFT_VERSION = 4.0;
				TARGETED_DEVICE_FAMILY = "1,2";
				TEST_HOST = "$(BUILT_PRODUCTS_DIR)/floatios.app/floatios";
			};
			name = Release;
		};
/* End XCBuildConfiguration section */

/* Begin XCConfigurationList section */
		FA1C3E6D2117D0D10062FC05 /* Build configuration list for PBXNativeTarget "FloatMac" */ = {
			isa = XCConfigurationList;
			buildConfigurations = (
				FA1C3E6B2117D0D10062FC05 /* Debug */,
				FA1C3E6C2117D0D10062FC05 /* Release */,
			);
			defaultConfigurationIsVisible = 0;
			defaultConfigurationName = Release;
		};
		FA569C6620E589C40094807F /* Build configuration list for PBXProject "floatios" */ = {
			isa = XCConfigurationList;
			buildConfigurations = (
				FA569C8620E589C70094807F /* Debug */,
				FA569C8720E589C70094807F /* Release */,
			);
			defaultConfigurationIsVisible = 0;
			defaultConfigurationName = Release;
		};
		FA569C8820E589C70094807F /* Build configuration list for PBXNativeTarget "floatios" */ = {
			isa = XCConfigurationList;
			buildConfigurations = (
				FA569C8920E589C70094807F /* Debug */,
				FA569C8A20E589C70094807F /* Release */,
			);
			defaultConfigurationIsVisible = 0;
			defaultConfigurationName = Release;
		};
		FA569C8B20E589C70094807F /* Build configuration list for PBXNativeTarget "floatiosTests" */ = {
			isa = XCConfigurationList;
			buildConfigurations = (
				FA569C8C20E589C70094807F /* Debug */,
				FA569C8D20E589C70094807F /* Release */,
			);
			defaultConfigurationIsVisible = 0;
			defaultConfigurationName = Release;
		};
/* End XCConfigurationList section */
	};
	rootObject = FA569C6320E589C40094807F /* Project object */;
}
