// !$*UTF8*$!
{
	archiveVersion = 1;
	classes = {
	};
	objectVersion = 50;
	objects = {

/* Begin PBXBuildFile section */
		93C000E06853CF176D6CCC95 /* Pods_floatios.framework in Frameworks */ = {isa = PBXBuildFile; fileRef = 23589CF1D59E460A2BC273F1 /* Pods_floatios.framework */; };
		D7ADF30D0522FA469DC67C80 /* Pods_floatiosTests.framework in Frameworks */ = {isa = PBXBuildFile; fileRef = 0E85B4751AB4B1861E3EEC2E /* Pods_floatiosTests.framework */; };
		FA1071FF20E70DFC0046C756 /* PlayerDetailsCell.swift in Sources */ = {isa = PBXBuildFile; fileRef = FA1071FE20E70DFC0046C756 /* PlayerDetailsCell.swift */; };
		FA10720220E725130046C756 /* CityViewController.swift in Sources */ = {isa = PBXBuildFile; fileRef = FA10720120E725130046C756 /* CityViewController.swift */; };
		FA10720420E7256B0046C756 /* CityDetailsCell.swift in Sources */ = {isa = PBXBuildFile; fileRef = FA10720320E7256B0046C756 /* CityDetailsCell.swift */; };
		FA20AB1E20E62F5D00F0FFAF /* ActionCell.swift in Sources */ = {isa = PBXBuildFile; fileRef = FA20AB1D20E62F5D00F0FFAF /* ActionCell.swift */; };
		FA569C6F20E589C40094807F /* AppDelegate.swift in Sources */ = {isa = PBXBuildFile; fileRef = FA569C6E20E589C40094807F /* AppDelegate.swift */; };
		FA569C7620E589C70094807F /* Assets.xcassets in Resources */ = {isa = PBXBuildFile; fileRef = FA569C7520E589C70094807F /* Assets.xcassets */; };
		FA569C7920E589C70094807F /* LaunchScreen.storyboard in Resources */ = {isa = PBXBuildFile; fileRef = FA569C7720E589C70094807F /* LaunchScreen.storyboard */; };
		FA569C8420E589C70094807F /* floatiosTests.swift in Sources */ = {isa = PBXBuildFile; fileRef = FA569C8320E589C70094807F /* floatiosTests.swift */; };
		FA569CB020E58D970094807F /* MaxValueField.swift in Sources */ = {isa = PBXBuildFile; fileRef = FA569CA120E58D960094807F /* MaxValueField.swift */; };
		FA569CB120E58D970094807F /* LandPlotModel.swift in Sources */ = {isa = PBXBuildFile; fileRef = FA569CA220E58D960094807F /* LandPlotModel.swift */; };
		FA569CB220E58D970094807F /* CityModel.swift in Sources */ = {isa = PBXBuildFile; fileRef = FA569CA320E58D960094807F /* CityModel.swift */; };
		FA569CB320E58D970094807F /* InventoryModel.swift in Sources */ = {isa = PBXBuildFile; fileRef = FA569CA520E58D960094807F /* InventoryModel.swift */; };
		FA569CB420E58D970094807F /* ItemModel.swift in Sources */ = {isa = PBXBuildFile; fileRef = FA569CA620E58D960094807F /* ItemModel.swift */; };
		FA569CB520E58D970094807F /* SkillModel.swift in Sources */ = {isa = PBXBuildFile; fileRef = FA569CA820E58D960094807F /* SkillModel.swift */; };
		FA569CB620E58D970094807F /* NonPlayerCharacterModel.swift in Sources */ = {isa = PBXBuildFile; fileRef = FA569CA920E58D960094807F /* NonPlayerCharacterModel.swift */; };
		FA569CB720E58D970094807F /* CharacterModel.swift in Sources */ = {isa = PBXBuildFile; fileRef = FA569CAA20E58D960094807F /* CharacterModel.swift */; };
		FA569CB820E58D970094807F /* LoreModel.swift in Sources */ = {isa = PBXBuildFile; fileRef = FA569CAB20E58D960094807F /* LoreModel.swift */; };
		FA569CB920E58D970094807F /* GameController.swift in Sources */ = {isa = PBXBuildFile; fileRef = FA569CAD20E58D960094807F /* GameController.swift */; };
		FA569CBA20E58D970094807F /* CityController.swift in Sources */ = {isa = PBXBuildFile; fileRef = FA569CAE20E58D960094807F /* CityController.swift */; };
		FA569CBB20E58D970094807F /* ActionController.swift in Sources */ = {isa = PBXBuildFile; fileRef = FA569CAF20E58D960094807F /* ActionController.swift */; };
		FA569CBD20E58F9E0094807F /* NPCController.swift in Sources */ = {isa = PBXBuildFile; fileRef = FA569CBC20E58F9E0094807F /* NPCController.swift */; };
		FA569CBF20E58FAE0094807F /* PlayerCharacterController.swift in Sources */ = {isa = PBXBuildFile; fileRef = FA569CBE20E58FAE0094807F /* PlayerCharacterController.swift */; };
		FA569CC120E58FC40094807F /* PlayerCharacterModel.swift in Sources */ = {isa = PBXBuildFile; fileRef = FA569CC020E58FC40094807F /* PlayerCharacterModel.swift */; };
		FAE12DFF20E6146A00F9FA77 /* PlayerViewController.swift in Sources */ = {isa = PBXBuildFile; fileRef = FAE12DFE20E6146A00F9FA77 /* PlayerViewController.swift */; };
/* End PBXBuildFile section */

/* Begin PBXContainerItemProxy section */
		FA569C8020E589C70094807F /* PBXContainerItemProxy */ = {
			isa = PBXContainerItemProxy;
			containerPortal = FA569C6320E589C40094807F /* Project object */;
			proxyType = 1;
			remoteGlobalIDString = FA569C6A20E589C40094807F;
			remoteInfo = floatios;
		};
/* End PBXContainerItemProxy section */

/* Begin PBXFileReference section */
		0E85B4751AB4B1861E3EEC2E /* Pods_floatiosTests.framework */ = {isa = PBXFileReference; explicitFileType = wrapper.framework; includeInIndex = 0; path = Pods_floatiosTests.framework; sourceTree = BUILT_PRODUCTS_DIR; };
		1ED52F9FC4641FB6B680F73B /* Pods-floatios.release.xcconfig */ = {isa = PBXFileReference; includeInIndex = 1; lastKnownFileType = text.xcconfig; name = "Pods-floatios.release.xcconfig"; path = "Pods/Target Support Files/Pods-floatios/Pods-floatios.release.xcconfig"; sourceTree = "<group>"; };
		23589CF1D59E460A2BC273F1 /* Pods_floatios.framework */ = {isa = PBXFileReference; explicitFileType = wrapper.framework; includeInIndex = 0; path = Pods_floatios.framework; sourceTree = BUILT_PRODUCTS_DIR; };
		8C837A241FAA34ADC1F030C8 /* Pods-floatiosTests.debug.xcconfig */ = {isa = PBXFileReference; includeInIndex = 1; lastKnownFileType = text.xcconfig; name = "Pods-floatiosTests.debug.xcconfig"; path = "Pods/Target Support Files/Pods-floatiosTests/Pods-floatiosTests.debug.xcconfig"; sourceTree = "<group>"; };
		A784F48876FFCE1D59AFE78C /* Pods-floatiosTests.release.xcconfig */ = {isa = PBXFileReference; includeInIndex = 1; lastKnownFileType = text.xcconfig; name = "Pods-floatiosTests.release.xcconfig"; path = "Pods/Target Support Files/Pods-floatiosTests/Pods-floatiosTests.release.xcconfig"; sourceTree = "<group>"; };
		A8C261F0D0E00D7A1479A134 /* Pods-floatios.debug.xcconfig */ = {isa = PBXFileReference; includeInIndex = 1; lastKnownFileType = text.xcconfig; name = "Pods-floatios.debug.xcconfig"; path = "Pods/Target Support Files/Pods-floatios/Pods-floatios.debug.xcconfig"; sourceTree = "<group>"; };
		FA1071FE20E70DFC0046C756 /* PlayerDetailsCell.swift */ = {isa = PBXFileReference; lastKnownFileType = sourcecode.swift; path = PlayerDetailsCell.swift; sourceTree = "<group>"; };
		FA10720120E725130046C756 /* CityViewController.swift */ = {isa = PBXFileReference; lastKnownFileType = sourcecode.swift; path = CityViewController.swift; sourceTree = "<group>"; };
		FA10720320E7256B0046C756 /* CityDetailsCell.swift */ = {isa = PBXFileReference; lastKnownFileType = sourcecode.swift; path = CityDetailsCell.swift; sourceTree = "<group>"; };
		FA20AB1D20E62F5D00F0FFAF /* ActionCell.swift */ = {isa = PBXFileReference; lastKnownFileType = sourcecode.swift; path = ActionCell.swift; sourceTree = "<group>"; };
		FA569C6B20E589C40094807F /* floatios.app */ = {isa = PBXFileReference; explicitFileType = wrapper.application; includeInIndex = 0; path = floatios.app; sourceTree = BUILT_PRODUCTS_DIR; };
		FA569C6E20E589C40094807F /* AppDelegate.swift */ = {isa = PBXFileReference; lastKnownFileType = sourcecode.swift; path = AppDelegate.swift; sourceTree = "<group>"; };
		FA569C7520E589C70094807F /* Assets.xcassets */ = {isa = PBXFileReference; lastKnownFileType = folder.assetcatalog; path = Assets.xcassets; sourceTree = "<group>"; };
		FA569C7820E589C70094807F /* Base */ = {isa = PBXFileReference; lastKnownFileType = file.storyboard; name = Base; path = Base.lproj/LaunchScreen.storyboard; sourceTree = "<group>"; };
		FA569C7A20E589C70094807F /* Info.plist */ = {isa = PBXFileReference; lastKnownFileType = text.plist.xml; path = Info.plist; sourceTree = "<group>"; };
		FA569C7F20E589C70094807F /* floatiosTests.xctest */ = {isa = PBXFileReference; explicitFileType = wrapper.cfbundle; includeInIndex = 0; path = floatiosTests.xctest; sourceTree = BUILT_PRODUCTS_DIR; };
		FA569C8320E589C70094807F /* floatiosTests.swift */ = {isa = PBXFileReference; lastKnownFileType = sourcecode.swift; path = floatiosTests.swift; sourceTree = "<group>"; };
		FA569C8520E589C70094807F /* Info.plist */ = {isa = PBXFileReference; lastKnownFileType = text.plist.xml; path = Info.plist; sourceTree = "<group>"; };
		FA569CA120E58D960094807F /* MaxValueField.swift */ = {isa = PBXFileReference; fileEncoding = 4; lastKnownFileType = sourcecode.swift; path = MaxValueField.swift; sourceTree = "<group>"; };
		FA569CA220E58D960094807F /* LandPlotModel.swift */ = {isa = PBXFileReference; fileEncoding = 4; lastKnownFileType = sourcecode.swift; path = LandPlotModel.swift; sourceTree = "<group>"; };
		FA569CA320E58D960094807F /* CityModel.swift */ = {isa = PBXFileReference; fileEncoding = 4; lastKnownFileType = sourcecode.swift; path = CityModel.swift; sourceTree = "<group>"; };
		FA569CA520E58D960094807F /* InventoryModel.swift */ = {isa = PBXFileReference; fileEncoding = 4; lastKnownFileType = sourcecode.swift; path = InventoryModel.swift; sourceTree = "<group>"; };
		FA569CA620E58D960094807F /* ItemModel.swift */ = {isa = PBXFileReference; fileEncoding = 4; lastKnownFileType = sourcecode.swift; path = ItemModel.swift; sourceTree = "<group>"; };
		FA569CA820E58D960094807F /* SkillModel.swift */ = {isa = PBXFileReference; fileEncoding = 4; lastKnownFileType = sourcecode.swift; path = SkillModel.swift; sourceTree = "<group>"; };
		FA569CA920E58D960094807F /* NonPlayerCharacterModel.swift */ = {isa = PBXFileReference; fileEncoding = 4; lastKnownFileType = sourcecode.swift; path = NonPlayerCharacterModel.swift; sourceTree = "<group>"; };
		FA569CAA20E58D960094807F /* CharacterModel.swift */ = {isa = PBXFileReference; fileEncoding = 4; lastKnownFileType = sourcecode.swift; path = CharacterModel.swift; sourceTree = "<group>"; };
		FA569CAB20E58D960094807F /* LoreModel.swift */ = {isa = PBXFileReference; fileEncoding = 4; lastKnownFileType = sourcecode.swift; path = LoreModel.swift; sourceTree = "<group>"; };
		FA569CAD20E58D960094807F /* GameController.swift */ = {isa = PBXFileReference; fileEncoding = 4; lastKnownFileType = sourcecode.swift; path = GameController.swift; sourceTree = "<group>"; };
		FA569CAE20E58D960094807F /* CityController.swift */ = {isa = PBXFileReference; fileEncoding = 4; lastKnownFileType = sourcecode.swift; path = CityController.swift; sourceTree = "<group>"; };
		FA569CAF20E58D960094807F /* ActionController.swift */ = {isa = PBXFileReference; fileEncoding = 4; lastKnownFileType = sourcecode.swift; path = ActionController.swift; sourceTree = "<group>"; };
		FA569CBC20E58F9E0094807F /* NPCController.swift */ = {isa = PBXFileReference; lastKnownFileType = sourcecode.swift; path = NPCController.swift; sourceTree = "<group>"; };
		FA569CBE20E58FAE0094807F /* PlayerCharacterController.swift */ = {isa = PBXFileReference; lastKnownFileType = sourcecode.swift; path = PlayerCharacterController.swift; sourceTree = "<group>"; };
		FA569CC020E58FC40094807F /* PlayerCharacterModel.swift */ = {isa = PBXFileReference; lastKnownFileType = sourcecode.swift; path = PlayerCharacterModel.swift; sourceTree = "<group>"; };
		FAE12DFE20E6146A00F9FA77 /* PlayerViewController.swift */ = {isa = PBXFileReference; lastKnownFileType = sourcecode.swift; path = PlayerViewController.swift; sourceTree = "<group>"; };
/* End PBXFileReference section */

/* Begin PBXFrameworksBuildPhase section */
		FA569C6820E589C40094807F /* Frameworks */ = {
			isa = PBXFrameworksBuildPhase;
			buildActionMask = 2147483647;
			files = (
				93C000E06853CF176D6CCC95 /* Pods_floatios.framework in Frameworks */,
			);
			runOnlyForDeploymentPostprocessing = 0;
		};
		FA569C7C20E589C70094807F /* Frameworks */ = {
			isa = PBXFrameworksBuildPhase;
			buildActionMask = 2147483647;
			files = (
				D7ADF30D0522FA469DC67C80 /* Pods_floatiosTests.framework in Frameworks */,
			);
			runOnlyForDeploymentPostprocessing = 0;
		};
/* End PBXFrameworksBuildPhase section */

/* Begin PBXGroup section */
		5BB8B4F6722BDA80E6C7E168 /* Pods */ = {
			isa = PBXGroup;
			children = (
				A8C261F0D0E00D7A1479A134 /* Pods-floatios.debug.xcconfig */,
				1ED52F9FC4641FB6B680F73B /* Pods-floatios.release.xcconfig */,
				8C837A241FAA34ADC1F030C8 /* Pods-floatiosTests.debug.xcconfig */,
				A784F48876FFCE1D59AFE78C /* Pods-floatiosTests.release.xcconfig */,
			);
			name = Pods;
			sourceTree = "<group>";
		};
		CE06FF227814ED8A8AFE7099 /* Frameworks */ = {
			isa = PBXGroup;
			children = (
				23589CF1D59E460A2BC273F1 /* Pods_floatios.framework */,
				0E85B4751AB4B1861E3EEC2E /* Pods_floatiosTests.framework */,
			);
			name = Frameworks;
			sourceTree = "<group>";
		};
		FA10720020E725030046C756 /* city */ = {
			isa = PBXGroup;
			children = (
				FA10720120E725130046C756 /* CityViewController.swift */,
				FA10720320E7256B0046C756 /* CityDetailsCell.swift */,
			);
			path = city;
			sourceTree = "<group>";
		};
		FA10720720E727170046C756 /* base */ = {
			isa = PBXGroup;
			children = (
			);
			path = base;
			sourceTree = "<group>";
		};
		FA569C6220E589C40094807F = {
			isa = PBXGroup;
			children = (
				FA569C6D20E589C40094807F /* floatios */,
				FA569C8220E589C70094807F /* floatiosTests */,
				FA569C6C20E589C40094807F /* Products */,
				5BB8B4F6722BDA80E6C7E168 /* Pods */,
				CE06FF227814ED8A8AFE7099 /* Frameworks */,
			);
			sourceTree = "<group>";
		};
		FA569C6C20E589C40094807F /* Products */ = {
			isa = PBXGroup;
			children = (
				FA569C6B20E589C40094807F /* floatios.app */,
				FA569C7F20E589C70094807F /* floatiosTests.xctest */,
			);
			name = Products;
			sourceTree = "<group>";
		};
		FA569C6D20E589C40094807F /* floatios */ = {
			isa = PBXGroup;
			children = (
				FAE12DFD20E6143A00F9FA77 /* view controllers */,
				FA569C9F20E58D960094807F /* logic */,
				FA569C6E20E589C40094807F /* AppDelegate.swift */,
				FA569C7520E589C70094807F /* Assets.xcassets */,
				FA569C7720E589C70094807F /* LaunchScreen.storyboard */,
				FA569C7A20E589C70094807F /* Info.plist */,
			);
			path = floatios;
			sourceTree = "<group>";
		};
		FA569C8220E589C70094807F /* floatiosTests */ = {
			isa = PBXGroup;
			children = (
				FA569C8320E589C70094807F /* floatiosTests.swift */,
				FA569C8520E589C70094807F /* Info.plist */,
			);
			path = floatiosTests;
			sourceTree = "<group>";
		};
		FA569C9F20E58D960094807F /* logic */ = {
			isa = PBXGroup;
			children = (
				FA569CA020E58D960094807F /* Models */,
				FA569CAC20E58D960094807F /* Controllers */,
			);
			path = logic;
			sourceTree = "<group>";
		};
		FA569CA020E58D960094807F /* Models */ = {
			isa = PBXGroup;
			children = (
				FA569CA120E58D960094807F /* MaxValueField.swift */,
				FA569CA220E58D960094807F /* LandPlotModel.swift */,
				FA569CA320E58D960094807F /* CityModel.swift */,
				FA569CA420E58D960094807F /* items */,
				FA569CA720E58D960094807F /* characters */,
				FA569CAB20E58D960094807F /* LoreModel.swift */,
			);
			path = Models;
			sourceTree = "<group>";
		};
		FA569CA420E58D960094807F /* items */ = {
			isa = PBXGroup;
			children = (
				FA569CA520E58D960094807F /* InventoryModel.swift */,
				FA569CA620E58D960094807F /* ItemModel.swift */,
			);
			path = items;
			sourceTree = "<group>";
		};
		FA569CA720E58D960094807F /* characters */ = {
			isa = PBXGroup;
			children = (
				FA569CA820E58D960094807F /* SkillModel.swift */,
				FA569CA920E58D960094807F /* NonPlayerCharacterModel.swift */,
				FA569CAA20E58D960094807F /* CharacterModel.swift */,
				FA569CC020E58FC40094807F /* PlayerCharacterModel.swift */,
			);
			path = characters;
			sourceTree = "<group>";
		};
		FA569CAC20E58D960094807F /* Controllers */ = {
			isa = PBXGroup;
			children = (
				FA569CAD20E58D960094807F /* GameController.swift */,
				FA569CAE20E58D960094807F /* CityController.swift */,
				FA569CAF20E58D960094807F /* ActionController.swift */,
				FA569CBC20E58F9E0094807F /* NPCController.swift */,
				FA569CBE20E58FAE0094807F /* PlayerCharacterController.swift */,
			);
			path = Controllers;
			sourceTree = "<group>";
		};
		FAE12DFD20E6143A00F9FA77 /* view controllers */ = {
			isa = PBXGroup;
			children = (
				FA10720720E727170046C756 /* base */,
				FA10720020E725030046C756 /* city */,
				FAE12DFE20E6146A00F9FA77 /* PlayerViewController.swift */,
				FA20AB1D20E62F5D00F0FFAF /* ActionCell.swift */,
				FA1071FE20E70DFC0046C756 /* PlayerDetailsCell.swift */,
			);
			path = "view controllers";
			sourceTree = "<group>";
		};
/* End PBXGroup section */

/* Begin PBXNativeTarget section */
		FA569C6A20E589C40094807F /* floatios */ = {
			isa = PBXNativeTarget;
			buildConfigurationList = FA569C8820E589C70094807F /* Build configuration list for PBXNativeTarget "floatios" */;
			buildPhases = (
				37BB444D6924FBF1C8A014D0 /* [CP] Check Pods Manifest.lock */,
				FA569C6720E589C40094807F /* Sources */,
				FA569C6820E589C40094807F /* Frameworks */,
				FA569C6920E589C40094807F /* Resources */,
				32B9BC3BB88AB367857A4BA0 /* [CP] Embed Pods Frameworks */,
			);
			buildRules = (
			);
			dependencies = (
			);
			name = floatios;
			productName = floatios;
			productReference = FA569C6B20E589C40094807F /* floatios.app */;
			productType = "com.apple.product-type.application";
		};
		FA569C7E20E589C70094807F /* floatiosTests */ = {
			isa = PBXNativeTarget;
			buildConfigurationList = FA569C8B20E589C70094807F /* Build configuration list for PBXNativeTarget "floatiosTests" */;
			buildPhases = (
				01D0EC9C44B2FFE624A48F5D /* [CP] Check Pods Manifest.lock */,
				FA569C7B20E589C70094807F /* Sources */,
				FA569C7C20E589C70094807F /* Frameworks */,
				FA569C7D20E589C70094807F /* Resources */,
				271929A43AF42582BF895A3A /* [CP] Embed Pods Frameworks */,
			);
			buildRules = (
			);
			dependencies = (
				FA569C8120E589C70094807F /* PBXTargetDependency */,
			);
			name = floatiosTests;
			productName = floatiosTests;
			productReference = FA569C7F20E589C70094807F /* floatiosTests.xctest */;
			productType = "com.apple.product-type.bundle.unit-test";
		};
/* End PBXNativeTarget section */

/* Begin PBXProject section */
		FA569C6320E589C40094807F /* Project object */ = {
			isa = PBXProject;
			attributes = {
				LastSwiftUpdateCheck = 0940;
				LastUpgradeCheck = 0940;
				ORGANIZATIONNAME = Skorulis;
				TargetAttributes = {
					FA569C6A20E589C40094807F = {
						CreatedOnToolsVersion = 9.4;
					};
					FA569C7E20E589C70094807F = {
						CreatedOnToolsVersion = 9.4;
						TestTargetID = FA569C6A20E589C40094807F;
					};
				};
			};
			buildConfigurationList = FA569C6620E589C40094807F /* Build configuration list for PBXProject "floatios" */;
			compatibilityVersion = "Xcode 9.3";
			developmentRegion = en;
			hasScannedForEncodings = 0;
			knownRegions = (
				en,
				Base,
			);
			mainGroup = FA569C6220E589C40094807F;
			productRefGroup = FA569C6C20E589C40094807F /* Products */;
			projectDirPath = "";
			projectRoot = "";
			targets = (
				FA569C6A20E589C40094807F /* floatios */,
				FA569C7E20E589C70094807F /* floatiosTests */,
			);
		};
/* End PBXProject section */

/* Begin PBXResourcesBuildPhase section */
		FA569C6920E589C40094807F /* Resources */ = {
			isa = PBXResourcesBuildPhase;
			buildActionMask = 2147483647;
			files = (
				FA569C7920E589C70094807F /* LaunchScreen.storyboard in Resources */,
				FA569C7620E589C70094807F /* Assets.xcassets in Resources */,
			);
			runOnlyForDeploymentPostprocessing = 0;
		};
		FA569C7D20E589C70094807F /* Resources */ = {
			isa = PBXResourcesBuildPhase;
			buildActionMask = 2147483647;
			files = (
			);
			runOnlyForDeploymentPostprocessing = 0;
		};
/* End PBXResourcesBuildPhase section */

/* Begin PBXShellScriptBuildPhase section */
		01D0EC9C44B2FFE624A48F5D /* [CP] Check Pods Manifest.lock */ = {
			isa = PBXShellScriptBuildPhase;
			buildActionMask = 2147483647;
			files = (
			);
			inputPaths = (
				"${PODS_PODFILE_DIR_PATH}/Podfile.lock",
				"${PODS_ROOT}/Manifest.lock",
			);
			name = "[CP] Check Pods Manifest.lock";
			outputPaths = (
				"$(DERIVED_FILE_DIR)/Pods-floatiosTests-checkManifestLockResult.txt",
			);
			runOnlyForDeploymentPostprocessing = 0;
			shellPath = /bin/sh;
			shellScript = "diff \"${PODS_PODFILE_DIR_PATH}/Podfile.lock\" \"${PODS_ROOT}/Manifest.lock\" > /dev/null\nif [ $? != 0 ] ; then\n    # print error to STDERR\n    echo \"error: The sandbox is not in sync with the Podfile.lock. Run 'pod install' or update your CocoaPods installation.\" >&2\n    exit 1\nfi\n# This output is used by Xcode 'outputs' to avoid re-running this script phase.\necho \"SUCCESS\" > \"${SCRIPT_OUTPUT_FILE_0}\"\n";
			showEnvVarsInLog = 0;
		};
		271929A43AF42582BF895A3A /* [CP] Embed Pods Frameworks */ = {
			isa = PBXShellScriptBuildPhase;
			buildActionMask = 2147483647;
			files = (
			);
			inputPaths = (
				"${SRCROOT}/Pods/Target Support Files/Pods-floatiosTests/Pods-floatiosTests-frameworks.sh",
				"${BUILT_PRODUCTS_DIR}/DateToolsSwift/DateToolsSwift.framework",
				"${BUILT_PRODUCTS_DIR}/FontAwesomeKit/FontAwesomeKit.framework",
				"${BUILT_PRODUCTS_DIR}/PromiseKit/PromiseKit.framework",
				"${BUILT_PRODUCTS_DIR}/SKCollectionView/SKCollectionView.framework",
				"${BUILT_PRODUCTS_DIR}/SKComponents/SKComponents.framework",
				"${BUILT_PRODUCTS_DIR}/SKSwiftLib/SKSwiftLib.framework",
				"${BUILT_PRODUCTS_DIR}/SnapKit/SnapKit.framework",
			);
			name = "[CP] Embed Pods Frameworks";
			outputPaths = (
				"${TARGET_BUILD_DIR}/${FRAMEWORKS_FOLDER_PATH}/DateToolsSwift.framework",
				"${TARGET_BUILD_DIR}/${FRAMEWORKS_FOLDER_PATH}/FontAwesomeKit.framework",
				"${TARGET_BUILD_DIR}/${FRAMEWORKS_FOLDER_PATH}/PromiseKit.framework",
				"${TARGET_BUILD_DIR}/${FRAMEWORKS_FOLDER_PATH}/SKCollectionView.framework",
				"${TARGET_BUILD_DIR}/${FRAMEWORKS_FOLDER_PATH}/SKComponents.framework",
				"${TARGET_BUILD_DIR}/${FRAMEWORKS_FOLDER_PATH}/SKSwiftLib.framework",
				"${TARGET_BUILD_DIR}/${FRAMEWORKS_FOLDER_PATH}/SnapKit.framework",
			);
			runOnlyForDeploymentPostprocessing = 0;
			shellPath = /bin/sh;
			shellScript = "\"${SRCROOT}/Pods/Target Support Files/Pods-floatiosTests/Pods-floatiosTests-frameworks.sh\"\n";
			showEnvVarsInLog = 0;
		};
		32B9BC3BB88AB367857A4BA0 /* [CP] Embed Pods Frameworks */ = {
			isa = PBXShellScriptBuildPhase;
			buildActionMask = 2147483647;
			files = (
			);
			inputPaths = (
				"${SRCROOT}/Pods/Target Support Files/Pods-floatios/Pods-floatios-frameworks.sh",
				"${BUILT_PRODUCTS_DIR}/DateToolsSwift/DateToolsSwift.framework",
				"${BUILT_PRODUCTS_DIR}/FontAwesomeKit/FontAwesomeKit.framework",
				"${BUILT_PRODUCTS_DIR}/PromiseKit/PromiseKit.framework",
				"${BUILT_PRODUCTS_DIR}/SKCollectionView/SKCollectionView.framework",
				"${BUILT_PRODUCTS_DIR}/SKComponents/SKComponents.framework",
				"${BUILT_PRODUCTS_DIR}/SKSwiftLib/SKSwiftLib.framework",
				"${BUILT_PRODUCTS_DIR}/SnapKit/SnapKit.framework",
			);
			name = "[CP] Embed Pods Frameworks";
			outputPaths = (
				"${TARGET_BUILD_DIR}/${FRAMEWORKS_FOLDER_PATH}/DateToolsSwift.framework",
				"${TARGET_BUILD_DIR}/${FRAMEWORKS_FOLDER_PATH}/FontAwesomeKit.framework",
				"${TARGET_BUILD_DIR}/${FRAMEWORKS_FOLDER_PATH}/PromiseKit.framework",
				"${TARGET_BUILD_DIR}/${FRAMEWORKS_FOLDER_PATH}/SKCollectionView.framework",
				"${TARGET_BUILD_DIR}/${FRAMEWORKS_FOLDER_PATH}/SKComponents.framework",
				"${TARGET_BUILD_DIR}/${FRAMEWORKS_FOLDER_PATH}/SKSwiftLib.framework",
				"${TARGET_BUILD_DIR}/${FRAMEWORKS_FOLDER_PATH}/SnapKit.framework",
			);
			runOnlyForDeploymentPostprocessing = 0;
			shellPath = /bin/sh;
			shellScript = "\"${SRCROOT}/Pods/Target Support Files/Pods-floatios/Pods-floatios-frameworks.sh\"\n";
			showEnvVarsInLog = 0;
		};
		37BB444D6924FBF1C8A014D0 /* [CP] Check Pods Manifest.lock */ = {
			isa = PBXShellScriptBuildPhase;
			buildActionMask = 2147483647;
			files = (
			);
			inputPaths = (
				"${PODS_PODFILE_DIR_PATH}/Podfile.lock",
				"${PODS_ROOT}/Manifest.lock",
			);
			name = "[CP] Check Pods Manifest.lock";
			outputPaths = (
				"$(DERIVED_FILE_DIR)/Pods-floatios-checkManifestLockResult.txt",
			);
			runOnlyForDeploymentPostprocessing = 0;
			shellPath = /bin/sh;
			shellScript = "diff \"${PODS_PODFILE_DIR_PATH}/Podfile.lock\" \"${PODS_ROOT}/Manifest.lock\" > /dev/null\nif [ $? != 0 ] ; then\n    # print error to STDERR\n    echo \"error: The sandbox is not in sync with the Podfile.lock. Run 'pod install' or update your CocoaPods installation.\" >&2\n    exit 1\nfi\n# This output is used by Xcode 'outputs' to avoid re-running this script phase.\necho \"SUCCESS\" > \"${SCRIPT_OUTPUT_FILE_0}\"\n";
			showEnvVarsInLog = 0;
		};
/* End PBXShellScriptBuildPhase section */

/* Begin PBXSourcesBuildPhase section */
		FA569C6720E589C40094807F /* Sources */ = {
			isa = PBXSourcesBuildPhase;
			buildActionMask = 2147483647;
			files = (
				FA569CB220E58D970094807F /* CityModel.swift in Sources */,
				FA569CBA20E58D970094807F /* CityController.swift in Sources */,
				FA569CB920E58D970094807F /* GameController.swift in Sources */,
				FA569CB720E58D970094807F /* CharacterModel.swift in Sources */,
				FA569CB020E58D970094807F /* MaxValueField.swift in Sources */,
				FAE12DFF20E6146A00F9FA77 /* PlayerViewController.swift in Sources */,
				FA569CBD20E58F9E0094807F /* NPCController.swift in Sources */,
				FA569CBB20E58D970094807F /* ActionController.swift in Sources */,
				FA1071FF20E70DFC0046C756 /* PlayerDetailsCell.swift in Sources */,
				FA569CB320E58D970094807F /* InventoryModel.swift in Sources */,
				FA569CBF20E58FAE0094807F /* PlayerCharacterController.swift in Sources */,
				FA10720220E725130046C756 /* CityViewController.swift in Sources */,
				FA569CB520E58D970094807F /* SkillModel.swift in Sources */,
				FA569CC120E58FC40094807F /* PlayerCharacterModel.swift in Sources */,
				FA569CB120E58D970094807F /* LandPlotModel.swift in Sources */,
				FA10720420E7256B0046C756 /* CityDetailsCell.swift in Sources */,
				FA569CB420E58D970094807F /* ItemModel.swift in Sources */,
				FA569C6F20E589C40094807F /* AppDelegate.swift in Sources */,
				FA20AB1E20E62F5D00F0FFAF /* ActionCell.swift in Sources */,
				FA569CB620E58D970094807F /* NonPlayerCharacterModel.swift in Sources */,
				FA569CB820E58D970094807F /* LoreModel.swift in Sources */,
			);
			runOnlyForDeploymentPostprocessing = 0;
		};
		FA569C7B20E589C70094807F /* Sources */ = {
			isa = PBXSourcesBuildPhase;
			buildActionMask = 2147483647;
			files = (
				FA569C8420E589C70094807F /* floatiosTests.swift in Sources */,
			);
			runOnlyForDeploymentPostprocessing = 0;
		};
/* End PBXSourcesBuildPhase section */

/* Begin PBXTargetDependency section */
		FA569C8120E589C70094807F /* PBXTargetDependency */ = {
			isa = PBXTargetDependency;
			target = FA569C6A20E589C40094807F /* floatios */;
			targetProxy = FA569C8020E589C70094807F /* PBXContainerItemProxy */;
		};
/* End PBXTargetDependency section */

/* Begin PBXVariantGroup section */
		FA569C7720E589C70094807F /* LaunchScreen.storyboard */ = {
			isa = PBXVariantGroup;
			children = (
				FA569C7820E589C70094807F /* Base */,
			);
			name = LaunchScreen.storyboard;
			sourceTree = "<group>";
		};
/* End PBXVariantGroup section */

/* Begin XCBuildConfiguration section */
		FA569C8620E589C70094807F /* Debug */ = {
			isa = XCBuildConfiguration;
			buildSettings = {
				ALWAYS_SEARCH_USER_PATHS = NO;
				CLANG_ANALYZER_NONNULL = YES;
				CLANG_ANALYZER_NUMBER_OBJECT_CONVERSION = YES_AGGRESSIVE;
				CLANG_CXX_LANGUAGE_STANDARD = "gnu++14";
				CLANG_CXX_LIBRARY = "libc++";
				CLANG_ENABLE_MODULES = YES;
				CLANG_ENABLE_OBJC_ARC = YES;
				CLANG_ENABLE_OBJC_WEAK = YES;
				CLANG_WARN_BLOCK_CAPTURE_AUTORELEASING = YES;
				CLANG_WARN_BOOL_CONVERSION = YES;
				CLANG_WARN_COMMA = YES;
				CLANG_WARN_CONSTANT_CONVERSION = YES;
				CLANG_WARN_DEPRECATED_OBJC_IMPLEMENTATIONS = YES;
				CLANG_WARN_DIRECT_OBJC_ISA_USAGE = YES_ERROR;
				CLANG_WARN_DOCUMENTATION_COMMENTS = YES;
				CLANG_WARN_EMPTY_BODY = YES;
				CLANG_WARN_ENUM_CONVERSION = YES;
				CLANG_WARN_INFINITE_RECURSION = YES;
				CLANG_WARN_INT_CONVERSION = YES;
				CLANG_WARN_NON_LITERAL_NULL_CONVERSION = YES;
				CLANG_WARN_OBJC_IMPLICIT_RETAIN_SELF = YES;
				CLANG_WARN_OBJC_LITERAL_CONVERSION = YES;
				CLANG_WARN_OBJC_ROOT_CLASS = YES_ERROR;
				CLANG_WARN_RANGE_LOOP_ANALYSIS = YES;
				CLANG_WARN_STRICT_PROTOTYPES = YES;
				CLANG_WARN_SUSPICIOUS_MOVE = YES;
				CLANG_WARN_UNGUARDED_AVAILABILITY = YES_AGGRESSIVE;
				CLANG_WARN_UNREACHABLE_CODE = YES;
				CLANG_WARN__DUPLICATE_METHOD_MATCH = YES;
				CODE_SIGN_IDENTITY = "iPhone Developer";
				COPY_PHASE_STRIP = NO;
				DEBUG_INFORMATION_FORMAT = dwarf;
				ENABLE_STRICT_OBJC_MSGSEND = YES;
				ENABLE_TESTABILITY = YES;
				GCC_C_LANGUAGE_STANDARD = gnu11;
				GCC_DYNAMIC_NO_PIC = NO;
				GCC_NO_COMMON_BLOCKS = YES;
				GCC_OPTIMIZATION_LEVEL = 0;
				GCC_PREPROCESSOR_DEFINITIONS = (
					"DEBUG=1",
					"$(inherited)",
				);
				GCC_WARN_64_TO_32_BIT_CONVERSION = YES;
				GCC_WARN_ABOUT_RETURN_TYPE = YES_ERROR;
				GCC_WARN_UNDECLARED_SELECTOR = YES;
				GCC_WARN_UNINITIALIZED_AUTOS = YES_AGGRESSIVE;
				GCC_WARN_UNUSED_FUNCTION = YES;
				GCC_WARN_UNUSED_VARIABLE = YES;
				IPHONEOS_DEPLOYMENT_TARGET = 11.4;
				MTL_ENABLE_DEBUG_INFO = YES;
				ONLY_ACTIVE_ARCH = YES;
				SDKROOT = iphoneos;
				SWIFT_ACTIVE_COMPILATION_CONDITIONS = DEBUG;
				SWIFT_OPTIMIZATION_LEVEL = "-Onone";
			};
			name = Debug;
		};
		FA569C8720E589C70094807F /* Release */ = {
			isa = XCBuildConfiguration;
			buildSettings = {
				ALWAYS_SEARCH_USER_PATHS = NO;
				CLANG_ANALYZER_NONNULL = YES;
				CLANG_ANALYZER_NUMBER_OBJECT_CONVERSION = YES_AGGRESSIVE;
				CLANG_CXX_LANGUAGE_STANDARD = "gnu++14";
				CLANG_CXX_LIBRARY = "libc++";
				CLANG_ENABLE_MODULES = YES;
				CLANG_ENABLE_OBJC_ARC = YES;
				CLANG_ENABLE_OBJC_WEAK = YES;
				CLANG_WARN_BLOCK_CAPTURE_AUTORELEASING = YES;
				CLANG_WARN_BOOL_CONVERSION = YES;
				CLANG_WARN_COMMA = YES;
				CLANG_WARN_CONSTANT_CONVERSION = YES;
				CLANG_WARN_DEPRECATED_OBJC_IMPLEMENTATIONS = YES;
				CLANG_WARN_DIRECT_OBJC_ISA_USAGE = YES_ERROR;
				CLANG_WARN_DOCUMENTATION_COMMENTS = YES;
				CLANG_WARN_EMPTY_BODY = YES;
				CLANG_WARN_ENUM_CONVERSION = YES;
				CLANG_WARN_INFINITE_RECURSION = YES;
				CLANG_WARN_INT_CONVERSION = YES;
				CLANG_WARN_NON_LITERAL_NULL_CONVERSION = YES;
				CLANG_WARN_OBJC_IMPLICIT_RETAIN_SELF = YES;
				CLANG_WARN_OBJC_LITERAL_CONVERSION = YES;
				CLANG_WARN_OBJC_ROOT_CLASS = YES_ERROR;
				CLANG_WARN_RANGE_LOOP_ANALYSIS = YES;
				CLANG_WARN_STRICT_PROTOTYPES = YES;
				CLANG_WARN_SUSPICIOUS_MOVE = YES;
				CLANG_WARN_UNGUARDED_AVAILABILITY = YES_AGGRESSIVE;
				CLANG_WARN_UNREACHABLE_CODE = YES;
				CLANG_WARN__DUPLICATE_METHOD_MATCH = YES;
				CODE_SIGN_IDENTITY = "iPhone Developer";
				COPY_PHASE_STRIP = NO;
				DEBUG_INFORMATION_FORMAT = "dwarf-with-dsym";
				ENABLE_NS_ASSERTIONS = NO;
				ENABLE_STRICT_OBJC_MSGSEND = YES;
				GCC_C_LANGUAGE_STANDARD = gnu11;
				GCC_NO_COMMON_BLOCKS = YES;
				GCC_WARN_64_TO_32_BIT_CONVERSION = YES;
				GCC_WARN_ABOUT_RETURN_TYPE = YES_ERROR;
				GCC_WARN_UNDECLARED_SELECTOR = YES;
				GCC_WARN_UNINITIALIZED_AUTOS = YES_AGGRESSIVE;
				GCC_WARN_UNUSED_FUNCTION = YES;
				GCC_WARN_UNUSED_VARIABLE = YES;
				IPHONEOS_DEPLOYMENT_TARGET = 11.4;
				MTL_ENABLE_DEBUG_INFO = NO;
				SDKROOT = iphoneos;
				SWIFT_COMPILATION_MODE = wholemodule;
				SWIFT_OPTIMIZATION_LEVEL = "-O";
				VALIDATE_PRODUCT = YES;
			};
			name = Release;
		};
		FA569C8920E589C70094807F /* Debug */ = {
			isa = XCBuildConfiguration;
			baseConfigurationReference = A8C261F0D0E00D7A1479A134 /* Pods-floatios.debug.xcconfig */;
			buildSettings = {
				ASSETCATALOG_COMPILER_APPICON_NAME = AppIcon;
				CODE_SIGN_STYLE = Automatic;
				DEVELOPMENT_TEAM = X4S6MUZL2D;
				INFOPLIST_FILE = floatios/Info.plist;
				LD_RUNPATH_SEARCH_PATHS = (
					"$(inherited)",
					"@executable_path/Frameworks",
				);
				PRODUCT_BUNDLE_IDENTIFIER = com.skorulis.floatios;
				PRODUCT_NAME = "$(TARGET_NAME)";
				SWIFT_VERSION = 4.0;
				TARGETED_DEVICE_FAMILY = "1,2";
			};
			name = Debug;
		};
		FA569C8A20E589C70094807F /* Release */ = {
			isa = XCBuildConfiguration;
			baseConfigurationReference = 1ED52F9FC4641FB6B680F73B /* Pods-floatios.release.xcconfig */;
			buildSettings = {
				ASSETCATALOG_COMPILER_APPICON_NAME = AppIcon;
				CODE_SIGN_STYLE = Automatic;
				DEVELOPMENT_TEAM = X4S6MUZL2D;
				INFOPLIST_FILE = floatios/Info.plist;
				LD_RUNPATH_SEARCH_PATHS = (
					"$(inherited)",
					"@executable_path/Frameworks",
				);
				PRODUCT_BUNDLE_IDENTIFIER = com.skorulis.floatios;
				PRODUCT_NAME = "$(TARGET_NAME)";
				SWIFT_VERSION = 4.0;
				TARGETED_DEVICE_FAMILY = "1,2";
			};
			name = Release;
		};
		FA569C8C20E589C70094807F /* Debug */ = {
			isa = XCBuildConfiguration;
			baseConfigurationReference = 8C837A241FAA34ADC1F030C8 /* Pods-floatiosTests.debug.xcconfig */;
			buildSettings = {
				ALWAYS_EMBED_SWIFT_STANDARD_LIBRARIES = YES;
				BUNDLE_LOADER = "$(TEST_HOST)";
				CODE_SIGN_STYLE = Automatic;
				DEVELOPMENT_TEAM = X4S6MUZL2D;
				INFOPLIST_FILE = floatiosTests/Info.plist;
				LD_RUNPATH_SEARCH_PATHS = (
					"$(inherited)",
					"@executable_path/Frameworks",
					"@loader_path/Frameworks",
				);
				PRODUCT_BUNDLE_IDENTIFIER = com.skorulis.floatiosTests;
				PRODUCT_NAME = "$(TARGET_NAME)";
				SWIFT_VERSION = 4.0;
				TARGETED_DEVICE_FAMILY = "1,2";
				TEST_HOST = "$(BUILT_PRODUCTS_DIR)/floatios.app/floatios";
			};
			name = Debug;
		};
		FA569C8D20E589C70094807F /* Release */ = {
			isa = XCBuildConfiguration;
			baseConfigurationReference = A784F48876FFCE1D59AFE78C /* Pods-floatiosTests.release.xcconfig */;
			buildSettings = {
				ALWAYS_EMBED_SWIFT_STANDARD_LIBRARIES = YES;
				BUNDLE_LOADER = "$(TEST_HOST)";
				CODE_SIGN_STYLE = Automatic;
				DEVELOPMENT_TEAM = X4S6MUZL2D;
				INFOPLIST_FILE = floatiosTests/Info.plist;
				LD_RUNPATH_SEARCH_PATHS = (
					"$(inherited)",
					"@executable_path/Frameworks",
					"@loader_path/Frameworks",
				);
				PRODUCT_BUNDLE_IDENTIFIER = com.skorulis.floatiosTests;
				PRODUCT_NAME = "$(TARGET_NAME)";
				SWIFT_VERSION = 4.0;
				TARGETED_DEVICE_FAMILY = "1,2";
				TEST_HOST = "$(BUILT_PRODUCTS_DIR)/floatios.app/floatios";
			};
			name = Release;
		};
/* End XCBuildConfiguration section */

/* Begin XCConfigurationList section */
		FA569C6620E589C40094807F /* Build configuration list for PBXProject "floatios" */ = {
			isa = XCConfigurationList;
			buildConfigurations = (
				FA569C8620E589C70094807F /* Debug */,
				FA569C8720E589C70094807F /* Release */,
			);
			defaultConfigurationIsVisible = 0;
			defaultConfigurationName = Release;
		};
		FA569C8820E589C70094807F /* Build configuration list for PBXNativeTarget "floatios" */ = {
			isa = XCConfigurationList;
			buildConfigurations = (
				FA569C8920E589C70094807F /* Debug */,
				FA569C8A20E589C70094807F /* Release */,
			);
			defaultConfigurationIsVisible = 0;
			defaultConfigurationName = Release;
		};
		FA569C8B20E589C70094807F /* Build configuration list for PBXNativeTarget "floatiosTests" */ = {
			isa = XCConfigurationList;
			buildConfigurations = (
				FA569C8C20E589C70094807F /* Debug */,
				FA569C8D20E589C70094807F /* Release */,
			);
			defaultConfigurationIsVisible = 0;
			defaultConfigurationName = Release;
		};
/* End XCConfigurationList section */
	};
	rootObject = FA569C6320E589C40094807F /* Project object */;
}
